{
  "version": 4,
  "terraform_version": "1.12.2",
  "serial": 15,
  "lineage": "fefb879e-0d54-8049-9357-3f314f24ebda",
  "outputs": {},
  "resources": [
    {
      "module": "module.v6e-1",
      "mode": "data",
      "type": "google_project",
      "name": "current",
      "provider": "provider[\"registry.terraform.io/hashicorp/google\"]",
      "instances": [
        {
          "schema_version": 0,
          "attributes": {
            "auto_create_network": null,
            "billing_account": "004CBF-132918-897366",
            "deletion_policy": "PREVENT",
            "effective_labels": {},
            "folder_id": "535970317228",
            "id": "projects/cloud-ullm-inference-ci-cd",
            "labels": {},
            "name": "Cloud-uLLM-Inference-CI-CD",
            "number": "443452445451",
            "org_id": "",
            "project_id": "cloud-ullm-inference-ci-cd",
            "tags": null,
            "terraform_labels": {}
          },
          "sensitive_attributes": [],
          "identity_schema_version": 0
        }
      ]
    },
    {
      "module": "module.v6e-1",
      "mode": "managed",
      "type": "google_tpu_v2_vm",
      "name": "tpu_v6",
      "provider": "provider[\"registry.terraform.io/hashicorp/google-beta\"]",
      "instances": []
    },
    {
      "module": "module.v6e-4",
      "mode": "data",
      "type": "google_project",
      "name": "current",
      "provider": "provider[\"registry.terraform.io/hashicorp/google\"]",
      "instances": [
        {
          "schema_version": 0,
          "attributes": {
            "auto_create_network": null,
            "billing_account": "004CBF-132918-897366",
            "deletion_policy": "PREVENT",
            "effective_labels": {},
            "folder_id": "535970317228",
            "id": "projects/cloud-ullm-inference-ci-cd",
            "labels": {},
            "name": "Cloud-uLLM-Inference-CI-CD",
            "number": "443452445451",
            "org_id": "",
            "project_id": "cloud-ullm-inference-ci-cd",
            "tags": null,
            "terraform_labels": {}
          },
          "sensitive_attributes": [],
          "identity_schema_version": 0
        }
      ]
    },
    {
      "module": "module.v6e-4",
      "mode": "managed",
      "type": "google_compute_disk",
      "name": "large_disk",
      "provider": "provider[\"registry.terraform.io/hashicorp/google-beta\"]",
      "instances": [
        {
          "index_key": 0,
          "schema_version": 0,
          "attributes": {
            "access_mode": "READ_WRITE_SINGLE",
            "architecture": null,
            "async_primary_disk": [],
            "create_snapshot_before_destroy": false,
            "create_snapshot_before_destroy_prefix": null,
            "creation_timestamp": "2025-07-17T21:46:10.494-07:00",
            "description": "",
            "disk_encryption_key": [],
            "disk_id": "817357559673679741",
            "effective_labels": {
              "goog-terraform-provisioned": "true"
            },
            "enable_confidential_compute": false,
            "guest_os_features": [],
            "id": "projects/cloud-ullm-inference-ci-cd/zones/asia-east1-c/disks/tpu-bm-disk-v6e-4-asia-east1-c-100",
            "image": "",
            "interface": null,
            "label_fingerprint": "vezUS-42LLM=",
            "labels": null,
            "last_attach_timestamp": "",
            "last_detach_timestamp": "",
            "licenses": [],
            "multi_writer": false,
            "name": "tpu-bm-disk-v6e-4-asia-east1-c-100",
            "params": [],
            "physical_block_size_bytes": 4096,
            "project": "cloud-ullm-inference-ci-cd",
            "provisioned_iops": 6072,
            "provisioned_throughput": 908,
            "resource_policies": [],
            "self_link": "https://www.googleapis.com/compute/v1/projects/cloud-ullm-inference-ci-cd/zones/asia-east1-c/disks/tpu-bm-disk-v6e-4-asia-east1-c-100",
            "size": 512,
            "snapshot": "",
            "source_disk": "",
            "source_disk_id": "",
            "source_image_encryption_key": [],
            "source_image_id": "",
            "source_instant_snapshot": "",
            "source_instant_snapshot_id": "",
            "source_snapshot_encryption_key": [],
            "source_snapshot_id": "",
            "source_storage_object": null,
            "storage_pool": "",
            "terraform_labels": {
              "goog-terraform-provisioned": "true"
            },
            "timeouts": null,
            "type": "hyperdisk-balanced",
            "users": [],
            "zone": "asia-east1-c"
          },
          "sensitive_attributes": [],
          "identity_schema_version": 0,
          "private": "eyJlMmJmYjczMC1lY2FhLTExZTYtOGY4OC0zNDM2M2JjN2M0YzAiOnsiY3JlYXRlIjoxMjAwMDAwMDAwMDAwLCJkZWxldGUiOjEyMDAwMDAwMDAwMDAsInVwZGF0ZSI6MTIwMDAwMDAwMDAwMH19"
        }
      ]
    },
    {
      "module": "module.v6e-8",
      "mode": "data",
      "type": "google_project",
      "name": "current",
      "provider": "provider[\"registry.terraform.io/hashicorp/google\"]",
      "instances": [
        {
          "schema_version": 0,
          "attributes": {
            "auto_create_network": null,
            "billing_account": "004CBF-132918-897366",
            "deletion_policy": "PREVENT",
            "effective_labels": {},
            "folder_id": "535970317228",
            "id": "projects/cloud-ullm-inference-ci-cd",
            "labels": {},
            "name": "Cloud-uLLM-Inference-CI-CD",
            "number": "443452445451",
            "org_id": "",
            "project_id": "cloud-ullm-inference-ci-cd",
            "tags": null,
            "terraform_labels": {}
          },
          "sensitive_attributes": [],
          "identity_schema_version": 0
        }
      ]
    },
    {
      "module": "module.v6e-8",
      "mode": "managed",
      "type": "google_compute_disk",
      "name": "large_disk",
      "provider": "provider[\"registry.terraform.io/hashicorp/google-beta\"]",
      "instances": []
    },
    {
      "module": "module.v6e-8",
      "mode": "managed",
      "type": "google_tpu_v2_vm",
      "name": "tpu_v6",
      "provider": "provider[\"registry.terraform.io/hashicorp/google-beta\"]",
      "instances": []
    }
  ],
  "check_results": null
}
