{
  "version": 4,
  "terraform_version": "1.12.2",
  "serial": 189,
  "lineage": "85f957c8-4558-2ad4-a931-b7524e514e38",
  "outputs": {},
  "resources": [
    {
      "module": "module.h100-8-queue",
      "mode": "managed",
      "type": "google_pubsub_subscription",
      "name": "agent_subscription",
      "provider": "provider[\"registry.terraform.io/hashicorp/google\"]",
      "instances": [
        {
          "schema_version": 0,
          "attributes": {
            "ack_deadline_seconds": 600,
            "bigquery_config": [],
            "cloud_storage_config": [],
            "dead_letter_policy": [],
            "effective_labels": {
              "goog-terraform-provisioned": "true"
            },
            "enable_exactly_once_delivery": false,
            "enable_message_ordering": false,
            "expiration_policy": [
              {
                "ttl": "2678400s"
              }
            ],
            "filter": "",
            "id": "projects/cloud-tpu-inference-test/subscriptions/vllm-bm-queue-h100-8-agent",
            "labels": {},
            "message_retention_duration": "604800s",
            "message_transforms": [],
            "name": "vllm-bm-queue-h100-8-agent",
            "project": "cloud-tpu-inference-test",
            "push_config": [],
            "retain_acked_messages": false,
            "retry_policy": [],
            "terraform_labels": {
              "goog-terraform-provisioned": "true"
            },
            "timeouts": null,
            "topic": "projects/cloud-tpu-inference-test/topics/vllm-bm-queue-h100-8"
          },
          "sensitive_attributes": [],
          "identity_schema_version": 0,
          "private": "eyJlMmJmYjczMC1lY2FhLTExZTYtOGY4OC0zNDM2M2JjN2M0YzAiOnsiY3JlYXRlIjoxMjAwMDAwMDAwMDAwLCJkZWxldGUiOjEyMDAwMDAwMDAwMDAsInVwZGF0ZSI6MTIwMDAwMDAwMDAwMH19",
          "dependencies": [
            "module.h100-8-queue.google_pubsub_topic.queue"
          ]
        }
      ]
    },
    {
      "module": "module.h100-8-queue",
      "mode": "managed",
      "type": "google_pubsub_topic",
      "name": "queue",
      "provider": "provider[\"registry.terraform.io/hashicorp/google\"]",
      "instances": [
        {
          "schema_version": 0,
          "attributes": {
            "effective_labels": {
              "goog-terraform-provisioned": "true"
            },
            "id": "projects/cloud-tpu-inference-test/topics/vllm-bm-queue-h100-8",
            "ingestion_data_source_settings": [],
            "kms_key_name": "",
            "labels": {},
            "message_retention_duration": "",
            "message_storage_policy": [
              {
                "allowed_persistence_regions": [
                  "asia-east1",
                  "asia-northeast1",
                  "asia-southeast1",
                  "australia-southeast1",
                  "europe-north1",
                  "europe-north2",
                  "europe-west1",
                  "europe-west2",
                  "europe-west3",
                  "europe-west4",
                  "southamerica-west1",
                  "us-central1",
                  "us-central2",
                  "us-east1",
                  "us-east4",
                  "us-east5",
                  "us-east7",
                  "us-south1",
                  "us-west1",
                  "us-west2",
                  "us-west3",
                  "us-west4",
                  "us-west8"
                ],
                "enforce_in_transit": false
              }
            ],
            "message_transforms": [],
            "name": "vllm-bm-queue-h100-8",
            "project": "cloud-tpu-inference-test",
            "schema_settings": [],
            "terraform_labels": {
              "goog-terraform-provisioned": "true"
            },
            "timeouts": null
          },
          "sensitive_attributes": [],
          "identity_schema_version": 0,
          "private": "eyJlMmJmYjczMC1lY2FhLTExZTYtOGY4OC0zNDM2M2JjN2M0YzAiOnsiY3JlYXRlIjoxMjAwMDAwMDAwMDAwLCJkZWxldGUiOjEyMDAwMDAwMDAwMDAsInVwZGF0ZSI6MTIwMDAwMDAwMDAwMH19"
        }
      ]
    },
    {
      "module": "module.v6e-1",
      "mode": "managed",
      "type": "google_compute_disk",
      "name": "large_disk",
      "provider": "provider[\"registry.terraform.io/hashicorp/google-beta\"]",
      "instances": [
        {
          "index_key": 0,
          "schema_version": 0,
          "attributes": {
            "access_mode": "READ_WRITE_SINGLE",
            "architecture": null,
            "async_primary_disk": [],
            "create_snapshot_before_destroy": false,
            "create_snapshot_before_destroy_prefix": null,
            "creation_timestamp": "2025-06-14T00:57:55.879-07:00",
            "description": "",
            "disk_encryption_key": [],
            "disk_id": "4504019283103225196",
            "effective_labels": {
              "goog-terraform-provisioned": "true"
            },
            "enable_confidential_compute": false,
            "guest_os_features": [],
            "id": "projects/cloud-tpu-inference-test/zones/southamerica-west1-a/disks/tpu-bm-disk-v6e-1-southamerica-west1-a-0",
            "image": "",
            "interface": null,
            "label_fingerprint": "vezUS-42LLM=",
            "labels": {},
            "last_attach_timestamp": "2025-06-14T00:58:36.742-07:00",
            "last_detach_timestamp": "",
            "licenses": [],
            "multi_writer": false,
            "name": "tpu-bm-disk-v6e-1-southamerica-west1-a-0",
            "params": [],
            "physical_block_size_bytes": 4096,
            "project": "cloud-tpu-inference-test",
            "provisioned_iops": 6072,
            "provisioned_throughput": 908,
            "resource_policies": [],
            "self_link": "https://www.googleapis.com/compute/v1/projects/cloud-tpu-inference-test/zones/southamerica-west1-a/disks/tpu-bm-disk-v6e-1-southamerica-west1-a-0",
            "size": 512,
            "snapshot": "",
            "source_disk": "",
            "source_disk_id": "",
            "source_image_encryption_key": [],
            "source_image_id": "",
            "source_instant_snapshot": "",
            "source_instant_snapshot_id": "",
            "source_snapshot_encryption_key": [],
            "source_snapshot_id": "",
            "source_storage_object": null,
            "storage_pool": "",
            "terraform_labels": {
              "goog-terraform-provisioned": "true"
            },
            "timeouts": null,
            "type": "hyperdisk-balanced",
            "users": [
              "https://www.googleapis.com/compute/v1/projects/cloud-tpu-inference-test/zones/southamerica-west1-a/instances/t1v-n-760208af-w-0"
            ],
            "zone": "southamerica-west1-a"
          },
          "sensitive_attributes": [],
          "identity_schema_version": 0,
          "private": "eyJlMmJmYjczMC1lY2FhLTExZTYtOGY4OC0zNDM2M2JjN2M0YzAiOnsiY3JlYXRlIjoxMjAwMDAwMDAwMDAwLCJkZWxldGUiOjEyMDAwMDAwMDAwMDAsInVwZGF0ZSI6MTIwMDAwMDAwMDAwMH19"
        },
        {
          "index_key": 1,
          "schema_version": 0,
          "attributes": {
            "access_mode": "READ_WRITE_SINGLE",
            "architecture": null,
            "async_primary_disk": [],
            "create_snapshot_before_destroy": false,
            "create_snapshot_before_destroy_prefix": null,
            "creation_timestamp": "2025-06-14T03:00:00.883-07:00",
            "description": "",
            "disk_encryption_key": [],
            "disk_id": "160199946746787535",
            "effective_labels": {
              "goog-terraform-provisioned": "true"
            },
            "enable_confidential_compute": false,
            "guest_os_features": [],
            "id": "projects/cloud-tpu-inference-test/zones/southamerica-west1-a/disks/tpu-bm-disk-v6e-1-southamerica-west1-a-1",
            "image": "",
            "interface": null,
            "label_fingerprint": "vezUS-42LLM=",
            "labels": {},
            "last_attach_timestamp": "2025-06-14T03:00:32.872-07:00",
            "last_detach_timestamp": "",
            "licenses": [],
            "multi_writer": false,
            "name": "tpu-bm-disk-v6e-1-southamerica-west1-a-1",
            "params": [],
            "physical_block_size_bytes": 4096,
            "project": "cloud-tpu-inference-test",
            "provisioned_iops": 6072,
            "provisioned_throughput": 908,
            "resource_policies": [],
            "self_link": "https://www.googleapis.com/compute/v1/projects/cloud-tpu-inference-test/zones/southamerica-west1-a/disks/tpu-bm-disk-v6e-1-southamerica-west1-a-1",
            "size": 512,
            "snapshot": "",
            "source_disk": "",
            "source_disk_id": "",
            "source_image_encryption_key": [],
            "source_image_id": "",
            "source_instant_snapshot": "",
            "source_instant_snapshot_id": "",
            "source_snapshot_encryption_key": [],
            "source_snapshot_id": "",
            "source_storage_object": null,
            "storage_pool": "",
            "terraform_labels": {
              "goog-terraform-provisioned": "true"
            },
            "timeouts": null,
            "type": "hyperdisk-balanced",
            "users": [
              "https://www.googleapis.com/compute/v1/projects/cloud-tpu-inference-test/zones/southamerica-west1-a/instances/t1v-n-04214861-w-0"
            ],
            "zone": "southamerica-west1-a"
          },
          "sensitive_attributes": [],
          "identity_schema_version": 0,
          "private": "eyJlMmJmYjczMC1lY2FhLTExZTYtOGY4OC0zNDM2M2JjN2M0YzAiOnsiY3JlYXRlIjoxMjAwMDAwMDAwMDAwLCJkZWxldGUiOjEyMDAwMDAwMDAwMDAsInVwZGF0ZSI6MTIwMDAwMDAwMDAwMH19"
        },
        {
          "index_key": 2,
          "schema_version": 0,
          "attributes": {
            "access_mode": "READ_WRITE_SINGLE",
            "architecture": null,
            "async_primary_disk": [],
            "create_snapshot_before_destroy": false,
            "create_snapshot_before_destroy_prefix": null,
            "creation_timestamp": "2025-06-19T16:29:54.795-07:00",
            "description": "",
            "disk_encryption_key": [],
            "disk_id": "573075788568011677",
            "effective_labels": {
              "goog-terraform-provisioned": "true"
            },
            "enable_confidential_compute": false,
            "guest_os_features": [],
            "id": "projects/cloud-tpu-inference-test/zones/southamerica-west1-a/disks/tpu-bm-disk-v6e-1-southamerica-west1-a-2",
            "image": "",
            "interface": null,
            "label_fingerprint": "vezUS-42LLM=",
            "labels": {},
            "last_attach_timestamp": "2025-06-19T16:30:46.394-07:00",
            "last_detach_timestamp": "",
            "licenses": [],
            "multi_writer": false,
            "name": "tpu-bm-disk-v6e-1-southamerica-west1-a-2",
            "params": [],
            "physical_block_size_bytes": 4096,
            "project": "cloud-tpu-inference-test",
            "provisioned_iops": 6072,
            "provisioned_throughput": 908,
            "resource_policies": [],
            "self_link": "https://www.googleapis.com/compute/v1/projects/cloud-tpu-inference-test/zones/southamerica-west1-a/disks/tpu-bm-disk-v6e-1-southamerica-west1-a-2",
            "size": 512,
            "snapshot": "",
            "source_disk": "",
            "source_disk_id": "",
            "source_image_encryption_key": [],
            "source_image_id": "",
            "source_instant_snapshot": "",
            "source_instant_snapshot_id": "",
            "source_snapshot_encryption_key": [],
            "source_snapshot_id": "",
            "source_storage_object": null,
            "storage_pool": "",
            "terraform_labels": {
              "goog-terraform-provisioned": "true"
            },
            "timeouts": null,
            "type": "hyperdisk-balanced",
            "users": [
              "https://www.googleapis.com/compute/v1/projects/cloud-tpu-inference-test/zones/southamerica-west1-a/instances/t1v-n-5ca5bace-w-0"
            ],
            "zone": "southamerica-west1-a"
          },
          "sensitive_attributes": [],
          "identity_schema_version": 0,
          "private": "eyJlMmJmYjczMC1lY2FhLTExZTYtOGY4OC0zNDM2M2JjN2M0YzAiOnsiY3JlYXRlIjoxMjAwMDAwMDAwMDAwLCJkZWxldGUiOjEyMDAwMDAwMDAwMDAsInVwZGF0ZSI6MTIwMDAwMDAwMDAwMH19"
        },
        {
          "index_key": 3,
          "schema_version": 0,
          "attributes": {
            "access_mode": "READ_WRITE_SINGLE",
            "architecture": null,
            "async_primary_disk": [],
            "create_snapshot_before_destroy": false,
            "create_snapshot_before_destroy_prefix": null,
            "creation_timestamp": "2025-06-20T15:53:05.167-07:00",
            "description": "",
            "disk_encryption_key": [],
            "disk_id": "4708558304483760318",
            "effective_labels": {
              "goog-terraform-provisioned": "true"
            },
            "enable_confidential_compute": false,
            "guest_os_features": [],
            "id": "projects/cloud-tpu-inference-test/zones/southamerica-west1-a/disks/tpu-bm-disk-v6e-1-southamerica-west1-a-3",
            "image": "",
            "interface": null,
            "label_fingerprint": "vezUS-42LLM=",
            "labels": {},
            "last_attach_timestamp": "2025-06-20T15:53:44.499-07:00",
            "last_detach_timestamp": "",
            "licenses": [],
            "multi_writer": false,
            "name": "tpu-bm-disk-v6e-1-southamerica-west1-a-3",
            "params": [],
            "physical_block_size_bytes": 4096,
            "project": "cloud-tpu-inference-test",
            "provisioned_iops": 6072,
            "provisioned_throughput": 908,
            "resource_policies": [],
            "self_link": "https://www.googleapis.com/compute/v1/projects/cloud-tpu-inference-test/zones/southamerica-west1-a/disks/tpu-bm-disk-v6e-1-southamerica-west1-a-3",
            "size": 512,
            "snapshot": "",
            "source_disk": "",
            "source_disk_id": "",
            "source_image_encryption_key": [],
            "source_image_id": "",
            "source_instant_snapshot": "",
            "source_instant_snapshot_id": "",
            "source_snapshot_encryption_key": [],
            "source_snapshot_id": "",
            "source_storage_object": null,
            "storage_pool": "",
            "terraform_labels": {
              "goog-terraform-provisioned": "true"
            },
            "timeouts": null,
            "type": "hyperdisk-balanced",
            "users": [
              "https://www.googleapis.com/compute/v1/projects/cloud-tpu-inference-test/zones/southamerica-west1-a/instances/t1v-n-ad61d8bf-w-0"
            ],
            "zone": "southamerica-west1-a"
          },
          "sensitive_attributes": [],
          "identity_schema_version": 0,
          "private": "eyJlMmJmYjczMC1lY2FhLTExZTYtOGY4OC0zNDM2M2JjN2M0YzAiOnsiY3JlYXRlIjoxMjAwMDAwMDAwMDAwLCJkZWxldGUiOjEyMDAwMDAwMDAwMDAsInVwZGF0ZSI6MTIwMDAwMDAwMDAwMH19"
        },
        {
          "index_key": 4,
          "schema_version": 0,
          "attributes": {
            "access_mode": "READ_WRITE_SINGLE",
            "architecture": null,
            "async_primary_disk": [],
            "create_snapshot_before_destroy": false,
            "create_snapshot_before_destroy_prefix": null,
            "creation_timestamp": "2025-06-21T09:26:04.056-07:00",
            "description": "",
            "disk_encryption_key": [],
            "disk_id": "2038674588815811572",
            "effective_labels": {
              "goog-terraform-provisioned": "true"
            },
            "enable_confidential_compute": false,
            "guest_os_features": [],
            "id": "projects/cloud-tpu-inference-test/zones/southamerica-west1-a/disks/tpu-bm-disk-v6e-1-southamerica-west1-a-4",
            "image": "",
            "interface": null,
            "label_fingerprint": "vezUS-42LLM=",
            "labels": {},
            "last_attach_timestamp": "2025-06-21T09:26:30.141-07:00",
            "last_detach_timestamp": "",
            "licenses": [],
            "multi_writer": false,
            "name": "tpu-bm-disk-v6e-1-southamerica-west1-a-4",
            "params": [],
            "physical_block_size_bytes": 4096,
            "project": "cloud-tpu-inference-test",
            "provisioned_iops": 6072,
            "provisioned_throughput": 908,
            "resource_policies": [],
            "self_link": "https://www.googleapis.com/compute/v1/projects/cloud-tpu-inference-test/zones/southamerica-west1-a/disks/tpu-bm-disk-v6e-1-southamerica-west1-a-4",
            "size": 512,
            "snapshot": "",
            "source_disk": "",
            "source_disk_id": "",
            "source_image_encryption_key": [],
            "source_image_id": "",
            "source_instant_snapshot": "",
            "source_instant_snapshot_id": "",
            "source_snapshot_encryption_key": [],
            "source_snapshot_id": "",
            "source_storage_object": null,
            "storage_pool": "",
            "terraform_labels": {
              "goog-terraform-provisioned": "true"
            },
            "timeouts": null,
            "type": "hyperdisk-balanced",
            "users": [
              "https://www.googleapis.com/compute/v1/projects/cloud-tpu-inference-test/zones/southamerica-west1-a/instances/t1v-n-3e0ffbbd-w-0"
            ],
            "zone": "southamerica-west1-a"
          },
          "sensitive_attributes": [],
          "identity_schema_version": 0,
          "private": "eyJlMmJmYjczMC1lY2FhLTExZTYtOGY4OC0zNDM2M2JjN2M0YzAiOnsiY3JlYXRlIjoxMjAwMDAwMDAwMDAwLCJkZWxldGUiOjEyMDAwMDAwMDAwMDAsInVwZGF0ZSI6MTIwMDAwMDAwMDAwMH19"
        },
        {
          "index_key": 5,
          "schema_version": 0,
          "attributes": {
            "access_mode": "READ_WRITE_SINGLE",
            "architecture": null,
            "async_primary_disk": [],
            "create_snapshot_before_destroy": false,
            "create_snapshot_before_destroy_prefix": null,
            "creation_timestamp": "2025-06-21T09:26:04.055-07:00",
            "description": "",
            "disk_encryption_key": [],
            "disk_id": "5837591548882805748",
            "effective_labels": {
              "goog-terraform-provisioned": "true"
            },
            "enable_confidential_compute": false,
            "guest_os_features": [],
            "id": "projects/cloud-tpu-inference-test/zones/southamerica-west1-a/disks/tpu-bm-disk-v6e-1-southamerica-west1-a-5",
            "image": "",
            "interface": null,
            "label_fingerprint": "vezUS-42LLM=",
            "labels": {},
            "last_attach_timestamp": "2025-06-21T09:26:30.969-07:00",
            "last_detach_timestamp": "",
            "licenses": [],
            "multi_writer": false,
            "name": "tpu-bm-disk-v6e-1-southamerica-west1-a-5",
            "params": [],
            "physical_block_size_bytes": 4096,
            "project": "cloud-tpu-inference-test",
            "provisioned_iops": 6072,
            "provisioned_throughput": 908,
            "resource_policies": [],
            "self_link": "https://www.googleapis.com/compute/v1/projects/cloud-tpu-inference-test/zones/southamerica-west1-a/disks/tpu-bm-disk-v6e-1-southamerica-west1-a-5",
            "size": 512,
            "snapshot": "",
            "source_disk": "",
            "source_disk_id": "",
            "source_image_encryption_key": [],
            "source_image_id": "",
            "source_instant_snapshot": "",
            "source_instant_snapshot_id": "",
            "source_snapshot_encryption_key": [],
            "source_snapshot_id": "",
            "source_storage_object": null,
            "storage_pool": "",
            "terraform_labels": {
              "goog-terraform-provisioned": "true"
            },
            "timeouts": null,
            "type": "hyperdisk-balanced",
            "users": [
              "https://www.googleapis.com/compute/v1/projects/cloud-tpu-inference-test/zones/southamerica-west1-a/instances/t1v-n-da92d852-w-0"
            ],
            "zone": "southamerica-west1-a"
          },
          "sensitive_attributes": [],
          "identity_schema_version": 0,
          "private": "eyJlMmJmYjczMC1lY2FhLTExZTYtOGY4OC0zNDM2M2JjN2M0YzAiOnsiY3JlYXRlIjoxMjAwMDAwMDAwMDAwLCJkZWxldGUiOjEyMDAwMDAwMDAwMDAsInVwZGF0ZSI6MTIwMDAwMDAwMDAwMH19"
        },
        {
          "index_key": 6,
          "schema_version": 0,
          "attributes": {
            "access_mode": "READ_WRITE_SINGLE",
            "architecture": null,
            "async_primary_disk": [],
            "create_snapshot_before_destroy": false,
            "create_snapshot_before_destroy_prefix": null,
            "creation_timestamp": "2025-06-21T09:26:04.046-07:00",
            "description": "",
            "disk_encryption_key": [],
            "disk_id": "1640385267682206708",
            "effective_labels": {
              "goog-terraform-provisioned": "true"
            },
            "enable_confidential_compute": false,
            "guest_os_features": [],
            "id": "projects/cloud-tpu-inference-test/zones/southamerica-west1-a/disks/tpu-bm-disk-v6e-1-southamerica-west1-a-6",
            "image": "",
            "interface": null,
            "label_fingerprint": "vezUS-42LLM=",
            "labels": {},
            "last_attach_timestamp": "2025-06-21T09:26:34.657-07:00",
            "last_detach_timestamp": "",
            "licenses": [],
            "multi_writer": false,
            "name": "tpu-bm-disk-v6e-1-southamerica-west1-a-6",
            "params": [],
            "physical_block_size_bytes": 4096,
            "project": "cloud-tpu-inference-test",
            "provisioned_iops": 6072,
            "provisioned_throughput": 908,
            "resource_policies": [],
            "self_link": "https://www.googleapis.com/compute/v1/projects/cloud-tpu-inference-test/zones/southamerica-west1-a/disks/tpu-bm-disk-v6e-1-southamerica-west1-a-6",
            "size": 512,
            "snapshot": "",
            "source_disk": "",
            "source_disk_id": "",
            "source_image_encryption_key": [],
            "source_image_id": "",
            "source_instant_snapshot": "",
            "source_instant_snapshot_id": "",
            "source_snapshot_encryption_key": [],
            "source_snapshot_id": "",
            "source_storage_object": null,
            "storage_pool": "",
            "terraform_labels": {
              "goog-terraform-provisioned": "true"
            },
            "timeouts": null,
            "type": "hyperdisk-balanced",
            "users": [
              "https://www.googleapis.com/compute/v1/projects/cloud-tpu-inference-test/zones/southamerica-west1-a/instances/t1v-n-64f17241-w-0"
            ],
            "zone": "southamerica-west1-a"
          },
          "sensitive_attributes": [],
          "identity_schema_version": 0,
          "private": "eyJlMmJmYjczMC1lY2FhLTExZTYtOGY4OC0zNDM2M2JjN2M0YzAiOnsiY3JlYXRlIjoxMjAwMDAwMDAwMDAwLCJkZWxldGUiOjEyMDAwMDAwMDAwMDAsInVwZGF0ZSI6MTIwMDAwMDAwMDAwMH19"
        },
        {
          "index_key": 7,
          "schema_version": 0,
          "attributes": {
            "access_mode": "READ_WRITE_SINGLE",
            "architecture": null,
            "async_primary_disk": [],
            "create_snapshot_before_destroy": false,
            "create_snapshot_before_destroy_prefix": null,
            "creation_timestamp": "2025-06-21T09:26:04.059-07:00",
            "description": "",
            "disk_encryption_key": [],
            "disk_id": "865664379704271860",
            "effective_labels": {
              "goog-terraform-provisioned": "true"
            },
            "enable_confidential_compute": false,
            "guest_os_features": [],
            "id": "projects/cloud-tpu-inference-test/zones/southamerica-west1-a/disks/tpu-bm-disk-v6e-1-southamerica-west1-a-7",
            "image": "",
            "interface": null,
            "label_fingerprint": "vezUS-42LLM=",
            "labels": {},
            "last_attach_timestamp": "2025-06-21T09:26:35.137-07:00",
            "last_detach_timestamp": "",
            "licenses": [],
            "multi_writer": false,
            "name": "tpu-bm-disk-v6e-1-southamerica-west1-a-7",
            "params": [],
            "physical_block_size_bytes": 4096,
            "project": "cloud-tpu-inference-test",
            "provisioned_iops": 6072,
            "provisioned_throughput": 908,
            "resource_policies": [],
            "self_link": "https://www.googleapis.com/compute/v1/projects/cloud-tpu-inference-test/zones/southamerica-west1-a/disks/tpu-bm-disk-v6e-1-southamerica-west1-a-7",
            "size": 512,
            "snapshot": "",
            "source_disk": "",
            "source_disk_id": "",
            "source_image_encryption_key": [],
            "source_image_id": "",
            "source_instant_snapshot": "",
            "source_instant_snapshot_id": "",
            "source_snapshot_encryption_key": [],
            "source_snapshot_id": "",
            "source_storage_object": null,
            "storage_pool": "",
            "terraform_labels": {
              "goog-terraform-provisioned": "true"
            },
            "timeouts": null,
            "type": "hyperdisk-balanced",
            "users": [
              "https://www.googleapis.com/compute/v1/projects/cloud-tpu-inference-test/zones/southamerica-west1-a/instances/t1v-n-6fad20fe-w-0"
            ],
            "zone": "southamerica-west1-a"
          },
          "sensitive_attributes": [],
          "identity_schema_version": 0,
          "private": "eyJlMmJmYjczMC1lY2FhLTExZTYtOGY4OC0zNDM2M2JjN2M0YzAiOnsiY3JlYXRlIjoxMjAwMDAwMDAwMDAwLCJkZWxldGUiOjEyMDAwMDAwMDAwMDAsInVwZGF0ZSI6MTIwMDAwMDAwMDAwMH19"
        },
        {
          "index_key": 8,
          "schema_version": 0,
          "attributes": {
            "access_mode": "READ_WRITE_SINGLE",
            "architecture": null,
            "async_primary_disk": [],
            "create_snapshot_before_destroy": false,
            "create_snapshot_before_destroy_prefix": null,
            "creation_timestamp": "2025-06-21T10:38:36.902-07:00",
            "description": "",
            "disk_encryption_key": [],
            "disk_id": "6217156255714857203",
            "effective_labels": {
              "goog-terraform-provisioned": "true"
            },
            "enable_confidential_compute": false,
            "guest_os_features": [],
            "id": "projects/cloud-tpu-inference-test/zones/southamerica-west1-a/disks/tpu-bm-disk-v6e-1-southamerica-west1-a-8",
            "image": "",
            "interface": null,
            "label_fingerprint": "vezUS-42LLM=",
            "labels": {},
            "last_attach_timestamp": "2025-06-21T10:39:15.131-07:00",
            "last_detach_timestamp": "",
            "licenses": [],
            "multi_writer": false,
            "name": "tpu-bm-disk-v6e-1-southamerica-west1-a-8",
            "params": [],
            "physical_block_size_bytes": 4096,
            "project": "cloud-tpu-inference-test",
            "provisioned_iops": 6072,
            "provisioned_throughput": 908,
            "resource_policies": [],
            "self_link": "https://www.googleapis.com/compute/v1/projects/cloud-tpu-inference-test/zones/southamerica-west1-a/disks/tpu-bm-disk-v6e-1-southamerica-west1-a-8",
            "size": 512,
            "snapshot": "",
            "source_disk": "",
            "source_disk_id": "",
            "source_image_encryption_key": [],
            "source_image_id": "",
            "source_instant_snapshot": "",
            "source_instant_snapshot_id": "",
            "source_snapshot_encryption_key": [],
            "source_snapshot_id": "",
            "source_storage_object": null,
            "storage_pool": "",
            "terraform_labels": {
              "goog-terraform-provisioned": "true"
            },
            "timeouts": null,
            "type": "hyperdisk-balanced",
            "users": [
              "https://www.googleapis.com/compute/v1/projects/cloud-tpu-inference-test/zones/southamerica-west1-a/instances/t1v-n-0a008853-w-0"
            ],
            "zone": "southamerica-west1-a"
          },
          "sensitive_attributes": [],
          "identity_schema_version": 0,
          "private": "eyJlMmJmYjczMC1lY2FhLTExZTYtOGY4OC0zNDM2M2JjN2M0YzAiOnsiY3JlYXRlIjoxMjAwMDAwMDAwMDAwLCJkZWxldGUiOjEyMDAwMDAwMDAwMDAsInVwZGF0ZSI6MTIwMDAwMDAwMDAwMH19"
        },
        {
          "index_key": 9,
          "schema_version": 0,
          "attributes": {
            "access_mode": "READ_WRITE_SINGLE",
            "architecture": null,
            "async_primary_disk": [],
            "create_snapshot_before_destroy": false,
            "create_snapshot_before_destroy_prefix": null,
            "creation_timestamp": "2025-06-21T10:38:36.943-07:00",
            "description": "",
            "disk_encryption_key": [],
            "disk_id": "484918952002801907",
            "effective_labels": {
              "goog-terraform-provisioned": "true"
            },
            "enable_confidential_compute": false,
            "guest_os_features": [],
            "id": "projects/cloud-tpu-inference-test/zones/southamerica-west1-a/disks/tpu-bm-disk-v6e-1-southamerica-west1-a-9",
            "image": "",
            "interface": null,
            "label_fingerprint": "vezUS-42LLM=",
            "labels": {},
            "last_attach_timestamp": "2025-06-21T10:39:13.303-07:00",
            "last_detach_timestamp": "",
            "licenses": [],
            "multi_writer": false,
            "name": "tpu-bm-disk-v6e-1-southamerica-west1-a-9",
            "params": [],
            "physical_block_size_bytes": 4096,
            "project": "cloud-tpu-inference-test",
            "provisioned_iops": 6072,
            "provisioned_throughput": 908,
            "resource_policies": [],
            "self_link": "https://www.googleapis.com/compute/v1/projects/cloud-tpu-inference-test/zones/southamerica-west1-a/disks/tpu-bm-disk-v6e-1-southamerica-west1-a-9",
            "size": 512,
            "snapshot": "",
            "source_disk": "",
            "source_disk_id": "",
            "source_image_encryption_key": [],
            "source_image_id": "",
            "source_instant_snapshot": "",
            "source_instant_snapshot_id": "",
            "source_snapshot_encryption_key": [],
            "source_snapshot_id": "",
            "source_storage_object": null,
            "storage_pool": "",
            "terraform_labels": {
              "goog-terraform-provisioned": "true"
            },
            "timeouts": null,
            "type": "hyperdisk-balanced",
            "users": [
              "https://www.googleapis.com/compute/v1/projects/cloud-tpu-inference-test/zones/southamerica-west1-a/instances/t1v-n-9e2d9fbf-w-0"
            ],
            "zone": "southamerica-west1-a"
          },
          "sensitive_attributes": [],
          "identity_schema_version": 0,
          "private": "eyJlMmJmYjczMC1lY2FhLTExZTYtOGY4OC0zNDM2M2JjN2M0YzAiOnsiY3JlYXRlIjoxMjAwMDAwMDAwMDAwLCJkZWxldGUiOjEyMDAwMDAwMDAwMDAsInVwZGF0ZSI6MTIwMDAwMDAwMDAwMH19"
        },
        {
          "index_key": 10,
          "schema_version": 0,
          "attributes": {
            "access_mode": "READ_WRITE_SINGLE",
            "architecture": null,
            "async_primary_disk": [],
            "create_snapshot_before_destroy": false,
            "create_snapshot_before_destroy_prefix": null,
            "creation_timestamp": "2025-06-21T10:38:36.897-07:00",
            "description": "",
            "disk_encryption_key": [],
            "disk_id": "4910170808161882355",
            "effective_labels": {
              "goog-terraform-provisioned": "true"
            },
            "enable_confidential_compute": false,
            "guest_os_features": [],
            "id": "projects/cloud-tpu-inference-test/zones/southamerica-west1-a/disks/tpu-bm-disk-v6e-1-southamerica-west1-a-10",
            "image": "",
            "interface": null,
            "label_fingerprint": "vezUS-42LLM=",
            "labels": {},
            "last_attach_timestamp": "2025-06-21T10:39:45.422-07:00",
            "last_detach_timestamp": "",
            "licenses": [],
            "multi_writer": false,
            "name": "tpu-bm-disk-v6e-1-southamerica-west1-a-10",
            "params": [],
            "physical_block_size_bytes": 4096,
            "project": "cloud-tpu-inference-test",
            "provisioned_iops": 6072,
            "provisioned_throughput": 908,
            "resource_policies": [],
            "self_link": "https://www.googleapis.com/compute/v1/projects/cloud-tpu-inference-test/zones/southamerica-west1-a/disks/tpu-bm-disk-v6e-1-southamerica-west1-a-10",
            "size": 512,
            "snapshot": "",
            "source_disk": "",
            "source_disk_id": "",
            "source_image_encryption_key": [],
            "source_image_id": "",
            "source_instant_snapshot": "",
            "source_instant_snapshot_id": "",
            "source_snapshot_encryption_key": [],
            "source_snapshot_id": "",
            "source_storage_object": null,
            "storage_pool": "",
            "terraform_labels": {
              "goog-terraform-provisioned": "true"
            },
            "timeouts": null,
            "type": "hyperdisk-balanced",
            "users": [
              "https://www.googleapis.com/compute/v1/projects/cloud-tpu-inference-test/zones/southamerica-west1-a/instances/t1v-n-f81f10d3-w-0"
            ],
            "zone": "southamerica-west1-a"
          },
          "sensitive_attributes": [],
          "identity_schema_version": 0,
          "private": "eyJlMmJmYjczMC1lY2FhLTExZTYtOGY4OC0zNDM2M2JjN2M0YzAiOnsiY3JlYXRlIjoxMjAwMDAwMDAwMDAwLCJkZWxldGUiOjEyMDAwMDAwMDAwMDAsInVwZGF0ZSI6MTIwMDAwMDAwMDAwMH19"
        },
        {
          "index_key": 11,
          "schema_version": 0,
          "attributes": {
            "access_mode": "READ_WRITE_SINGLE",
            "architecture": null,
            "async_primary_disk": [],
            "create_snapshot_before_destroy": false,
            "create_snapshot_before_destroy_prefix": null,
            "creation_timestamp": "2025-06-21T10:38:36.902-07:00",
            "description": "",
            "disk_encryption_key": [],
            "disk_id": "1925591454281584883",
            "effective_labels": {
              "goog-terraform-provisioned": "true"
            },
            "enable_confidential_compute": false,
            "guest_os_features": [],
            "id": "projects/cloud-tpu-inference-test/zones/southamerica-west1-a/disks/tpu-bm-disk-v6e-1-southamerica-west1-a-11",
            "image": "",
            "interface": null,
            "label_fingerprint": "vezUS-42LLM=",
            "labels": {},
            "last_attach_timestamp": "2025-06-21T10:39:13.016-07:00",
            "last_detach_timestamp": "",
            "licenses": [],
            "multi_writer": false,
            "name": "tpu-bm-disk-v6e-1-southamerica-west1-a-11",
            "params": [],
            "physical_block_size_bytes": 4096,
            "project": "cloud-tpu-inference-test",
            "provisioned_iops": 6072,
            "provisioned_throughput": 908,
            "resource_policies": [],
            "self_link": "https://www.googleapis.com/compute/v1/projects/cloud-tpu-inference-test/zones/southamerica-west1-a/disks/tpu-bm-disk-v6e-1-southamerica-west1-a-11",
            "size": 512,
            "snapshot": "",
            "source_disk": "",
            "source_disk_id": "",
            "source_image_encryption_key": [],
            "source_image_id": "",
            "source_instant_snapshot": "",
            "source_instant_snapshot_id": "",
            "source_snapshot_encryption_key": [],
            "source_snapshot_id": "",
            "source_storage_object": null,
            "storage_pool": "",
            "terraform_labels": {
              "goog-terraform-provisioned": "true"
            },
            "timeouts": null,
            "type": "hyperdisk-balanced",
            "users": [
              "https://www.googleapis.com/compute/v1/projects/cloud-tpu-inference-test/zones/southamerica-west1-a/instances/t1v-n-dcf2a626-w-0"
            ],
            "zone": "southamerica-west1-a"
          },
          "sensitive_attributes": [],
          "identity_schema_version": 0,
          "private": "eyJlMmJmYjczMC1lY2FhLTExZTYtOGY4OC0zNDM2M2JjN2M0YzAiOnsiY3JlYXRlIjoxMjAwMDAwMDAwMDAwLCJkZWxldGUiOjEyMDAwMDAwMDAwMDAsInVwZGF0ZSI6MTIwMDAwMDAwMDAwMH19"
        }
      ]
    },
    {
      "module": "module.v6e-1",
      "mode": "managed",
      "type": "google_tpu_v2_vm",
      "name": "tpu_v6",
      "provider": "provider[\"registry.terraform.io/hashicorp/google-beta\"]",
      "instances": [
        {
          "index_key": 0,
          "schema_version": 0,
          "attributes": {
            "accelerator_config": [
              {
                "topology": "1x1",
                "type": "V6E"
              }
            ],
            "accelerator_type": "v6e-1",
            "api_version": "V2_ALPHA1",
            "cidr_block": "10.194.0.0/20",
            "data_disks": [
              {
                "mode": "READ_WRITE",
                "source_disk": "projects/cloud-tpu-inference-test/zones/southamerica-west1-a/disks/tpu-bm-disk-v6e-1-southamerica-west1-a-0"
              }
            ],
            "description": "",
            "effective_labels": {
              "goog-terraform-provisioned": "true"
            },
            "health": "HEALTHY",
            "health_description": "",
            "id": "projects/cloud-tpu-inference-test/locations/southamerica-west1-a/nodes/vllm-tpu-v6e-1-bm-0",
            "labels": {},
            "metadata": {
              "startup-script": "#!/bin/bash     \n\n# Set env vars system-wide\ngrep -q \"^GCP_PROJECT_ID=\" /etc/environment || echo \"GCP_PROJECT_ID=cloud-tpu-inference-test\" | sudo tee -a /etc/environment\ngrep -q \"^GCP_INSTANCE_ID=\" /etc/environment || echo \"GCP_INSTANCE_ID=vllm-bm-inst\" | sudo tee -a /etc/environment\ngrep -q \"^GCP_DATABASE_ID=\" /etc/environment || echo \"GCP_DATABASE_ID=vllm-bm-runs\" | sudo tee -a /etc/environment\ngrep -q \"^GCP_REGION=\" /etc/environment || echo \"GCP_REGION=southamerica-west1\" | sudo tee -a /etc/environment\ngrep -q \"^GCP_INSTANCE_NAME=\" /etc/environment || echo \"GCP_INSTANCE_NAME=vllm-tpu-v6e-1-bm-0\" | sudo tee -a /etc/environment\ngrep -q \"^GCS_BUCKET=\" /etc/environment || echo \"GCS_BUCKET=vllm-cb-storage2\" | sudo tee -a /etc/environment\ngrep -q \"^GCP_QUEUE=\" /etc/environment || echo \"GCP_QUEUE=vllm-bm-queue-v6e-1\" | sudo tee -a /etc/environment\nif ! grep -q \"^HF_TOKEN=\" /etc/environment; then\n  gcloud secrets versions access latest --secret=bm-agent-hf-token --quiet | \\\n  sudo tee -a /etc/environment \u003e /dev/null \u003c\u003c\u003c \"HF_TOKEN=$(cat)\"\nfi\n\napt-get update\napt-get install -y curl build-essential jq\n\ncurl -o- https://get.docker.com/ | bash -\n\ncurl --proto '=https' --tlsv1.2 -sSf https://sh.rustup.rs | sh -s -- -y\n/root/.cargo/bin/cargo install minijinja-cli\ncp /root/.cargo/bin/minijinja-cli /usr/bin/minijinja-cli\nchmod 777 /usr/bin/minijinja-cli\n\n# Mount persistent disk\n\nsudo mkdir -p /mnt/disks/persist\n\n# Format if not already formatted\nif ! blkid /dev/nvme0n2; then\n  echo \"Formatting /dev/nvme0n2 as ext4...\"\n  sudo mkfs.ext4 -m 0 -E lazy_itable_init=0,lazy_journal_init=0,discard /dev/nvme0n2\nfi\n\n# Add to /etc/fstab using UUID\ndisk_uuid=$(blkid -s UUID -o value /dev/nvme0n2)\nif ! grep -q \"/mnt/disks/persist\" /etc/fstab; then\n  echo \"UUID=$disk_uuid /mnt/disks/persist ext4 defaults,discard 0 2\" | sudo tee -a /etc/fstab\nfi\n\n# Only mount if not already mounted (first boot or recovery)\nif ! mountpoint -q /mnt/disks/persist; then\n  sudo mount /mnt/disks/persist  \nfi\n\njq \". + {\\\"data-root\\\": \\\"/mnt/disks/persist\\\"}\" /etc/docker/daemon.json \u003e /tmp/daemon.json.tmp \u0026\u0026 mv /tmp/daemon.json.tmp /etc/docker/daemon.json\nsystemctl stop docker\nsystemctl daemon-reload\nsystemctl start docker\n\nuseradd -m -s /bin/bash bm-agent\nsudo usermod -aG docker bm-agent\n\n# Run the commands below as bm-agent user:\nsudo -u bm-agent -i bash \u003c\u003c EOBM\ngcloud auth configure-docker southamerica-west1-docker.pkg.dev --quiet\nrm -rf bm-infra\ngit clone https://github.com/QiliangCui/bm-infra.git\npushd bm-infra\ngit pull\ngit reset --hard cb092f5880ea09f10d5be24ef6d0a4054c833ead\npopd\nEOBM\ncp /home/bm-agent/bm-infra/service/bm-agent/bm-agent.service /etc/systemd/system/bm-agent.service\nsystemctl stop bm-agent.service\nsystemctl daemon-reload\nsystemctl enable bm-agent.service\nsystemctl start bm-agent.service\n"
            },
            "multislice_node": false,
            "name": "vllm-tpu-v6e-1-bm-0",
            "network_config": [
              {
                "can_ip_forward": false,
                "enable_external_ips": true,
                "network": "projects/cloud-tpu-inference-test/global/networks/default",
                "queue_count": 0,
                "subnetwork": "projects/cloud-tpu-inference-test/regions/southamerica-west1/subnetworks/default"
              }
            ],
            "network_configs": [],
            "network_endpoints": [
              {
                "access_config": [
                  {
                    "external_ip": "34.176.161.146"
                  }
                ],
                "ip_address": "10.194.0.20",
                "port": 8470
              }
            ],
            "project": "cloud-tpu-inference-test",
            "queued_resource": "",
            "runtime_version": "v2-alpha-tpuv6e",
            "scheduling_config": [],
            "service_account": [
              {
                "email": "32478767326-compute@developer.gserviceaccount.com",
                "scope": [
                  "https://www.googleapis.com/auth/devstorage.read_write",
                  "https://www.googleapis.com/auth/logging.write",
                  "https://www.googleapis.com/auth/service.management",
                  "https://www.googleapis.com/auth/servicecontrol",
                  "https://www.googleapis.com/auth/cloud-platform",
                  "https://www.googleapis.com/auth/pubsub"
                ]
              }
            ],
            "shielded_instance_config": [],
            "state": "READY",
            "symptoms": [],
            "tags": [],
            "terraform_labels": {
              "goog-terraform-provisioned": "true"
            },
            "timeouts": null,
            "zone": "southamerica-west1-a"
          },
          "sensitive_attributes": [],
          "identity_schema_version": 0,
          "private": "eyJlMmJmYjczMC1lY2FhLTExZTYtOGY4OC0zNDM2M2JjN2M0YzAiOnsiY3JlYXRlIjoxMjAwMDAwMDAwMDAwLCJkZWxldGUiOjEyMDAwMDAwMDAwMDAsInVwZGF0ZSI6MTIwMDAwMDAwMDAwMH19",
          "dependencies": [
            "module.v6e-1.google_compute_disk.large_disk"
          ]
        },
        {
          "index_key": 1,
          "schema_version": 0,
          "attributes": {
            "accelerator_config": [
              {
                "topology": "1x1",
                "type": "V6E"
              }
            ],
            "accelerator_type": "v6e-1",
            "api_version": "V2_ALPHA1",
            "cidr_block": "10.194.0.0/20",
            "data_disks": [
              {
                "mode": "READ_WRITE",
                "source_disk": "projects/cloud-tpu-inference-test/zones/southamerica-west1-a/disks/tpu-bm-disk-v6e-1-southamerica-west1-a-1"
              }
            ],
            "description": "",
            "effective_labels": {
              "goog-terraform-provisioned": "true"
            },
            "health": "HEALTHY",
            "health_description": "",
            "id": "projects/cloud-tpu-inference-test/locations/southamerica-west1-a/nodes/vllm-tpu-v6e-1-bm-1",
            "labels": {},
            "metadata": {
              "startup-script": "#!/bin/bash     \n\n# Set env vars system-wide\ngrep -q \"^GCP_PROJECT_ID=\" /etc/environment || echo \"GCP_PROJECT_ID=cloud-tpu-inference-test\" | sudo tee -a /etc/environment\ngrep -q \"^GCP_INSTANCE_ID=\" /etc/environment || echo \"GCP_INSTANCE_ID=vllm-bm-inst\" | sudo tee -a /etc/environment\ngrep -q \"^GCP_DATABASE_ID=\" /etc/environment || echo \"GCP_DATABASE_ID=vllm-bm-runs\" | sudo tee -a /etc/environment\ngrep -q \"^GCP_REGION=\" /etc/environment || echo \"GCP_REGION=southamerica-west1\" | sudo tee -a /etc/environment\ngrep -q \"^GCP_INSTANCE_NAME=\" /etc/environment || echo \"GCP_INSTANCE_NAME=vllm-tpu-v6e-1-bm-1\" | sudo tee -a /etc/environment\ngrep -q \"^GCS_BUCKET=\" /etc/environment || echo \"GCS_BUCKET=vllm-cb-storage2\" | sudo tee -a /etc/environment\ngrep -q \"^GCP_QUEUE=\" /etc/environment || echo \"GCP_QUEUE=vllm-bm-queue-v6e-1\" | sudo tee -a /etc/environment\nif ! grep -q \"^HF_TOKEN=\" /etc/environment; then\n  gcloud secrets versions access latest --secret=bm-agent-hf-token --quiet | \\\n  sudo tee -a /etc/environment \u003e /dev/null \u003c\u003c\u003c \"HF_TOKEN=$(cat)\"\nfi\n\napt-get update\napt-get install -y curl build-essential jq\n\ncurl -o- https://get.docker.com/ | bash -\n\ncurl --proto '=https' --tlsv1.2 -sSf https://sh.rustup.rs | sh -s -- -y\n/root/.cargo/bin/cargo install minijinja-cli\ncp /root/.cargo/bin/minijinja-cli /usr/bin/minijinja-cli\nchmod 777 /usr/bin/minijinja-cli\n\n# Mount persistent disk\n\nsudo mkdir -p /mnt/disks/persist\n\n# Format if not already formatted\nif ! blkid /dev/nvme0n2; then\n  echo \"Formatting /dev/nvme0n2 as ext4...\"\n  sudo mkfs.ext4 -m 0 -E lazy_itable_init=0,lazy_journal_init=0,discard /dev/nvme0n2\nfi\n\n# Add to /etc/fstab using UUID\ndisk_uuid=$(blkid -s UUID -o value /dev/nvme0n2)\nif ! grep -q \"/mnt/disks/persist\" /etc/fstab; then\n  echo \"UUID=$disk_uuid /mnt/disks/persist ext4 defaults,discard 0 2\" | sudo tee -a /etc/fstab\nfi\n\n# Only mount if not already mounted (first boot or recovery)\nif ! mountpoint -q /mnt/disks/persist; then\n  sudo mount /mnt/disks/persist  \nfi\n\njq \". + {\\\"data-root\\\": \\\"/mnt/disks/persist\\\"}\" /etc/docker/daemon.json \u003e /tmp/daemon.json.tmp \u0026\u0026 mv /tmp/daemon.json.tmp /etc/docker/daemon.json\nsystemctl stop docker\nsystemctl daemon-reload\nsystemctl start docker\n\nuseradd -m -s /bin/bash bm-agent\nsudo usermod -aG docker bm-agent\n\n# Run the commands below as bm-agent user:\nsudo -u bm-agent -i bash \u003c\u003c EOBM\ngcloud auth configure-docker southamerica-west1-docker.pkg.dev --quiet\nrm -rf bm-infra\ngit clone https://github.com/QiliangCui/bm-infra.git\npushd bm-infra\ngit pull\ngit reset --hard cb092f5880ea09f10d5be24ef6d0a4054c833ead\npopd\nEOBM\ncp /home/bm-agent/bm-infra/service/bm-agent/bm-agent.service /etc/systemd/system/bm-agent.service\nsystemctl stop bm-agent.service\nsystemctl daemon-reload\nsystemctl enable bm-agent.service\nsystemctl start bm-agent.service\n"
            },
            "multislice_node": false,
            "name": "vllm-tpu-v6e-1-bm-1",
            "network_config": [
              {
                "can_ip_forward": false,
                "enable_external_ips": true,
                "network": "projects/cloud-tpu-inference-test/global/networks/default",
                "queue_count": 0,
                "subnetwork": "projects/cloud-tpu-inference-test/regions/southamerica-west1/subnetworks/default"
              }
            ],
            "network_configs": [],
            "network_endpoints": [
              {
                "access_config": [
                  {
                    "external_ip": "34.176.6.161"
                  }
                ],
                "ip_address": "10.194.15.243",
                "port": 8470
              }
            ],
            "project": "cloud-tpu-inference-test",
            "queued_resource": "",
            "runtime_version": "v2-alpha-tpuv6e",
            "scheduling_config": [],
            "service_account": [
              {
                "email": "32478767326-compute@developer.gserviceaccount.com",
                "scope": [
                  "https://www.googleapis.com/auth/devstorage.read_write",
                  "https://www.googleapis.com/auth/logging.write",
                  "https://www.googleapis.com/auth/service.management",
                  "https://www.googleapis.com/auth/servicecontrol",
                  "https://www.googleapis.com/auth/cloud-platform",
                  "https://www.googleapis.com/auth/pubsub"
                ]
              }
            ],
            "shielded_instance_config": [],
            "state": "READY",
            "symptoms": [],
            "tags": [],
            "terraform_labels": {
              "goog-terraform-provisioned": "true"
            },
            "timeouts": null,
            "zone": "southamerica-west1-a"
          },
          "sensitive_attributes": [],
          "identity_schema_version": 0,
          "private": "eyJlMmJmYjczMC1lY2FhLTExZTYtOGY4OC0zNDM2M2JjN2M0YzAiOnsiY3JlYXRlIjoxMjAwMDAwMDAwMDAwLCJkZWxldGUiOjEyMDAwMDAwMDAwMDAsInVwZGF0ZSI6MTIwMDAwMDAwMDAwMH19",
          "dependencies": [
            "module.v6e-1.google_compute_disk.large_disk"
          ]
        },
        {
          "index_key": 2,
          "schema_version": 0,
          "attributes": {
            "accelerator_config": [
              {
                "topology": "1x1",
                "type": "V6E"
              }
            ],
            "accelerator_type": "v6e-1",
            "api_version": "V2_ALPHA1",
            "cidr_block": "10.194.0.0/20",
            "data_disks": [
              {
                "mode": "READ_WRITE",
                "source_disk": "projects/cloud-tpu-inference-test/zones/southamerica-west1-a/disks/tpu-bm-disk-v6e-1-southamerica-west1-a-2"
              }
            ],
            "description": "",
            "effective_labels": {
              "goog-terraform-provisioned": "true"
            },
            "health": "HEALTHY",
            "health_description": "",
            "id": "projects/cloud-tpu-inference-test/locations/southamerica-west1-a/nodes/vllm-tpu-v6e-1-bm-2",
            "labels": {},
            "metadata": {
              "startup-script": "#!/bin/bash     \n\n# Set env vars system-wide\ngrep -q \"^GCP_PROJECT_ID=\" /etc/environment || echo \"GCP_PROJECT_ID=cloud-tpu-inference-test\" | sudo tee -a /etc/environment\ngrep -q \"^GCP_INSTANCE_ID=\" /etc/environment || echo \"GCP_INSTANCE_ID=vllm-bm-inst\" | sudo tee -a /etc/environment\ngrep -q \"^GCP_DATABASE_ID=\" /etc/environment || echo \"GCP_DATABASE_ID=vllm-bm-runs\" | sudo tee -a /etc/environment\ngrep -q \"^GCP_REGION=\" /etc/environment || echo \"GCP_REGION=southamerica-west1\" | sudo tee -a /etc/environment\ngrep -q \"^GCP_INSTANCE_NAME=\" /etc/environment || echo \"GCP_INSTANCE_NAME=vllm-tpu-v6e-1-bm-2\" | sudo tee -a /etc/environment\ngrep -q \"^GCS_BUCKET=\" /etc/environment || echo \"GCS_BUCKET=vllm-cb-storage2\" | sudo tee -a /etc/environment\ngrep -q \"^GCP_QUEUE=\" /etc/environment || echo \"GCP_QUEUE=vllm-bm-queue-v6e-1\" | sudo tee -a /etc/environment\nif ! grep -q \"^HF_TOKEN=\" /etc/environment; then\n  gcloud secrets versions access latest --secret=bm-agent-hf-token --quiet | \\\n  sudo tee -a /etc/environment \u003e /dev/null \u003c\u003c\u003c \"HF_TOKEN=$(cat)\"\nfi\n\napt-get update\napt-get install -y curl build-essential jq\n\ncurl -o- https://get.docker.com/ | bash -\n\ncurl --proto '=https' --tlsv1.2 -sSf https://sh.rustup.rs | sh -s -- -y\n/root/.cargo/bin/cargo install minijinja-cli\ncp /root/.cargo/bin/minijinja-cli /usr/bin/minijinja-cli\nchmod 777 /usr/bin/minijinja-cli\n\n# Mount persistent disk\n\nsudo mkdir -p /mnt/disks/persist\n\n# Format if not already formatted\nif ! blkid /dev/nvme0n2; then\n  echo \"Formatting /dev/nvme0n2 as ext4...\"\n  sudo mkfs.ext4 -m 0 -E lazy_itable_init=0,lazy_journal_init=0,discard /dev/nvme0n2\nfi\n\n# Add to /etc/fstab using UUID\ndisk_uuid=$(blkid -s UUID -o value /dev/nvme0n2)\nif ! grep -q \"/mnt/disks/persist\" /etc/fstab; then\n  echo \"UUID=$disk_uuid /mnt/disks/persist ext4 defaults,discard 0 2\" | sudo tee -a /etc/fstab\nfi\n\n# Only mount if not already mounted (first boot or recovery)\nif ! mountpoint -q /mnt/disks/persist; then\n  sudo mount /mnt/disks/persist  \nfi\n\njq \". + {\\\"data-root\\\": \\\"/mnt/disks/persist\\\"}\" /etc/docker/daemon.json \u003e /tmp/daemon.json.tmp \u0026\u0026 mv /tmp/daemon.json.tmp /etc/docker/daemon.json\nsystemctl stop docker\nsystemctl daemon-reload\nsystemctl start docker\n\nuseradd -m -s /bin/bash bm-agent\nsudo usermod -aG docker bm-agent\n\n# Run the commands below as bm-agent user:\nsudo -u bm-agent -i bash \u003c\u003c EOBM\ngcloud auth configure-docker southamerica-west1-docker.pkg.dev --quiet\nrm -rf bm-infra\ngit clone https://github.com/QiliangCui/bm-infra.git\npushd bm-infra\ngit pull\ngit reset --hard cb092f5880ea09f10d5be24ef6d0a4054c833ead\npopd\nEOBM\ncp /home/bm-agent/bm-infra/service/bm-agent/bm-agent.service /etc/systemd/system/bm-agent.service\nsystemctl stop bm-agent.service\nsystemctl daemon-reload\nsystemctl enable bm-agent.service\nsystemctl start bm-agent.service\n"
            },
            "multislice_node": false,
            "name": "vllm-tpu-v6e-1-bm-2",
            "network_config": [
              {
                "can_ip_forward": false,
                "enable_external_ips": true,
                "network": "projects/cloud-tpu-inference-test/global/networks/default",
                "queue_count": 0,
                "subnetwork": "projects/cloud-tpu-inference-test/regions/southamerica-west1/subnetworks/default"
              }
            ],
            "network_configs": [],
            "network_endpoints": [
              {
                "access_config": [
                  {
                    "external_ip": "34.176.93.186"
                  }
                ],
                "ip_address": "10.194.0.125",
                "port": 8470
              }
            ],
            "project": "cloud-tpu-inference-test",
            "queued_resource": "",
            "runtime_version": "v2-alpha-tpuv6e",
            "scheduling_config": [],
            "service_account": [
              {
                "email": "32478767326-compute@developer.gserviceaccount.com",
                "scope": [
                  "https://www.googleapis.com/auth/devstorage.read_write",
                  "https://www.googleapis.com/auth/logging.write",
                  "https://www.googleapis.com/auth/service.management",
                  "https://www.googleapis.com/auth/servicecontrol",
                  "https://www.googleapis.com/auth/cloud-platform",
                  "https://www.googleapis.com/auth/pubsub"
                ]
              }
            ],
            "shielded_instance_config": [],
            "state": "READY",
            "symptoms": [],
            "tags": [],
            "terraform_labels": {
              "goog-terraform-provisioned": "true"
            },
            "timeouts": null,
            "zone": "southamerica-west1-a"
          },
          "sensitive_attributes": [],
          "identity_schema_version": 0,
          "private": "eyJlMmJmYjczMC1lY2FhLTExZTYtOGY4OC0zNDM2M2JjN2M0YzAiOnsiY3JlYXRlIjoxMjAwMDAwMDAwMDAwLCJkZWxldGUiOjEyMDAwMDAwMDAwMDAsInVwZGF0ZSI6MTIwMDAwMDAwMDAwMH19",
          "dependencies": [
            "module.v6e-1.google_compute_disk.large_disk"
          ]
        },
        {
          "index_key": 3,
          "schema_version": 0,
          "attributes": {
            "accelerator_config": [
              {
                "topology": "1x1",
                "type": "V6E"
              }
            ],
            "accelerator_type": "v6e-1",
            "api_version": "V2_ALPHA1",
            "cidr_block": "10.194.0.0/20",
            "data_disks": [
              {
                "mode": "READ_WRITE",
                "source_disk": "projects/cloud-tpu-inference-test/zones/southamerica-west1-a/disks/tpu-bm-disk-v6e-1-southamerica-west1-a-3"
              }
            ],
            "description": "",
            "effective_labels": {
              "goog-terraform-provisioned": "true"
            },
            "health": "HEALTHY",
            "health_description": "",
            "id": "projects/cloud-tpu-inference-test/locations/southamerica-west1-a/nodes/vllm-tpu-v6e-1-bm-3",
            "labels": {},
            "metadata": {
              "startup-script": "#!/bin/bash     \n\n# Set env vars system-wide\ngrep -q \"^GCP_PROJECT_ID=\" /etc/environment || echo \"GCP_PROJECT_ID=cloud-tpu-inference-test\" | sudo tee -a /etc/environment\ngrep -q \"^GCP_INSTANCE_ID=\" /etc/environment || echo \"GCP_INSTANCE_ID=vllm-bm-inst\" | sudo tee -a /etc/environment\ngrep -q \"^GCP_DATABASE_ID=\" /etc/environment || echo \"GCP_DATABASE_ID=vllm-bm-runs\" | sudo tee -a /etc/environment\ngrep -q \"^GCP_REGION=\" /etc/environment || echo \"GCP_REGION=southamerica-west1\" | sudo tee -a /etc/environment\ngrep -q \"^GCP_INSTANCE_NAME=\" /etc/environment || echo \"GCP_INSTANCE_NAME=vllm-tpu-v6e-1-bm-3\" | sudo tee -a /etc/environment\ngrep -q \"^GCS_BUCKET=\" /etc/environment || echo \"GCS_BUCKET=vllm-cb-storage2\" | sudo tee -a /etc/environment\ngrep -q \"^GCP_QUEUE=\" /etc/environment || echo \"GCP_QUEUE=vllm-bm-queue-v6e-1\" | sudo tee -a /etc/environment\nif ! grep -q \"^HF_TOKEN=\" /etc/environment; then\n  gcloud secrets versions access latest --secret=bm-agent-hf-token --quiet | \\\n  sudo tee -a /etc/environment \u003e /dev/null \u003c\u003c\u003c \"HF_TOKEN=$(cat)\"\nfi\n\napt-get update\napt-get install -y curl build-essential jq\n\ncurl -o- https://get.docker.com/ | bash -\n\ncurl --proto '=https' --tlsv1.2 -sSf https://sh.rustup.rs | sh -s -- -y\n/root/.cargo/bin/cargo install minijinja-cli\ncp /root/.cargo/bin/minijinja-cli /usr/bin/minijinja-cli\nchmod 777 /usr/bin/minijinja-cli\n\n# Mount persistent disk\n\nsudo mkdir -p /mnt/disks/persist\n\n# Format if not already formatted\nif ! blkid /dev/nvme0n2; then\n  echo \"Formatting /dev/nvme0n2 as ext4...\"\n  sudo mkfs.ext4 -m 0 -E lazy_itable_init=0,lazy_journal_init=0,discard /dev/nvme0n2\nfi\n\n# Add to /etc/fstab using UUID\ndisk_uuid=$(blkid -s UUID -o value /dev/nvme0n2)\nif ! grep -q \"/mnt/disks/persist\" /etc/fstab; then\n  echo \"UUID=$disk_uuid /mnt/disks/persist ext4 defaults,discard 0 2\" | sudo tee -a /etc/fstab\nfi\n\n# Only mount if not already mounted (first boot or recovery)\nif ! mountpoint -q /mnt/disks/persist; then\n  sudo mount /mnt/disks/persist  \nfi\n\njq \". + {\\\"data-root\\\": \\\"/mnt/disks/persist\\\"}\" /etc/docker/daemon.json \u003e /tmp/daemon.json.tmp \u0026\u0026 mv /tmp/daemon.json.tmp /etc/docker/daemon.json\nsystemctl stop docker\nsystemctl daemon-reload\nsystemctl start docker\n\nuseradd -m -s /bin/bash bm-agent\nsudo usermod -aG docker bm-agent\n\n# Run the commands below as bm-agent user:\nsudo -u bm-agent -i bash \u003c\u003c EOBM\ngcloud auth configure-docker southamerica-west1-docker.pkg.dev --quiet\nrm -rf bm-infra\ngit clone https://github.com/QiliangCui/bm-infra.git\npushd bm-infra\ngit pull\ngit reset --hard cb092f5880ea09f10d5be24ef6d0a4054c833ead\npopd\nEOBM\ncp /home/bm-agent/bm-infra/service/bm-agent/bm-agent.service /etc/systemd/system/bm-agent.service\nsystemctl stop bm-agent.service\nsystemctl daemon-reload\nsystemctl enable bm-agent.service\nsystemctl start bm-agent.service\n"
            },
            "multislice_node": false,
            "name": "vllm-tpu-v6e-1-bm-3",
            "network_config": [
              {
                "can_ip_forward": false,
                "enable_external_ips": true,
                "network": "projects/cloud-tpu-inference-test/global/networks/default",
                "queue_count": 0,
                "subnetwork": "projects/cloud-tpu-inference-test/regions/southamerica-west1/subnetworks/default"
              }
            ],
            "network_configs": [],
            "network_endpoints": [
              {
                "access_config": [
                  {
                    "external_ip": "34.176.179.43"
                  }
                ],
                "ip_address": "10.194.0.132",
                "port": 8470
              }
            ],
            "project": "cloud-tpu-inference-test",
            "queued_resource": "",
            "runtime_version": "v2-alpha-tpuv6e",
            "scheduling_config": [],
            "service_account": [
              {
                "email": "32478767326-compute@developer.gserviceaccount.com",
                "scope": [
                  "https://www.googleapis.com/auth/devstorage.read_write",
                  "https://www.googleapis.com/auth/logging.write",
                  "https://www.googleapis.com/auth/service.management",
                  "https://www.googleapis.com/auth/servicecontrol",
                  "https://www.googleapis.com/auth/cloud-platform",
                  "https://www.googleapis.com/auth/pubsub"
                ]
              }
            ],
            "shielded_instance_config": [],
            "state": "READY",
            "symptoms": [],
            "tags": [],
            "terraform_labels": {
              "goog-terraform-provisioned": "true"
            },
            "timeouts": null,
            "zone": "southamerica-west1-a"
          },
          "sensitive_attributes": [],
          "identity_schema_version": 0,
          "private": "eyJlMmJmYjczMC1lY2FhLTExZTYtOGY4OC0zNDM2M2JjN2M0YzAiOnsiY3JlYXRlIjoxMjAwMDAwMDAwMDAwLCJkZWxldGUiOjEyMDAwMDAwMDAwMDAsInVwZGF0ZSI6MTIwMDAwMDAwMDAwMH19",
          "dependencies": [
            "module.v6e-1.google_compute_disk.large_disk"
          ]
        },
        {
          "index_key": 4,
          "schema_version": 0,
          "attributes": {
            "accelerator_config": [
              {
                "topology": "1x1",
                "type": "V6E"
              }
            ],
            "accelerator_type": "v6e-1",
            "api_version": "V2_ALPHA1",
            "cidr_block": "10.194.0.0/20",
            "data_disks": [
              {
                "mode": "READ_WRITE",
                "source_disk": "projects/cloud-tpu-inference-test/zones/southamerica-west1-a/disks/tpu-bm-disk-v6e-1-southamerica-west1-a-4"
              }
            ],
            "description": "",
            "effective_labels": {
              "goog-terraform-provisioned": "true"
            },
            "health": "HEALTHY",
            "health_description": "",
            "id": "projects/cloud-tpu-inference-test/locations/southamerica-west1-a/nodes/vllm-tpu-v6e-1-bm-4",
            "labels": {},
            "metadata": {
              "startup-script": "#!/bin/bash     \n\n# Set env vars system-wide\ngrep -q \"^GCP_PROJECT_ID=\" /etc/environment || echo \"GCP_PROJECT_ID=cloud-tpu-inference-test\" | sudo tee -a /etc/environment\ngrep -q \"^GCP_INSTANCE_ID=\" /etc/environment || echo \"GCP_INSTANCE_ID=vllm-bm-inst\" | sudo tee -a /etc/environment\ngrep -q \"^GCP_DATABASE_ID=\" /etc/environment || echo \"GCP_DATABASE_ID=vllm-bm-runs\" | sudo tee -a /etc/environment\ngrep -q \"^GCP_REGION=\" /etc/environment || echo \"GCP_REGION=southamerica-west1\" | sudo tee -a /etc/environment\ngrep -q \"^GCP_INSTANCE_NAME=\" /etc/environment || echo \"GCP_INSTANCE_NAME=vllm-tpu-v6e-1-bm-4\" | sudo tee -a /etc/environment\ngrep -q \"^GCS_BUCKET=\" /etc/environment || echo \"GCS_BUCKET=vllm-cb-storage2\" | sudo tee -a /etc/environment\ngrep -q \"^GCP_QUEUE=\" /etc/environment || echo \"GCP_QUEUE=vllm-bm-queue-v6e-1\" | sudo tee -a /etc/environment\nif ! grep -q \"^HF_TOKEN=\" /etc/environment; then\n  gcloud secrets versions access latest --secret=bm-agent-hf-token --quiet | \\\n  sudo tee -a /etc/environment \u003e /dev/null \u003c\u003c\u003c \"HF_TOKEN=$(cat)\"\nfi\n\napt-get update\napt-get install -y curl build-essential jq\n\ncurl -o- https://get.docker.com/ | bash -\n\ncurl --proto '=https' --tlsv1.2 -sSf https://sh.rustup.rs | sh -s -- -y\n/root/.cargo/bin/cargo install minijinja-cli\ncp /root/.cargo/bin/minijinja-cli /usr/bin/minijinja-cli\nchmod 777 /usr/bin/minijinja-cli\n\n# Mount persistent disk\n\nsudo mkdir -p /mnt/disks/persist\n\n# Format if not already formatted\nif ! blkid /dev/nvme0n2; then\n  echo \"Formatting /dev/nvme0n2 as ext4...\"\n  sudo mkfs.ext4 -m 0 -E lazy_itable_init=0,lazy_journal_init=0,discard /dev/nvme0n2\nfi\n\n# Add to /etc/fstab using UUID\ndisk_uuid=$(blkid -s UUID -o value /dev/nvme0n2)\nif ! grep -q \"/mnt/disks/persist\" /etc/fstab; then\n  echo \"UUID=$disk_uuid /mnt/disks/persist ext4 defaults,discard 0 2\" | sudo tee -a /etc/fstab\nfi\n\n# Only mount if not already mounted (first boot or recovery)\nif ! mountpoint -q /mnt/disks/persist; then\n  sudo mount /mnt/disks/persist  \nfi\n\njq \". + {\\\"data-root\\\": \\\"/mnt/disks/persist\\\"}\" /etc/docker/daemon.json \u003e /tmp/daemon.json.tmp \u0026\u0026 mv /tmp/daemon.json.tmp /etc/docker/daemon.json\nsystemctl stop docker\nsystemctl daemon-reload\nsystemctl start docker\n\nuseradd -m -s /bin/bash bm-agent\nsudo usermod -aG docker bm-agent\n\n# Run the commands below as bm-agent user:\nsudo -u bm-agent -i bash \u003c\u003c EOBM\ngcloud auth configure-docker southamerica-west1-docker.pkg.dev --quiet\nrm -rf bm-infra\ngit clone https://github.com/QiliangCui/bm-infra.git\npushd bm-infra\ngit pull\ngit reset --hard cb092f5880ea09f10d5be24ef6d0a4054c833ead\npopd\nEOBM\ncp /home/bm-agent/bm-infra/service/bm-agent/bm-agent.service /etc/systemd/system/bm-agent.service\nsystemctl stop bm-agent.service\nsystemctl daemon-reload\nsystemctl enable bm-agent.service\nsystemctl start bm-agent.service\n"
            },
            "multislice_node": false,
            "name": "vllm-tpu-v6e-1-bm-4",
            "network_config": [
              {
                "can_ip_forward": false,
                "enable_external_ips": true,
                "network": "projects/cloud-tpu-inference-test/global/networks/default",
                "queue_count": 0,
                "subnetwork": "projects/cloud-tpu-inference-test/regions/southamerica-west1/subnetworks/default"
              }
            ],
            "network_configs": [],
            "network_endpoints": [
              {
                "access_config": [
                  {
                    "external_ip": "34.176.101.21"
                  }
                ],
                "ip_address": "10.194.0.135",
                "port": 8470
              }
            ],
            "project": "cloud-tpu-inference-test",
            "queued_resource": "",
            "runtime_version": "v2-alpha-tpuv6e",
            "scheduling_config": [],
            "service_account": [
              {
                "email": "32478767326-compute@developer.gserviceaccount.com",
                "scope": [
                  "https://www.googleapis.com/auth/devstorage.read_write",
                  "https://www.googleapis.com/auth/logging.write",
                  "https://www.googleapis.com/auth/service.management",
                  "https://www.googleapis.com/auth/servicecontrol",
                  "https://www.googleapis.com/auth/cloud-platform",
                  "https://www.googleapis.com/auth/pubsub"
                ]
              }
            ],
            "shielded_instance_config": [],
            "state": "READY",
            "symptoms": [],
            "tags": [],
            "terraform_labels": {
              "goog-terraform-provisioned": "true"
            },
            "timeouts": null,
            "zone": "southamerica-west1-a"
          },
          "sensitive_attributes": [],
          "identity_schema_version": 0,
          "private": "eyJlMmJmYjczMC1lY2FhLTExZTYtOGY4OC0zNDM2M2JjN2M0YzAiOnsiY3JlYXRlIjoxMjAwMDAwMDAwMDAwLCJkZWxldGUiOjEyMDAwMDAwMDAwMDAsInVwZGF0ZSI6MTIwMDAwMDAwMDAwMH19",
          "dependencies": [
            "module.v6e-1.google_compute_disk.large_disk"
          ]
        },
        {
          "index_key": 5,
          "schema_version": 0,
          "attributes": {
            "accelerator_config": [
              {
                "topology": "1x1",
                "type": "V6E"
              }
            ],
            "accelerator_type": "v6e-1",
            "api_version": "V2_ALPHA1",
            "cidr_block": "10.194.0.0/20",
            "data_disks": [
              {
                "mode": "READ_WRITE",
                "source_disk": "projects/cloud-tpu-inference-test/zones/southamerica-west1-a/disks/tpu-bm-disk-v6e-1-southamerica-west1-a-5"
              }
            ],
            "description": "",
            "effective_labels": {
              "goog-terraform-provisioned": "true"
            },
            "health": "HEALTHY",
            "health_description": "",
            "id": "projects/cloud-tpu-inference-test/locations/southamerica-west1-a/nodes/vllm-tpu-v6e-1-bm-5",
            "labels": {},
            "metadata": {
              "startup-script": "#!/bin/bash     \n\n# Set env vars system-wide\ngrep -q \"^GCP_PROJECT_ID=\" /etc/environment || echo \"GCP_PROJECT_ID=cloud-tpu-inference-test\" | sudo tee -a /etc/environment\ngrep -q \"^GCP_INSTANCE_ID=\" /etc/environment || echo \"GCP_INSTANCE_ID=vllm-bm-inst\" | sudo tee -a /etc/environment\ngrep -q \"^GCP_DATABASE_ID=\" /etc/environment || echo \"GCP_DATABASE_ID=vllm-bm-runs\" | sudo tee -a /etc/environment\ngrep -q \"^GCP_REGION=\" /etc/environment || echo \"GCP_REGION=southamerica-west1\" | sudo tee -a /etc/environment\ngrep -q \"^GCP_INSTANCE_NAME=\" /etc/environment || echo \"GCP_INSTANCE_NAME=vllm-tpu-v6e-1-bm-5\" | sudo tee -a /etc/environment\ngrep -q \"^GCS_BUCKET=\" /etc/environment || echo \"GCS_BUCKET=vllm-cb-storage2\" | sudo tee -a /etc/environment\ngrep -q \"^GCP_QUEUE=\" /etc/environment || echo \"GCP_QUEUE=vllm-bm-queue-v6e-1\" | sudo tee -a /etc/environment\nif ! grep -q \"^HF_TOKEN=\" /etc/environment; then\n  gcloud secrets versions access latest --secret=bm-agent-hf-token --quiet | \\\n  sudo tee -a /etc/environment \u003e /dev/null \u003c\u003c\u003c \"HF_TOKEN=$(cat)\"\nfi\n\napt-get update\napt-get install -y curl build-essential jq\n\ncurl -o- https://get.docker.com/ | bash -\n\ncurl --proto '=https' --tlsv1.2 -sSf https://sh.rustup.rs | sh -s -- -y\n/root/.cargo/bin/cargo install minijinja-cli\ncp /root/.cargo/bin/minijinja-cli /usr/bin/minijinja-cli\nchmod 777 /usr/bin/minijinja-cli\n\n# Mount persistent disk\n\nsudo mkdir -p /mnt/disks/persist\n\n# Format if not already formatted\nif ! blkid /dev/nvme0n2; then\n  echo \"Formatting /dev/nvme0n2 as ext4...\"\n  sudo mkfs.ext4 -m 0 -E lazy_itable_init=0,lazy_journal_init=0,discard /dev/nvme0n2\nfi\n\n# Add to /etc/fstab using UUID\ndisk_uuid=$(blkid -s UUID -o value /dev/nvme0n2)\nif ! grep -q \"/mnt/disks/persist\" /etc/fstab; then\n  echo \"UUID=$disk_uuid /mnt/disks/persist ext4 defaults,discard 0 2\" | sudo tee -a /etc/fstab\nfi\n\n# Only mount if not already mounted (first boot or recovery)\nif ! mountpoint -q /mnt/disks/persist; then\n  sudo mount /mnt/disks/persist  \nfi\n\njq \". + {\\\"data-root\\\": \\\"/mnt/disks/persist\\\"}\" /etc/docker/daemon.json \u003e /tmp/daemon.json.tmp \u0026\u0026 mv /tmp/daemon.json.tmp /etc/docker/daemon.json\nsystemctl stop docker\nsystemctl daemon-reload\nsystemctl start docker\n\nuseradd -m -s /bin/bash bm-agent\nsudo usermod -aG docker bm-agent\n\n# Run the commands below as bm-agent user:\nsudo -u bm-agent -i bash \u003c\u003c EOBM\ngcloud auth configure-docker southamerica-west1-docker.pkg.dev --quiet\nrm -rf bm-infra\ngit clone https://github.com/QiliangCui/bm-infra.git\npushd bm-infra\ngit pull\ngit reset --hard cb092f5880ea09f10d5be24ef6d0a4054c833ead\npopd\nEOBM\ncp /home/bm-agent/bm-infra/service/bm-agent/bm-agent.service /etc/systemd/system/bm-agent.service\nsystemctl stop bm-agent.service\nsystemctl daemon-reload\nsystemctl enable bm-agent.service\nsystemctl start bm-agent.service\n"
            },
            "multislice_node": false,
            "name": "vllm-tpu-v6e-1-bm-5",
            "network_config": [
              {
                "can_ip_forward": false,
                "enable_external_ips": true,
                "network": "projects/cloud-tpu-inference-test/global/networks/default",
                "queue_count": 0,
                "subnetwork": "projects/cloud-tpu-inference-test/regions/southamerica-west1/subnetworks/default"
              }
            ],
            "network_configs": [],
            "network_endpoints": [
              {
                "access_config": [
                  {
                    "external_ip": "34.176.101.220"
                  }
                ],
                "ip_address": "10.194.0.137",
                "port": 8470
              }
            ],
            "project": "cloud-tpu-inference-test",
            "queued_resource": "",
            "runtime_version": "v2-alpha-tpuv6e",
            "scheduling_config": [],
            "service_account": [
              {
                "email": "32478767326-compute@developer.gserviceaccount.com",
                "scope": [
                  "https://www.googleapis.com/auth/devstorage.read_write",
                  "https://www.googleapis.com/auth/logging.write",
                  "https://www.googleapis.com/auth/service.management",
                  "https://www.googleapis.com/auth/servicecontrol",
                  "https://www.googleapis.com/auth/cloud-platform",
                  "https://www.googleapis.com/auth/pubsub"
                ]
              }
            ],
            "shielded_instance_config": [],
            "state": "READY",
            "symptoms": [],
            "tags": [],
            "terraform_labels": {
              "goog-terraform-provisioned": "true"
            },
            "timeouts": null,
            "zone": "southamerica-west1-a"
          },
          "sensitive_attributes": [],
          "identity_schema_version": 0,
          "private": "eyJlMmJmYjczMC1lY2FhLTExZTYtOGY4OC0zNDM2M2JjN2M0YzAiOnsiY3JlYXRlIjoxMjAwMDAwMDAwMDAwLCJkZWxldGUiOjEyMDAwMDAwMDAwMDAsInVwZGF0ZSI6MTIwMDAwMDAwMDAwMH19",
          "dependencies": [
            "module.v6e-1.google_compute_disk.large_disk"
          ]
        },
        {
          "index_key": 6,
          "schema_version": 0,
          "attributes": {
            "accelerator_config": [
              {
                "topology": "1x1",
                "type": "V6E"
              }
            ],
            "accelerator_type": "v6e-1",
            "api_version": "V2_ALPHA1",
            "cidr_block": "10.194.0.0/20",
            "data_disks": [
              {
                "mode": "READ_WRITE",
                "source_disk": "projects/cloud-tpu-inference-test/zones/southamerica-west1-a/disks/tpu-bm-disk-v6e-1-southamerica-west1-a-6"
              }
            ],
            "description": "",
            "effective_labels": {
              "goog-terraform-provisioned": "true"
            },
            "health": "HEALTHY",
            "health_description": "",
            "id": "projects/cloud-tpu-inference-test/locations/southamerica-west1-a/nodes/vllm-tpu-v6e-1-bm-6",
            "labels": {},
            "metadata": {
              "startup-script": "#!/bin/bash     \n\n# Set env vars system-wide\ngrep -q \"^GCP_PROJECT_ID=\" /etc/environment || echo \"GCP_PROJECT_ID=cloud-tpu-inference-test\" | sudo tee -a /etc/environment\ngrep -q \"^GCP_INSTANCE_ID=\" /etc/environment || echo \"GCP_INSTANCE_ID=vllm-bm-inst\" | sudo tee -a /etc/environment\ngrep -q \"^GCP_DATABASE_ID=\" /etc/environment || echo \"GCP_DATABASE_ID=vllm-bm-runs\" | sudo tee -a /etc/environment\ngrep -q \"^GCP_REGION=\" /etc/environment || echo \"GCP_REGION=southamerica-west1\" | sudo tee -a /etc/environment\ngrep -q \"^GCP_INSTANCE_NAME=\" /etc/environment || echo \"GCP_INSTANCE_NAME=vllm-tpu-v6e-1-bm-6\" | sudo tee -a /etc/environment\ngrep -q \"^GCS_BUCKET=\" /etc/environment || echo \"GCS_BUCKET=vllm-cb-storage2\" | sudo tee -a /etc/environment\ngrep -q \"^GCP_QUEUE=\" /etc/environment || echo \"GCP_QUEUE=vllm-bm-queue-v6e-1\" | sudo tee -a /etc/environment\nif ! grep -q \"^HF_TOKEN=\" /etc/environment; then\n  gcloud secrets versions access latest --secret=bm-agent-hf-token --quiet | \\\n  sudo tee -a /etc/environment \u003e /dev/null \u003c\u003c\u003c \"HF_TOKEN=$(cat)\"\nfi\n\napt-get update\napt-get install -y curl build-essential jq\n\ncurl -o- https://get.docker.com/ | bash -\n\ncurl --proto '=https' --tlsv1.2 -sSf https://sh.rustup.rs | sh -s -- -y\n/root/.cargo/bin/cargo install minijinja-cli\ncp /root/.cargo/bin/minijinja-cli /usr/bin/minijinja-cli\nchmod 777 /usr/bin/minijinja-cli\n\n# Mount persistent disk\n\nsudo mkdir -p /mnt/disks/persist\n\n# Format if not already formatted\nif ! blkid /dev/nvme0n2; then\n  echo \"Formatting /dev/nvme0n2 as ext4...\"\n  sudo mkfs.ext4 -m 0 -E lazy_itable_init=0,lazy_journal_init=0,discard /dev/nvme0n2\nfi\n\n# Add to /etc/fstab using UUID\ndisk_uuid=$(blkid -s UUID -o value /dev/nvme0n2)\nif ! grep -q \"/mnt/disks/persist\" /etc/fstab; then\n  echo \"UUID=$disk_uuid /mnt/disks/persist ext4 defaults,discard 0 2\" | sudo tee -a /etc/fstab\nfi\n\n# Only mount if not already mounted (first boot or recovery)\nif ! mountpoint -q /mnt/disks/persist; then\n  sudo mount /mnt/disks/persist  \nfi\n\njq \". + {\\\"data-root\\\": \\\"/mnt/disks/persist\\\"}\" /etc/docker/daemon.json \u003e /tmp/daemon.json.tmp \u0026\u0026 mv /tmp/daemon.json.tmp /etc/docker/daemon.json\nsystemctl stop docker\nsystemctl daemon-reload\nsystemctl start docker\n\nuseradd -m -s /bin/bash bm-agent\nsudo usermod -aG docker bm-agent\n\n# Run the commands below as bm-agent user:\nsudo -u bm-agent -i bash \u003c\u003c EOBM\ngcloud auth configure-docker southamerica-west1-docker.pkg.dev --quiet\nrm -rf bm-infra\ngit clone https://github.com/QiliangCui/bm-infra.git\npushd bm-infra\ngit pull\ngit reset --hard cb092f5880ea09f10d5be24ef6d0a4054c833ead\npopd\nEOBM\ncp /home/bm-agent/bm-infra/service/bm-agent/bm-agent.service /etc/systemd/system/bm-agent.service\nsystemctl stop bm-agent.service\nsystemctl daemon-reload\nsystemctl enable bm-agent.service\nsystemctl start bm-agent.service\n"
            },
            "multislice_node": false,
            "name": "vllm-tpu-v6e-1-bm-6",
            "network_config": [
              {
                "can_ip_forward": false,
                "enable_external_ips": true,
                "network": "projects/cloud-tpu-inference-test/global/networks/default",
                "queue_count": 0,
                "subnetwork": "projects/cloud-tpu-inference-test/regions/southamerica-west1/subnetworks/default"
              }
            ],
            "network_configs": [],
            "network_endpoints": [
              {
                "access_config": [
                  {
                    "external_ip": "34.176.97.76"
                  }
                ],
                "ip_address": "10.194.0.143",
                "port": 8470
              }
            ],
            "project": "cloud-tpu-inference-test",
            "queued_resource": "",
            "runtime_version": "v2-alpha-tpuv6e",
            "scheduling_config": [],
            "service_account": [
              {
                "email": "32478767326-compute@developer.gserviceaccount.com",
                "scope": [
                  "https://www.googleapis.com/auth/devstorage.read_write",
                  "https://www.googleapis.com/auth/logging.write",
                  "https://www.googleapis.com/auth/service.management",
                  "https://www.googleapis.com/auth/servicecontrol",
                  "https://www.googleapis.com/auth/cloud-platform",
                  "https://www.googleapis.com/auth/pubsub"
                ]
              }
            ],
            "shielded_instance_config": [],
            "state": "READY",
            "symptoms": [],
            "tags": [],
            "terraform_labels": {
              "goog-terraform-provisioned": "true"
            },
            "timeouts": null,
            "zone": "southamerica-west1-a"
          },
          "sensitive_attributes": [],
          "identity_schema_version": 0,
          "private": "eyJlMmJmYjczMC1lY2FhLTExZTYtOGY4OC0zNDM2M2JjN2M0YzAiOnsiY3JlYXRlIjoxMjAwMDAwMDAwMDAwLCJkZWxldGUiOjEyMDAwMDAwMDAwMDAsInVwZGF0ZSI6MTIwMDAwMDAwMDAwMH19",
          "dependencies": [
            "module.v6e-1.google_compute_disk.large_disk"
          ]
        },
        {
          "index_key": 7,
          "schema_version": 0,
          "attributes": {
            "accelerator_config": [
              {
                "topology": "1x1",
                "type": "V6E"
              }
            ],
            "accelerator_type": "v6e-1",
            "api_version": "V2_ALPHA1",
            "cidr_block": "10.194.0.0/20",
            "data_disks": [
              {
                "mode": "READ_WRITE",
                "source_disk": "projects/cloud-tpu-inference-test/zones/southamerica-west1-a/disks/tpu-bm-disk-v6e-1-southamerica-west1-a-7"
              }
            ],
            "description": "",
            "effective_labels": {
              "goog-terraform-provisioned": "true"
            },
            "health": "HEALTHY",
            "health_description": "",
            "id": "projects/cloud-tpu-inference-test/locations/southamerica-west1-a/nodes/vllm-tpu-v6e-1-bm-7",
            "labels": {},
            "metadata": {
              "startup-script": "#!/bin/bash     \n\n# Set env vars system-wide\ngrep -q \"^GCP_PROJECT_ID=\" /etc/environment || echo \"GCP_PROJECT_ID=cloud-tpu-inference-test\" | sudo tee -a /etc/environment\ngrep -q \"^GCP_INSTANCE_ID=\" /etc/environment || echo \"GCP_INSTANCE_ID=vllm-bm-inst\" | sudo tee -a /etc/environment\ngrep -q \"^GCP_DATABASE_ID=\" /etc/environment || echo \"GCP_DATABASE_ID=vllm-bm-runs\" | sudo tee -a /etc/environment\ngrep -q \"^GCP_REGION=\" /etc/environment || echo \"GCP_REGION=southamerica-west1\" | sudo tee -a /etc/environment\ngrep -q \"^GCP_INSTANCE_NAME=\" /etc/environment || echo \"GCP_INSTANCE_NAME=vllm-tpu-v6e-1-bm-7\" | sudo tee -a /etc/environment\ngrep -q \"^GCS_BUCKET=\" /etc/environment || echo \"GCS_BUCKET=vllm-cb-storage2\" | sudo tee -a /etc/environment\ngrep -q \"^GCP_QUEUE=\" /etc/environment || echo \"GCP_QUEUE=vllm-bm-queue-v6e-1\" | sudo tee -a /etc/environment\nif ! grep -q \"^HF_TOKEN=\" /etc/environment; then\n  gcloud secrets versions access latest --secret=bm-agent-hf-token --quiet | \\\n  sudo tee -a /etc/environment \u003e /dev/null \u003c\u003c\u003c \"HF_TOKEN=$(cat)\"\nfi\n\napt-get update\napt-get install -y curl build-essential jq\n\ncurl -o- https://get.docker.com/ | bash -\n\ncurl --proto '=https' --tlsv1.2 -sSf https://sh.rustup.rs | sh -s -- -y\n/root/.cargo/bin/cargo install minijinja-cli\ncp /root/.cargo/bin/minijinja-cli /usr/bin/minijinja-cli\nchmod 777 /usr/bin/minijinja-cli\n\n# Mount persistent disk\n\nsudo mkdir -p /mnt/disks/persist\n\n# Format if not already formatted\nif ! blkid /dev/nvme0n2; then\n  echo \"Formatting /dev/nvme0n2 as ext4...\"\n  sudo mkfs.ext4 -m 0 -E lazy_itable_init=0,lazy_journal_init=0,discard /dev/nvme0n2\nfi\n\n# Add to /etc/fstab using UUID\ndisk_uuid=$(blkid -s UUID -o value /dev/nvme0n2)\nif ! grep -q \"/mnt/disks/persist\" /etc/fstab; then\n  echo \"UUID=$disk_uuid /mnt/disks/persist ext4 defaults,discard 0 2\" | sudo tee -a /etc/fstab\nfi\n\n# Only mount if not already mounted (first boot or recovery)\nif ! mountpoint -q /mnt/disks/persist; then\n  sudo mount /mnt/disks/persist  \nfi\n\njq \". + {\\\"data-root\\\": \\\"/mnt/disks/persist\\\"}\" /etc/docker/daemon.json \u003e /tmp/daemon.json.tmp \u0026\u0026 mv /tmp/daemon.json.tmp /etc/docker/daemon.json\nsystemctl stop docker\nsystemctl daemon-reload\nsystemctl start docker\n\nuseradd -m -s /bin/bash bm-agent\nsudo usermod -aG docker bm-agent\n\n# Run the commands below as bm-agent user:\nsudo -u bm-agent -i bash \u003c\u003c EOBM\ngcloud auth configure-docker southamerica-west1-docker.pkg.dev --quiet\nrm -rf bm-infra\ngit clone https://github.com/QiliangCui/bm-infra.git\npushd bm-infra\ngit pull\ngit reset --hard cb092f5880ea09f10d5be24ef6d0a4054c833ead\npopd\nEOBM\ncp /home/bm-agent/bm-infra/service/bm-agent/bm-agent.service /etc/systemd/system/bm-agent.service\nsystemctl stop bm-agent.service\nsystemctl daemon-reload\nsystemctl enable bm-agent.service\nsystemctl start bm-agent.service\n"
            },
            "multislice_node": false,
            "name": "vllm-tpu-v6e-1-bm-7",
            "network_config": [
              {
                "can_ip_forward": false,
                "enable_external_ips": true,
                "network": "projects/cloud-tpu-inference-test/global/networks/default",
                "queue_count": 0,
                "subnetwork": "projects/cloud-tpu-inference-test/regions/southamerica-west1/subnetworks/default"
              }
            ],
            "network_configs": [],
            "network_endpoints": [
              {
                "access_config": [
                  {
                    "external_ip": "34.176.200.168"
                  }
                ],
                "ip_address": "10.194.0.141",
                "port": 8470
              }
            ],
            "project": "cloud-tpu-inference-test",
            "queued_resource": "",
            "runtime_version": "v2-alpha-tpuv6e",
            "scheduling_config": [],
            "service_account": [
              {
                "email": "32478767326-compute@developer.gserviceaccount.com",
                "scope": [
                  "https://www.googleapis.com/auth/devstorage.read_write",
                  "https://www.googleapis.com/auth/logging.write",
                  "https://www.googleapis.com/auth/service.management",
                  "https://www.googleapis.com/auth/servicecontrol",
                  "https://www.googleapis.com/auth/cloud-platform",
                  "https://www.googleapis.com/auth/pubsub"
                ]
              }
            ],
            "shielded_instance_config": [],
            "state": "READY",
            "symptoms": [],
            "tags": [],
            "terraform_labels": {
              "goog-terraform-provisioned": "true"
            },
            "timeouts": null,
            "zone": "southamerica-west1-a"
          },
          "sensitive_attributes": [],
          "identity_schema_version": 0,
          "private": "eyJlMmJmYjczMC1lY2FhLTExZTYtOGY4OC0zNDM2M2JjN2M0YzAiOnsiY3JlYXRlIjoxMjAwMDAwMDAwMDAwLCJkZWxldGUiOjEyMDAwMDAwMDAwMDAsInVwZGF0ZSI6MTIwMDAwMDAwMDAwMH19",
          "dependencies": [
            "module.v6e-1.google_compute_disk.large_disk"
          ]
        },
        {
          "index_key": 8,
          "schema_version": 0,
          "attributes": {
            "accelerator_config": [
              {
                "topology": "1x1",
                "type": "V6E"
              }
            ],
            "accelerator_type": "v6e-1",
            "api_version": "V2_ALPHA1",
            "cidr_block": "10.194.0.0/20",
            "data_disks": [
              {
                "mode": "READ_WRITE",
                "source_disk": "projects/cloud-tpu-inference-test/zones/southamerica-west1-a/disks/tpu-bm-disk-v6e-1-southamerica-west1-a-8"
              }
            ],
            "description": "",
            "effective_labels": {
              "goog-terraform-provisioned": "true"
            },
            "health": "HEALTHY",
            "health_description": "",
            "id": "projects/cloud-tpu-inference-test/locations/southamerica-west1-a/nodes/vllm-tpu-v6e-1-bm-8",
            "labels": {},
            "metadata": {
              "startup-script": "#!/bin/bash     \n\n# Set env vars system-wide\ngrep -q \"^GCP_PROJECT_ID=\" /etc/environment || echo \"GCP_PROJECT_ID=cloud-tpu-inference-test\" | sudo tee -a /etc/environment\ngrep -q \"^GCP_INSTANCE_ID=\" /etc/environment || echo \"GCP_INSTANCE_ID=vllm-bm-inst\" | sudo tee -a /etc/environment\ngrep -q \"^GCP_DATABASE_ID=\" /etc/environment || echo \"GCP_DATABASE_ID=vllm-bm-runs\" | sudo tee -a /etc/environment\ngrep -q \"^GCP_REGION=\" /etc/environment || echo \"GCP_REGION=southamerica-west1\" | sudo tee -a /etc/environment\ngrep -q \"^GCP_INSTANCE_NAME=\" /etc/environment || echo \"GCP_INSTANCE_NAME=vllm-tpu-v6e-1-bm-8\" | sudo tee -a /etc/environment\ngrep -q \"^GCS_BUCKET=\" /etc/environment || echo \"GCS_BUCKET=vllm-cb-storage2\" | sudo tee -a /etc/environment\ngrep -q \"^GCP_QUEUE=\" /etc/environment || echo \"GCP_QUEUE=vllm-bm-queue-v6e-1\" | sudo tee -a /etc/environment\nif ! grep -q \"^HF_TOKEN=\" /etc/environment; then\n  gcloud secrets versions access latest --secret=bm-agent-hf-token --quiet | \\\n  sudo tee -a /etc/environment \u003e /dev/null \u003c\u003c\u003c \"HF_TOKEN=$(cat)\"\nfi\n\napt-get update\napt-get install -y curl build-essential jq\n\ncurl -o- https://get.docker.com/ | bash -\n\ncurl --proto '=https' --tlsv1.2 -sSf https://sh.rustup.rs | sh -s -- -y\n/root/.cargo/bin/cargo install minijinja-cli\ncp /root/.cargo/bin/minijinja-cli /usr/bin/minijinja-cli\nchmod 777 /usr/bin/minijinja-cli\n\n# Mount persistent disk\n\nsudo mkdir -p /mnt/disks/persist\n\n# Format if not already formatted\nif ! blkid /dev/nvme0n2; then\n  echo \"Formatting /dev/nvme0n2 as ext4...\"\n  sudo mkfs.ext4 -m 0 -E lazy_itable_init=0,lazy_journal_init=0,discard /dev/nvme0n2\nfi\n\n# Add to /etc/fstab using UUID\ndisk_uuid=$(blkid -s UUID -o value /dev/nvme0n2)\nif ! grep -q \"/mnt/disks/persist\" /etc/fstab; then\n  echo \"UUID=$disk_uuid /mnt/disks/persist ext4 defaults,discard 0 2\" | sudo tee -a /etc/fstab\nfi\n\n# Only mount if not already mounted (first boot or recovery)\nif ! mountpoint -q /mnt/disks/persist; then\n  sudo mount /mnt/disks/persist  \nfi\n\njq \". + {\\\"data-root\\\": \\\"/mnt/disks/persist\\\"}\" /etc/docker/daemon.json \u003e /tmp/daemon.json.tmp \u0026\u0026 mv /tmp/daemon.json.tmp /etc/docker/daemon.json\nsystemctl stop docker\nsystemctl daemon-reload\nsystemctl start docker\n\nuseradd -m -s /bin/bash bm-agent\nsudo usermod -aG docker bm-agent\n\n# Run the commands below as bm-agent user:\nsudo -u bm-agent -i bash \u003c\u003c EOBM\ngcloud auth configure-docker southamerica-west1-docker.pkg.dev --quiet\nrm -rf bm-infra\ngit clone https://github.com/QiliangCui/bm-infra.git\npushd bm-infra\ngit pull\ngit reset --hard cb092f5880ea09f10d5be24ef6d0a4054c833ead\npopd\nEOBM\ncp /home/bm-agent/bm-infra/service/bm-agent/bm-agent.service /etc/systemd/system/bm-agent.service\nsystemctl stop bm-agent.service\nsystemctl daemon-reload\nsystemctl enable bm-agent.service\nsystemctl start bm-agent.service\n"
            },
            "multislice_node": false,
            "name": "vllm-tpu-v6e-1-bm-8",
            "network_config": [
              {
                "can_ip_forward": false,
                "enable_external_ips": true,
                "network": "projects/cloud-tpu-inference-test/global/networks/default",
                "queue_count": 0,
                "subnetwork": "projects/cloud-tpu-inference-test/regions/southamerica-west1/subnetworks/default"
              }
            ],
            "network_configs": [],
            "network_endpoints": [
              {
                "access_config": [
                  {
                    "external_ip": "34.176.67.201"
                  }
                ],
                "ip_address": "10.194.0.149",
                "port": 8470
              }
            ],
            "project": "cloud-tpu-inference-test",
            "queued_resource": "",
            "runtime_version": "v2-alpha-tpuv6e",
            "scheduling_config": [],
            "service_account": [
              {
                "email": "32478767326-compute@developer.gserviceaccount.com",
                "scope": [
                  "https://www.googleapis.com/auth/devstorage.read_write",
                  "https://www.googleapis.com/auth/logging.write",
                  "https://www.googleapis.com/auth/service.management",
                  "https://www.googleapis.com/auth/servicecontrol",
                  "https://www.googleapis.com/auth/cloud-platform",
                  "https://www.googleapis.com/auth/pubsub"
                ]
              }
            ],
            "shielded_instance_config": [],
            "state": "READY",
            "symptoms": [],
            "tags": [],
            "terraform_labels": {
              "goog-terraform-provisioned": "true"
            },
            "timeouts": null,
            "zone": "southamerica-west1-a"
          },
          "sensitive_attributes": [],
          "identity_schema_version": 0,
          "private": "eyJlMmJmYjczMC1lY2FhLTExZTYtOGY4OC0zNDM2M2JjN2M0YzAiOnsiY3JlYXRlIjoxMjAwMDAwMDAwMDAwLCJkZWxldGUiOjEyMDAwMDAwMDAwMDAsInVwZGF0ZSI6MTIwMDAwMDAwMDAwMH19",
          "dependencies": [
            "module.v6e-1.google_compute_disk.large_disk"
          ]
        },
        {
          "index_key": 9,
          "schema_version": 0,
          "attributes": {
            "accelerator_config": [
              {
                "topology": "1x1",
                "type": "V6E"
              }
            ],
            "accelerator_type": "v6e-1",
            "api_version": "V2_ALPHA1",
            "cidr_block": "10.194.0.0/20",
            "data_disks": [
              {
                "mode": "READ_WRITE",
                "source_disk": "projects/cloud-tpu-inference-test/zones/southamerica-west1-a/disks/tpu-bm-disk-v6e-1-southamerica-west1-a-9"
              }
            ],
            "description": "",
            "effective_labels": {
              "goog-terraform-provisioned": "true"
            },
            "health": "HEALTHY",
            "health_description": "",
            "id": "projects/cloud-tpu-inference-test/locations/southamerica-west1-a/nodes/vllm-tpu-v6e-1-bm-9",
            "labels": {},
            "metadata": {
              "startup-script": "#!/bin/bash     \n\n# Set env vars system-wide\ngrep -q \"^GCP_PROJECT_ID=\" /etc/environment || echo \"GCP_PROJECT_ID=cloud-tpu-inference-test\" | sudo tee -a /etc/environment\ngrep -q \"^GCP_INSTANCE_ID=\" /etc/environment || echo \"GCP_INSTANCE_ID=vllm-bm-inst\" | sudo tee -a /etc/environment\ngrep -q \"^GCP_DATABASE_ID=\" /etc/environment || echo \"GCP_DATABASE_ID=vllm-bm-runs\" | sudo tee -a /etc/environment\ngrep -q \"^GCP_REGION=\" /etc/environment || echo \"GCP_REGION=southamerica-west1\" | sudo tee -a /etc/environment\ngrep -q \"^GCP_INSTANCE_NAME=\" /etc/environment || echo \"GCP_INSTANCE_NAME=vllm-tpu-v6e-1-bm-9\" | sudo tee -a /etc/environment\ngrep -q \"^GCS_BUCKET=\" /etc/environment || echo \"GCS_BUCKET=vllm-cb-storage2\" | sudo tee -a /etc/environment\ngrep -q \"^GCP_QUEUE=\" /etc/environment || echo \"GCP_QUEUE=vllm-bm-queue-v6e-1\" | sudo tee -a /etc/environment\nif ! grep -q \"^HF_TOKEN=\" /etc/environment; then\n  gcloud secrets versions access latest --secret=bm-agent-hf-token --quiet | \\\n  sudo tee -a /etc/environment \u003e /dev/null \u003c\u003c\u003c \"HF_TOKEN=$(cat)\"\nfi\n\napt-get update\napt-get install -y curl build-essential jq\n\ncurl -o- https://get.docker.com/ | bash -\n\ncurl --proto '=https' --tlsv1.2 -sSf https://sh.rustup.rs | sh -s -- -y\n/root/.cargo/bin/cargo install minijinja-cli\ncp /root/.cargo/bin/minijinja-cli /usr/bin/minijinja-cli\nchmod 777 /usr/bin/minijinja-cli\n\n# Mount persistent disk\n\nsudo mkdir -p /mnt/disks/persist\n\n# Format if not already formatted\nif ! blkid /dev/nvme0n2; then\n  echo \"Formatting /dev/nvme0n2 as ext4...\"\n  sudo mkfs.ext4 -m 0 -E lazy_itable_init=0,lazy_journal_init=0,discard /dev/nvme0n2\nfi\n\n# Add to /etc/fstab using UUID\ndisk_uuid=$(blkid -s UUID -o value /dev/nvme0n2)\nif ! grep -q \"/mnt/disks/persist\" /etc/fstab; then\n  echo \"UUID=$disk_uuid /mnt/disks/persist ext4 defaults,discard 0 2\" | sudo tee -a /etc/fstab\nfi\n\n# Only mount if not already mounted (first boot or recovery)\nif ! mountpoint -q /mnt/disks/persist; then\n  sudo mount /mnt/disks/persist  \nfi\n\njq \". + {\\\"data-root\\\": \\\"/mnt/disks/persist\\\"}\" /etc/docker/daemon.json \u003e /tmp/daemon.json.tmp \u0026\u0026 mv /tmp/daemon.json.tmp /etc/docker/daemon.json\nsystemctl stop docker\nsystemctl daemon-reload\nsystemctl start docker\n\nuseradd -m -s /bin/bash bm-agent\nsudo usermod -aG docker bm-agent\n\n# Run the commands below as bm-agent user:\nsudo -u bm-agent -i bash \u003c\u003c EOBM\ngcloud auth configure-docker southamerica-west1-docker.pkg.dev --quiet\nrm -rf bm-infra\ngit clone https://github.com/QiliangCui/bm-infra.git\npushd bm-infra\ngit pull\ngit reset --hard cb092f5880ea09f10d5be24ef6d0a4054c833ead\npopd\nEOBM\ncp /home/bm-agent/bm-infra/service/bm-agent/bm-agent.service /etc/systemd/system/bm-agent.service\nsystemctl stop bm-agent.service\nsystemctl daemon-reload\nsystemctl enable bm-agent.service\nsystemctl start bm-agent.service\n"
            },
            "multislice_node": false,
            "name": "vllm-tpu-v6e-1-bm-9",
            "network_config": [
              {
                "can_ip_forward": false,
                "enable_external_ips": true,
                "network": "projects/cloud-tpu-inference-test/global/networks/default",
                "queue_count": 0,
                "subnetwork": "projects/cloud-tpu-inference-test/regions/southamerica-west1/subnetworks/default"
              }
            ],
            "network_configs": [],
            "network_endpoints": [
              {
                "access_config": [
                  {
                    "external_ip": "34.176.139.206"
                  }
                ],
                "ip_address": "10.194.0.147",
                "port": 8470
              }
            ],
            "project": "cloud-tpu-inference-test",
            "queued_resource": "",
            "runtime_version": "v2-alpha-tpuv6e",
            "scheduling_config": [],
            "service_account": [
              {
                "email": "32478767326-compute@developer.gserviceaccount.com",
                "scope": [
                  "https://www.googleapis.com/auth/devstorage.read_write",
                  "https://www.googleapis.com/auth/logging.write",
                  "https://www.googleapis.com/auth/service.management",
                  "https://www.googleapis.com/auth/servicecontrol",
                  "https://www.googleapis.com/auth/cloud-platform",
                  "https://www.googleapis.com/auth/pubsub"
                ]
              }
            ],
            "shielded_instance_config": [],
            "state": "READY",
            "symptoms": [],
            "tags": [],
            "terraform_labels": {
              "goog-terraform-provisioned": "true"
            },
            "timeouts": null,
            "zone": "southamerica-west1-a"
          },
          "sensitive_attributes": [],
          "identity_schema_version": 0,
          "private": "eyJlMmJmYjczMC1lY2FhLTExZTYtOGY4OC0zNDM2M2JjN2M0YzAiOnsiY3JlYXRlIjoxMjAwMDAwMDAwMDAwLCJkZWxldGUiOjEyMDAwMDAwMDAwMDAsInVwZGF0ZSI6MTIwMDAwMDAwMDAwMH19",
          "dependencies": [
            "module.v6e-1.google_compute_disk.large_disk"
          ]
        },
        {
          "index_key": 10,
          "schema_version": 0,
          "attributes": {
            "accelerator_config": [
              {
                "topology": "1x1",
                "type": "V6E"
              }
            ],
            "accelerator_type": "v6e-1",
            "api_version": "V2_ALPHA1",
            "cidr_block": "10.194.0.0/20",
            "data_disks": [
              {
                "mode": "READ_WRITE",
                "source_disk": "projects/cloud-tpu-inference-test/zones/southamerica-west1-a/disks/tpu-bm-disk-v6e-1-southamerica-west1-a-10"
              }
            ],
            "description": "",
            "effective_labels": {
              "goog-terraform-provisioned": "true"
            },
            "health": "HEALTHY",
            "health_description": "The TPU had a maintenance event at 2025-06-21T17:42:14.897049914Z",
            "id": "projects/cloud-tpu-inference-test/locations/southamerica-west1-a/nodes/vllm-tpu-v6e-1-bm-10",
            "labels": {},
            "metadata": {
              "startup-script": "#!/bin/bash     \n\n# Set env vars system-wide\ngrep -q \"^GCP_PROJECT_ID=\" /etc/environment || echo \"GCP_PROJECT_ID=cloud-tpu-inference-test\" | sudo tee -a /etc/environment\ngrep -q \"^GCP_INSTANCE_ID=\" /etc/environment || echo \"GCP_INSTANCE_ID=vllm-bm-inst\" | sudo tee -a /etc/environment\ngrep -q \"^GCP_DATABASE_ID=\" /etc/environment || echo \"GCP_DATABASE_ID=vllm-bm-runs\" | sudo tee -a /etc/environment\ngrep -q \"^GCP_REGION=\" /etc/environment || echo \"GCP_REGION=southamerica-west1\" | sudo tee -a /etc/environment\ngrep -q \"^GCP_INSTANCE_NAME=\" /etc/environment || echo \"GCP_INSTANCE_NAME=vllm-tpu-v6e-1-bm-10\" | sudo tee -a /etc/environment\ngrep -q \"^GCS_BUCKET=\" /etc/environment || echo \"GCS_BUCKET=vllm-cb-storage2\" | sudo tee -a /etc/environment\ngrep -q \"^GCP_QUEUE=\" /etc/environment || echo \"GCP_QUEUE=vllm-bm-queue-v6e-1\" | sudo tee -a /etc/environment\nif ! grep -q \"^HF_TOKEN=\" /etc/environment; then\n  gcloud secrets versions access latest --secret=bm-agent-hf-token --quiet | \\\n  sudo tee -a /etc/environment \u003e /dev/null \u003c\u003c\u003c \"HF_TOKEN=$(cat)\"\nfi\n\napt-get update\napt-get install -y curl build-essential jq\n\ncurl -o- https://get.docker.com/ | bash -\n\ncurl --proto '=https' --tlsv1.2 -sSf https://sh.rustup.rs | sh -s -- -y\n/root/.cargo/bin/cargo install minijinja-cli\ncp /root/.cargo/bin/minijinja-cli /usr/bin/minijinja-cli\nchmod 777 /usr/bin/minijinja-cli\n\n# Mount persistent disk\n\nsudo mkdir -p /mnt/disks/persist\n\n# Format if not already formatted\nif ! blkid /dev/nvme0n2; then\n  echo \"Formatting /dev/nvme0n2 as ext4...\"\n  sudo mkfs.ext4 -m 0 -E lazy_itable_init=0,lazy_journal_init=0,discard /dev/nvme0n2\nfi\n\n# Add to /etc/fstab using UUID\ndisk_uuid=$(blkid -s UUID -o value /dev/nvme0n2)\nif ! grep -q \"/mnt/disks/persist\" /etc/fstab; then\n  echo \"UUID=$disk_uuid /mnt/disks/persist ext4 defaults,discard 0 2\" | sudo tee -a /etc/fstab\nfi\n\n# Only mount if not already mounted (first boot or recovery)\nif ! mountpoint -q /mnt/disks/persist; then\n  sudo mount /mnt/disks/persist  \nfi\n\njq \". + {\\\"data-root\\\": \\\"/mnt/disks/persist\\\"}\" /etc/docker/daemon.json \u003e /tmp/daemon.json.tmp \u0026\u0026 mv /tmp/daemon.json.tmp /etc/docker/daemon.json\nsystemctl stop docker\nsystemctl daemon-reload\nsystemctl start docker\n\nuseradd -m -s /bin/bash bm-agent\nsudo usermod -aG docker bm-agent\n\n# Run the commands below as bm-agent user:\nsudo -u bm-agent -i bash \u003c\u003c EOBM\ngcloud auth configure-docker southamerica-west1-docker.pkg.dev --quiet\nrm -rf bm-infra\ngit clone https://github.com/QiliangCui/bm-infra.git\npushd bm-infra\ngit pull\ngit reset --hard cb092f5880ea09f10d5be24ef6d0a4054c833ead\npopd\nEOBM\ncp /home/bm-agent/bm-infra/service/bm-agent/bm-agent.service /etc/systemd/system/bm-agent.service\nsystemctl stop bm-agent.service\nsystemctl daemon-reload\nsystemctl enable bm-agent.service\nsystemctl start bm-agent.service\n"
            },
            "multislice_node": false,
            "name": "vllm-tpu-v6e-1-bm-10",
            "network_config": [
              {
                "can_ip_forward": false,
                "enable_external_ips": true,
                "network": "projects/cloud-tpu-inference-test/global/networks/default",
                "queue_count": 0,
                "subnetwork": "projects/cloud-tpu-inference-test/regions/southamerica-west1/subnetworks/default"
              }
            ],
            "network_configs": [],
            "network_endpoints": [
              {
                "access_config": [
                  {
                    "external_ip": "34.176.175.219"
                  }
                ],
                "ip_address": "10.194.0.151",
                "port": 8470
              }
            ],
            "project": "cloud-tpu-inference-test",
            "queued_resource": "",
            "runtime_version": "v2-alpha-tpuv6e",
            "scheduling_config": [],
            "service_account": [
              {
                "email": "32478767326-compute@developer.gserviceaccount.com",
                "scope": [
                  "https://www.googleapis.com/auth/devstorage.read_write",
                  "https://www.googleapis.com/auth/logging.write",
                  "https://www.googleapis.com/auth/service.management",
                  "https://www.googleapis.com/auth/servicecontrol",
                  "https://www.googleapis.com/auth/cloud-platform",
                  "https://www.googleapis.com/auth/pubsub"
                ]
              }
            ],
            "shielded_instance_config": [],
            "state": "READY",
            "symptoms": [],
            "tags": [],
            "terraform_labels": {
              "goog-terraform-provisioned": "true"
            },
            "timeouts": null,
            "zone": "southamerica-west1-a"
          },
          "sensitive_attributes": [],
          "identity_schema_version": 0,
          "private": "eyJlMmJmYjczMC1lY2FhLTExZTYtOGY4OC0zNDM2M2JjN2M0YzAiOnsiY3JlYXRlIjoxMjAwMDAwMDAwMDAwLCJkZWxldGUiOjEyMDAwMDAwMDAwMDAsInVwZGF0ZSI6MTIwMDAwMDAwMDAwMH19",
          "dependencies": [
            "module.v6e-1.google_compute_disk.large_disk"
          ]
        },
        {
          "index_key": 11,
          "schema_version": 0,
          "attributes": {
            "accelerator_config": [
              {
                "topology": "1x1",
                "type": "V6E"
              }
            ],
            "accelerator_type": "v6e-1",
            "api_version": "V2_ALPHA1",
            "cidr_block": "10.194.0.0/20",
            "data_disks": [
              {
                "mode": "READ_WRITE",
                "source_disk": "projects/cloud-tpu-inference-test/zones/southamerica-west1-a/disks/tpu-bm-disk-v6e-1-southamerica-west1-a-11"
              }
            ],
            "description": "",
            "effective_labels": {
              "goog-terraform-provisioned": "true"
            },
            "health": "HEALTHY",
            "health_description": "",
            "id": "projects/cloud-tpu-inference-test/locations/southamerica-west1-a/nodes/vllm-tpu-v6e-1-bm-11",
            "labels": {},
            "metadata": {
              "startup-script": "#!/bin/bash     \n\n# Set env vars system-wide\ngrep -q \"^GCP_PROJECT_ID=\" /etc/environment || echo \"GCP_PROJECT_ID=cloud-tpu-inference-test\" | sudo tee -a /etc/environment\ngrep -q \"^GCP_INSTANCE_ID=\" /etc/environment || echo \"GCP_INSTANCE_ID=vllm-bm-inst\" | sudo tee -a /etc/environment\ngrep -q \"^GCP_DATABASE_ID=\" /etc/environment || echo \"GCP_DATABASE_ID=vllm-bm-runs\" | sudo tee -a /etc/environment\ngrep -q \"^GCP_REGION=\" /etc/environment || echo \"GCP_REGION=southamerica-west1\" | sudo tee -a /etc/environment\ngrep -q \"^GCP_INSTANCE_NAME=\" /etc/environment || echo \"GCP_INSTANCE_NAME=vllm-tpu-v6e-1-bm-11\" | sudo tee -a /etc/environment\ngrep -q \"^GCS_BUCKET=\" /etc/environment || echo \"GCS_BUCKET=vllm-cb-storage2\" | sudo tee -a /etc/environment\ngrep -q \"^GCP_QUEUE=\" /etc/environment || echo \"GCP_QUEUE=vllm-bm-queue-v6e-1\" | sudo tee -a /etc/environment\nif ! grep -q \"^HF_TOKEN=\" /etc/environment; then\n  gcloud secrets versions access latest --secret=bm-agent-hf-token --quiet | \\\n  sudo tee -a /etc/environment \u003e /dev/null \u003c\u003c\u003c \"HF_TOKEN=$(cat)\"\nfi\n\napt-get update\napt-get install -y curl build-essential jq\n\ncurl -o- https://get.docker.com/ | bash -\n\ncurl --proto '=https' --tlsv1.2 -sSf https://sh.rustup.rs | sh -s -- -y\n/root/.cargo/bin/cargo install minijinja-cli\ncp /root/.cargo/bin/minijinja-cli /usr/bin/minijinja-cli\nchmod 777 /usr/bin/minijinja-cli\n\n# Mount persistent disk\n\nsudo mkdir -p /mnt/disks/persist\n\n# Format if not already formatted\nif ! blkid /dev/nvme0n2; then\n  echo \"Formatting /dev/nvme0n2 as ext4...\"\n  sudo mkfs.ext4 -m 0 -E lazy_itable_init=0,lazy_journal_init=0,discard /dev/nvme0n2\nfi\n\n# Add to /etc/fstab using UUID\ndisk_uuid=$(blkid -s UUID -o value /dev/nvme0n2)\nif ! grep -q \"/mnt/disks/persist\" /etc/fstab; then\n  echo \"UUID=$disk_uuid /mnt/disks/persist ext4 defaults,discard 0 2\" | sudo tee -a /etc/fstab\nfi\n\n# Only mount if not already mounted (first boot or recovery)\nif ! mountpoint -q /mnt/disks/persist; then\n  sudo mount /mnt/disks/persist  \nfi\n\njq \". + {\\\"data-root\\\": \\\"/mnt/disks/persist\\\"}\" /etc/docker/daemon.json \u003e /tmp/daemon.json.tmp \u0026\u0026 mv /tmp/daemon.json.tmp /etc/docker/daemon.json\nsystemctl stop docker\nsystemctl daemon-reload\nsystemctl start docker\n\nuseradd -m -s /bin/bash bm-agent\nsudo usermod -aG docker bm-agent\n\n# Run the commands below as bm-agent user:\nsudo -u bm-agent -i bash \u003c\u003c EOBM\ngcloud auth configure-docker southamerica-west1-docker.pkg.dev --quiet\nrm -rf bm-infra\ngit clone https://github.com/QiliangCui/bm-infra.git\npushd bm-infra\ngit pull\ngit reset --hard cb092f5880ea09f10d5be24ef6d0a4054c833ead\npopd\nEOBM\ncp /home/bm-agent/bm-infra/service/bm-agent/bm-agent.service /etc/systemd/system/bm-agent.service\nsystemctl stop bm-agent.service\nsystemctl daemon-reload\nsystemctl enable bm-agent.service\nsystemctl start bm-agent.service\n"
            },
            "multislice_node": false,
            "name": "vllm-tpu-v6e-1-bm-11",
            "network_config": [
              {
                "can_ip_forward": false,
                "enable_external_ips": true,
                "network": "projects/cloud-tpu-inference-test/global/networks/default",
                "queue_count": 0,
                "subnetwork": "projects/cloud-tpu-inference-test/regions/southamerica-west1/subnetworks/default"
              }
            ],
            "network_configs": [],
            "network_endpoints": [
              {
                "access_config": [
                  {
                    "external_ip": "34.176.198.173"
                  }
                ],
                "ip_address": "10.194.0.146",
                "port": 8470
              }
            ],
            "project": "cloud-tpu-inference-test",
            "queued_resource": "",
            "runtime_version": "v2-alpha-tpuv6e",
            "scheduling_config": [],
            "service_account": [
              {
                "email": "32478767326-compute@developer.gserviceaccount.com",
                "scope": [
                  "https://www.googleapis.com/auth/devstorage.read_write",
                  "https://www.googleapis.com/auth/logging.write",
                  "https://www.googleapis.com/auth/service.management",
                  "https://www.googleapis.com/auth/servicecontrol",
                  "https://www.googleapis.com/auth/cloud-platform",
                  "https://www.googleapis.com/auth/pubsub"
                ]
              }
            ],
            "shielded_instance_config": [],
            "state": "READY",
            "symptoms": [],
            "tags": [],
            "terraform_labels": {
              "goog-terraform-provisioned": "true"
            },
            "timeouts": null,
            "zone": "southamerica-west1-a"
          },
          "sensitive_attributes": [],
          "identity_schema_version": 0,
          "private": "eyJlMmJmYjczMC1lY2FhLTExZTYtOGY4OC0zNDM2M2JjN2M0YzAiOnsiY3JlYXRlIjoxMjAwMDAwMDAwMDAwLCJkZWxldGUiOjEyMDAwMDAwMDAwMDAsInVwZGF0ZSI6MTIwMDAwMDAwMDAwMH19",
          "dependencies": [
            "module.v6e-1.google_compute_disk.large_disk"
          ]
        }
      ]
    },
    {
      "module": "module.v6e-1-queue",
      "mode": "managed",
      "type": "google_pubsub_subscription",
      "name": "agent_subscription",
      "provider": "provider[\"registry.terraform.io/hashicorp/google\"]",
      "instances": [
        {
          "schema_version": 0,
          "attributes": {
            "ack_deadline_seconds": 600,
            "bigquery_config": [],
            "cloud_storage_config": [],
            "dead_letter_policy": [],
            "effective_labels": {
              "goog-terraform-provisioned": "true"
            },
            "enable_exactly_once_delivery": false,
            "enable_message_ordering": false,
            "expiration_policy": [
              {
                "ttl": "2678400s"
              }
            ],
            "filter": "",
            "id": "projects/cloud-tpu-inference-test/subscriptions/vllm-bm-queue-v6e-1-agent",
            "labels": {},
            "message_retention_duration": "604800s",
            "message_transforms": [],
            "name": "vllm-bm-queue-v6e-1-agent",
            "project": "cloud-tpu-inference-test",
            "push_config": [],
            "retain_acked_messages": false,
            "retry_policy": [],
            "terraform_labels": {
              "goog-terraform-provisioned": "true"
            },
            "timeouts": null,
            "topic": "projects/cloud-tpu-inference-test/topics/vllm-bm-queue-v6e-1"
          },
          "sensitive_attributes": [],
          "identity_schema_version": 0,
          "private": "eyJlMmJmYjczMC1lY2FhLTExZTYtOGY4OC0zNDM2M2JjN2M0YzAiOnsiY3JlYXRlIjoxMjAwMDAwMDAwMDAwLCJkZWxldGUiOjEyMDAwMDAwMDAwMDAsInVwZGF0ZSI6MTIwMDAwMDAwMDAwMH19",
          "dependencies": [
            "module.v6e-1-queue.google_pubsub_topic.queue"
          ]
        }
      ]
    },
    {
      "module": "module.v6e-1-queue",
      "mode": "managed",
      "type": "google_pubsub_topic",
      "name": "queue",
      "provider": "provider[\"registry.terraform.io/hashicorp/google\"]",
      "instances": [
        {
          "schema_version": 0,
          "attributes": {
            "effective_labels": {
              "goog-terraform-provisioned": "true"
            },
            "id": "projects/cloud-tpu-inference-test/topics/vllm-bm-queue-v6e-1",
            "ingestion_data_source_settings": [],
            "kms_key_name": "",
            "labels": {},
            "message_retention_duration": "",
            "message_storage_policy": [
              {
                "allowed_persistence_regions": [
                  "asia-east1",
                  "asia-northeast1",
                  "asia-southeast1",
                  "australia-southeast1",
                  "europe-north1",
                  "europe-north2",
                  "europe-west1",
                  "europe-west2",
                  "europe-west3",
                  "europe-west4",
                  "southamerica-west1",
                  "us-central1",
                  "us-central2",
                  "us-east1",
                  "us-east4",
                  "us-east5",
                  "us-east7",
                  "us-south1",
                  "us-west1",
                  "us-west2",
                  "us-west3",
                  "us-west4",
                  "us-west8"
                ],
                "enforce_in_transit": false
              }
            ],
            "message_transforms": [],
            "name": "vllm-bm-queue-v6e-1",
            "project": "cloud-tpu-inference-test",
            "schema_settings": [],
            "terraform_labels": {
              "goog-terraform-provisioned": "true"
            },
            "timeouts": null
          },
          "sensitive_attributes": [],
          "identity_schema_version": 0,
          "private": "eyJlMmJmYjczMC1lY2FhLTExZTYtOGY4OC0zNDM2M2JjN2M0YzAiOnsiY3JlYXRlIjoxMjAwMDAwMDAwMDAwLCJkZWxldGUiOjEyMDAwMDAwMDAwMDAsInVwZGF0ZSI6MTIwMDAwMDAwMDAwMH19"
        }
      ]
    },
    {
      "module": "module.v6e-4",
      "mode": "managed",
      "type": "google_compute_disk",
      "name": "large_disk",
      "provider": "provider[\"registry.terraform.io/hashicorp/google-beta\"]",
      "instances": [
        {
          "index_key": 0,
          "schema_version": 0,
          "attributes": {
            "access_mode": "READ_WRITE_SINGLE",
            "architecture": null,
            "async_primary_disk": [],
            "create_snapshot_before_destroy": false,
            "create_snapshot_before_destroy_prefix": null,
            "creation_timestamp": "2025-06-14T00:57:55.885-07:00",
            "description": "",
            "disk_encryption_key": [],
            "disk_id": "2289363884192077164",
            "effective_labels": {
              "goog-terraform-provisioned": "true"
            },
            "enable_confidential_compute": false,
            "guest_os_features": [],
            "id": "projects/cloud-tpu-inference-test/zones/southamerica-west1-a/disks/tpu-bm-disk-v6e-4-southamerica-west1-a-0",
            "image": "",
            "interface": null,
            "label_fingerprint": "vezUS-42LLM=",
            "labels": {},
            "last_attach_timestamp": "2025-06-14T00:58:36.565-07:00",
            "last_detach_timestamp": "",
            "licenses": [],
            "multi_writer": false,
            "name": "tpu-bm-disk-v6e-4-southamerica-west1-a-0",
            "params": [],
            "physical_block_size_bytes": 4096,
            "project": "cloud-tpu-inference-test",
            "provisioned_iops": 6072,
            "provisioned_throughput": 908,
            "resource_policies": [],
            "self_link": "https://www.googleapis.com/compute/v1/projects/cloud-tpu-inference-test/zones/southamerica-west1-a/disks/tpu-bm-disk-v6e-4-southamerica-west1-a-0",
            "size": 512,
            "snapshot": "",
            "source_disk": "",
            "source_disk_id": "",
            "source_image_encryption_key": [],
            "source_image_id": "",
            "source_instant_snapshot": "",
            "source_instant_snapshot_id": "",
            "source_snapshot_encryption_key": [],
            "source_snapshot_id": "",
            "source_storage_object": null,
            "storage_pool": "",
            "terraform_labels": {
              "goog-terraform-provisioned": "true"
            },
            "timeouts": null,
            "type": "hyperdisk-balanced",
            "users": [
              "https://www.googleapis.com/compute/v1/projects/cloud-tpu-inference-test/zones/southamerica-west1-a/instances/t1v-n-9f2428b9-w-0"
            ],
            "zone": "southamerica-west1-a"
          },
          "sensitive_attributes": [],
          "identity_schema_version": 0,
          "private": "eyJlMmJmYjczMC1lY2FhLTExZTYtOGY4OC0zNDM2M2JjN2M0YzAiOnsiY3JlYXRlIjoxMjAwMDAwMDAwMDAwLCJkZWxldGUiOjEyMDAwMDAwMDAwMDAsInVwZGF0ZSI6MTIwMDAwMDAwMDAwMH19"
        }
      ]
    },
    {
      "module": "module.v6e-4",
      "mode": "managed",
      "type": "google_tpu_v2_vm",
      "name": "tpu_v6",
      "provider": "provider[\"registry.terraform.io/hashicorp/google-beta\"]",
      "instances": [
        {
          "index_key": 0,
          "schema_version": 0,
          "attributes": {
            "accelerator_config": [
              {
                "topology": "2x2",
                "type": "V6E"
              }
            ],
            "accelerator_type": "v6e-4",
            "api_version": "V2_ALPHA1",
            "cidr_block": "10.194.0.0/20",
            "data_disks": [
              {
                "mode": "READ_WRITE",
                "source_disk": "projects/cloud-tpu-inference-test/zones/southamerica-west1-a/disks/tpu-bm-disk-v6e-4-southamerica-west1-a-0"
              }
            ],
            "description": "",
            "effective_labels": {
              "goog-terraform-provisioned": "true"
            },
            "health": "HEALTHY",
            "health_description": "The TPU had a maintenance event at 2025-06-20T04:44:08.403321809Z",
            "id": "projects/cloud-tpu-inference-test/locations/southamerica-west1-a/nodes/vllm-tpu-v6e-4-bm-0",
            "labels": {},
            "metadata": {
              "startup-script": "#!/bin/bash     \n\n# Set env vars system-wide\ngrep -q \"^GCP_PROJECT_ID=\" /etc/environment || echo \"GCP_PROJECT_ID=cloud-tpu-inference-test\" | sudo tee -a /etc/environment\ngrep -q \"^GCP_INSTANCE_ID=\" /etc/environment || echo \"GCP_INSTANCE_ID=vllm-bm-inst\" | sudo tee -a /etc/environment\ngrep -q \"^GCP_DATABASE_ID=\" /etc/environment || echo \"GCP_DATABASE_ID=vllm-bm-runs\" | sudo tee -a /etc/environment\ngrep -q \"^GCP_REGION=\" /etc/environment || echo \"GCP_REGION=southamerica-west1\" | sudo tee -a /etc/environment\ngrep -q \"^GCP_INSTANCE_NAME=\" /etc/environment || echo \"GCP_INSTANCE_NAME=vllm-tpu-v6e-4-bm-0\" | sudo tee -a /etc/environment\ngrep -q \"^GCS_BUCKET=\" /etc/environment || echo \"GCS_BUCKET=vllm-cb-storage2\" | sudo tee -a /etc/environment\ngrep -q \"^GCP_QUEUE=\" /etc/environment || echo \"GCP_QUEUE=vllm-bm-queue-v6e-4\" | sudo tee -a /etc/environment\nif ! grep -q \"^HF_TOKEN=\" /etc/environment; then\n  gcloud secrets versions access latest --secret=bm-agent-hf-token --quiet | \\\n  sudo tee -a /etc/environment \u003e /dev/null \u003c\u003c\u003c \"HF_TOKEN=$(cat)\"\nfi\n\napt-get update\napt-get install -y curl build-essential jq\n\ncurl -o- https://get.docker.com/ | bash -\n\ncurl --proto '=https' --tlsv1.2 -sSf https://sh.rustup.rs | sh -s -- -y\n/root/.cargo/bin/cargo install minijinja-cli\ncp /root/.cargo/bin/minijinja-cli /usr/bin/minijinja-cli\nchmod 777 /usr/bin/minijinja-cli\n\n# Mount persistent disk\n\nsudo mkdir -p /mnt/disks/persist\n\n# Format if not already formatted\nif ! blkid /dev/nvme0n2; then\n  echo \"Formatting /dev/nvme0n2 as ext4...\"\n  sudo mkfs.ext4 -m 0 -E lazy_itable_init=0,lazy_journal_init=0,discard /dev/nvme0n2\nfi\n\n# Add to /etc/fstab using UUID\ndisk_uuid=$(blkid -s UUID -o value /dev/nvme0n2)\nif ! grep -q \"/mnt/disks/persist\" /etc/fstab; then\n  echo \"UUID=$disk_uuid /mnt/disks/persist ext4 defaults,discard 0 2\" | sudo tee -a /etc/fstab\nfi\n\n# Only mount if not already mounted (first boot or recovery)\nif ! mountpoint -q /mnt/disks/persist; then\n  sudo mount /mnt/disks/persist  \nfi\n\njq \". + {\\\"data-root\\\": \\\"/mnt/disks/persist\\\"}\" /etc/docker/daemon.json \u003e /tmp/daemon.json.tmp \u0026\u0026 mv /tmp/daemon.json.tmp /etc/docker/daemon.json\nsystemctl stop docker\nsystemctl daemon-reload\nsystemctl start docker\n\nuseradd -m -s /bin/bash bm-agent\nsudo usermod -aG docker bm-agent\n\n# Run the commands below as bm-agent user:\nsudo -u bm-agent -i bash \u003c\u003c EOBM\ngcloud auth configure-docker southamerica-west1-docker.pkg.dev --quiet\nrm -rf bm-infra\ngit clone https://github.com/QiliangCui/bm-infra.git\npushd bm-infra\ngit pull\ngit reset --hard cb092f5880ea09f10d5be24ef6d0a4054c833ead\npopd\nEOBM\ncp /home/bm-agent/bm-infra/service/bm-agent/bm-agent.service /etc/systemd/system/bm-agent.service\nsystemctl stop bm-agent.service\nsystemctl daemon-reload\nsystemctl enable bm-agent.service\nsystemctl start bm-agent.service\n"
            },
            "multislice_node": false,
            "name": "vllm-tpu-v6e-4-bm-0",
            "network_config": [
              {
                "can_ip_forward": false,
                "enable_external_ips": true,
                "network": "projects/cloud-tpu-inference-test/global/networks/default",
                "queue_count": 0,
                "subnetwork": "projects/cloud-tpu-inference-test/regions/southamerica-west1/subnetworks/default"
              }
            ],
            "network_configs": [],
            "network_endpoints": [
              {
                "access_config": [
                  {
                    "external_ip": "34.176.222.120"
                  }
                ],
                "ip_address": "10.194.0.28",
                "port": 8470
              }
            ],
            "project": "cloud-tpu-inference-test",
            "queued_resource": "",
            "runtime_version": "v2-alpha-tpuv6e",
            "scheduling_config": [],
            "service_account": [
              {
                "email": "32478767326-compute@developer.gserviceaccount.com",
                "scope": [
                  "https://www.googleapis.com/auth/devstorage.read_write",
                  "https://www.googleapis.com/auth/logging.write",
                  "https://www.googleapis.com/auth/service.management",
                  "https://www.googleapis.com/auth/servicecontrol",
                  "https://www.googleapis.com/auth/cloud-platform",
                  "https://www.googleapis.com/auth/pubsub"
                ]
              }
            ],
            "shielded_instance_config": [],
            "state": "READY",
            "symptoms": [],
            "tags": [],
            "terraform_labels": {
              "goog-terraform-provisioned": "true"
            },
            "timeouts": null,
            "zone": "southamerica-west1-a"
          },
          "sensitive_attributes": [],
          "identity_schema_version": 0,
          "private": "eyJlMmJmYjczMC1lY2FhLTExZTYtOGY4OC0zNDM2M2JjN2M0YzAiOnsiY3JlYXRlIjoxMjAwMDAwMDAwMDAwLCJkZWxldGUiOjEyMDAwMDAwMDAwMDAsInVwZGF0ZSI6MTIwMDAwMDAwMDAwMH19",
          "dependencies": [
            "module.v6e-4.google_compute_disk.large_disk"
          ]
        }
      ]
    },
    {
      "module": "module.v6e-4-queue",
      "mode": "managed",
      "type": "google_pubsub_subscription",
      "name": "agent_subscription",
      "provider": "provider[\"registry.terraform.io/hashicorp/google\"]",
      "instances": [
        {
          "schema_version": 0,
          "attributes": {
            "ack_deadline_seconds": 600,
            "bigquery_config": [],
            "cloud_storage_config": [],
            "dead_letter_policy": [],
            "effective_labels": {
              "goog-terraform-provisioned": "true"
            },
            "enable_exactly_once_delivery": false,
            "enable_message_ordering": false,
            "expiration_policy": [
              {
                "ttl": "2678400s"
              }
            ],
            "filter": "",
            "id": "projects/cloud-tpu-inference-test/subscriptions/vllm-bm-queue-v6e-4-agent",
            "labels": {},
            "message_retention_duration": "604800s",
            "message_transforms": [],
            "name": "vllm-bm-queue-v6e-4-agent",
            "project": "cloud-tpu-inference-test",
            "push_config": [],
            "retain_acked_messages": false,
            "retry_policy": [],
            "terraform_labels": {
              "goog-terraform-provisioned": "true"
            },
            "timeouts": null,
            "topic": "projects/cloud-tpu-inference-test/topics/vllm-bm-queue-v6e-4"
          },
          "sensitive_attributes": [],
          "identity_schema_version": 0,
          "private": "eyJlMmJmYjczMC1lY2FhLTExZTYtOGY4OC0zNDM2M2JjN2M0YzAiOnsiY3JlYXRlIjoxMjAwMDAwMDAwMDAwLCJkZWxldGUiOjEyMDAwMDAwMDAwMDAsInVwZGF0ZSI6MTIwMDAwMDAwMDAwMH19",
          "dependencies": [
            "module.v6e-4-queue.google_pubsub_topic.queue"
          ]
        }
      ]
    },
    {
      "module": "module.v6e-4-queue",
      "mode": "managed",
      "type": "google_pubsub_topic",
      "name": "queue",
      "provider": "provider[\"registry.terraform.io/hashicorp/google\"]",
      "instances": [
        {
          "schema_version": 0,
          "attributes": {
            "effective_labels": {
              "goog-terraform-provisioned": "true"
            },
            "id": "projects/cloud-tpu-inference-test/topics/vllm-bm-queue-v6e-4",
            "ingestion_data_source_settings": [],
            "kms_key_name": "",
            "labels": {},
            "message_retention_duration": "",
            "message_storage_policy": [
              {
                "allowed_persistence_regions": [
                  "asia-east1",
                  "asia-northeast1",
                  "asia-southeast1",
                  "australia-southeast1",
                  "europe-north1",
                  "europe-north2",
                  "europe-west1",
                  "europe-west2",
                  "europe-west3",
                  "europe-west4",
                  "southamerica-west1",
                  "us-central1",
                  "us-central2",
                  "us-east1",
                  "us-east4",
                  "us-east5",
                  "us-east7",
                  "us-south1",
                  "us-west1",
                  "us-west2",
                  "us-west3",
                  "us-west4",
                  "us-west8"
                ],
                "enforce_in_transit": false
              }
            ],
            "message_transforms": [],
            "name": "vllm-bm-queue-v6e-4",
            "project": "cloud-tpu-inference-test",
            "schema_settings": [],
            "terraform_labels": {
              "goog-terraform-provisioned": "true"
            },
            "timeouts": null
          },
          "sensitive_attributes": [],
          "identity_schema_version": 0,
          "private": "eyJlMmJmYjczMC1lY2FhLTExZTYtOGY4OC0zNDM2M2JjN2M0YzAiOnsiY3JlYXRlIjoxMjAwMDAwMDAwMDAwLCJkZWxldGUiOjEyMDAwMDAwMDAwMDAsInVwZGF0ZSI6MTIwMDAwMDAwMDAwMH19"
        }
      ]
    },
    {
      "module": "module.v6e-8",
      "mode": "managed",
      "type": "google_compute_disk",
      "name": "large_disk",
      "provider": "provider[\"registry.terraform.io/hashicorp/google-beta\"]",
      "instances": [
        {
          "index_key": 0,
          "schema_version": 0,
          "attributes": {
            "access_mode": "READ_WRITE_SINGLE",
            "architecture": null,
            "async_primary_disk": [],
            "create_snapshot_before_destroy": false,
            "create_snapshot_before_destroy_prefix": null,
            "creation_timestamp": "2025-06-14T00:57:55.885-07:00",
            "description": "",
            "disk_encryption_key": [],
            "disk_id": "6546590649727096172",
            "effective_labels": {
              "goog-terraform-provisioned": "true"
            },
            "enable_confidential_compute": false,
            "guest_os_features": [],
            "id": "projects/cloud-tpu-inference-test/zones/southamerica-west1-a/disks/tpu-bm-disk-v6e-8-southamerica-west1-a-0",
            "image": "",
            "interface": null,
            "label_fingerprint": "vezUS-42LLM=",
            "labels": {},
            "last_attach_timestamp": "2025-06-14T00:58:39.859-07:00",
            "last_detach_timestamp": "",
            "licenses": [],
            "multi_writer": false,
            "name": "tpu-bm-disk-v6e-8-southamerica-west1-a-0",
            "params": [],
            "physical_block_size_bytes": 4096,
            "project": "cloud-tpu-inference-test",
            "provisioned_iops": 6072,
            "provisioned_throughput": 908,
            "resource_policies": [],
            "self_link": "https://www.googleapis.com/compute/v1/projects/cloud-tpu-inference-test/zones/southamerica-west1-a/disks/tpu-bm-disk-v6e-8-southamerica-west1-a-0",
            "size": 2048,
            "snapshot": "",
            "source_disk": "",
            "source_disk_id": "",
            "source_image_encryption_key": [],
            "source_image_id": "",
            "source_instant_snapshot": "",
            "source_instant_snapshot_id": "",
            "source_snapshot_encryption_key": [],
            "source_snapshot_id": "",
            "source_storage_object": null,
            "storage_pool": "",
            "terraform_labels": {
              "goog-terraform-provisioned": "true"
            },
            "timeouts": null,
            "type": "hyperdisk-balanced",
            "users": [
              "https://www.googleapis.com/compute/v1/projects/cloud-tpu-inference-test/zones/southamerica-west1-a/instances/t1v-n-53607a60-w-0"
            ],
            "zone": "southamerica-west1-a"
          },
          "sensitive_attributes": [],
          "identity_schema_version": 0,
          "private": "eyJlMmJmYjczMC1lY2FhLTExZTYtOGY4OC0zNDM2M2JjN2M0YzAiOnsiY3JlYXRlIjoxMjAwMDAwMDAwMDAwLCJkZWxldGUiOjEyMDAwMDAwMDAwMDAsInVwZGF0ZSI6MTIwMDAwMDAwMDAwMH19"
        },
        {
          "index_key": 1,
          "schema_version": 0,
          "attributes": {
            "access_mode": "READ_WRITE_SINGLE",
            "architecture": null,
            "async_primary_disk": [],
            "create_snapshot_before_destroy": false,
            "create_snapshot_before_destroy_prefix": null,
            "creation_timestamp": "2025-06-14T12:57:29.288-07:00",
            "description": "",
            "disk_encryption_key": [],
            "disk_id": "472470801042401990",
            "effective_labels": {
              "goog-terraform-provisioned": "true"
            },
            "enable_confidential_compute": false,
            "guest_os_features": [],
            "id": "projects/cloud-tpu-inference-test/zones/southamerica-west1-a/disks/tpu-bm-disk-v6e-8-southamerica-west1-a-1",
            "image": "",
            "interface": null,
            "label_fingerprint": "vezUS-42LLM=",
            "labels": {},
            "last_attach_timestamp": "2025-06-14T12:58:08.744-07:00",
            "last_detach_timestamp": "",
            "licenses": [],
            "multi_writer": false,
            "name": "tpu-bm-disk-v6e-8-southamerica-west1-a-1",
            "params": [],
            "physical_block_size_bytes": 4096,
            "project": "cloud-tpu-inference-test",
            "provisioned_iops": 15288,
            "provisioned_throughput": 2400,
            "resource_policies": [],
            "self_link": "https://www.googleapis.com/compute/v1/projects/cloud-tpu-inference-test/zones/southamerica-west1-a/disks/tpu-bm-disk-v6e-8-southamerica-west1-a-1",
            "size": 2048,
            "snapshot": "",
            "source_disk": "",
            "source_disk_id": "",
            "source_image_encryption_key": [],
            "source_image_id": "",
            "source_instant_snapshot": "",
            "source_instant_snapshot_id": "",
            "source_snapshot_encryption_key": [],
            "source_snapshot_id": "",
            "source_storage_object": null,
            "storage_pool": "",
            "terraform_labels": {
              "goog-terraform-provisioned": "true"
            },
            "timeouts": null,
            "type": "hyperdisk-balanced",
            "users": [
              "https://www.googleapis.com/compute/v1/projects/cloud-tpu-inference-test/zones/southamerica-west1-a/instances/t1v-n-1a93ba66-w-0"
            ],
            "zone": "southamerica-west1-a"
          },
          "sensitive_attributes": [],
          "identity_schema_version": 0,
          "private": "eyJlMmJmYjczMC1lY2FhLTExZTYtOGY4OC0zNDM2M2JjN2M0YzAiOnsiY3JlYXRlIjoxMjAwMDAwMDAwMDAwLCJkZWxldGUiOjEyMDAwMDAwMDAwMDAsInVwZGF0ZSI6MTIwMDAwMDAwMDAwMH19"
        },
        {
          "index_key": 2,
          "schema_version": 0,
          "attributes": {
            "access_mode": "READ_WRITE_SINGLE",
            "architecture": null,
            "async_primary_disk": [],
            "create_snapshot_before_destroy": false,
            "create_snapshot_before_destroy_prefix": null,
            "creation_timestamp": "2025-06-14T12:57:29.293-07:00",
            "description": "",
            "disk_encryption_key": [],
            "disk_id": "5444963007528463046",
            "effective_labels": {
              "goog-terraform-provisioned": "true"
            },
            "enable_confidential_compute": false,
            "guest_os_features": [],
            "id": "projects/cloud-tpu-inference-test/zones/southamerica-west1-a/disks/tpu-bm-disk-v6e-8-southamerica-west1-a-2",
            "image": "",
            "interface": null,
            "label_fingerprint": "vezUS-42LLM=",
            "labels": {},
            "last_attach_timestamp": "2025-06-14T12:58:05.776-07:00",
            "last_detach_timestamp": "",
            "licenses": [],
            "multi_writer": false,
            "name": "tpu-bm-disk-v6e-8-southamerica-west1-a-2",
            "params": [],
            "physical_block_size_bytes": 4096,
            "project": "cloud-tpu-inference-test",
            "provisioned_iops": 15288,
            "provisioned_throughput": 2400,
            "resource_policies": [],
            "self_link": "https://www.googleapis.com/compute/v1/projects/cloud-tpu-inference-test/zones/southamerica-west1-a/disks/tpu-bm-disk-v6e-8-southamerica-west1-a-2",
            "size": 2048,
            "snapshot": "",
            "source_disk": "",
            "source_disk_id": "",
            "source_image_encryption_key": [],
            "source_image_id": "",
            "source_instant_snapshot": "",
            "source_instant_snapshot_id": "",
            "source_snapshot_encryption_key": [],
            "source_snapshot_id": "",
            "source_storage_object": null,
            "storage_pool": "",
            "terraform_labels": {
              "goog-terraform-provisioned": "true"
            },
            "timeouts": null,
            "type": "hyperdisk-balanced",
            "users": [
              "https://www.googleapis.com/compute/v1/projects/cloud-tpu-inference-test/zones/southamerica-west1-a/instances/t1v-n-b461f765-w-0"
            ],
            "zone": "southamerica-west1-a"
          },
          "sensitive_attributes": [],
          "identity_schema_version": 0,
          "private": "eyJlMmJmYjczMC1lY2FhLTExZTYtOGY4OC0zNDM2M2JjN2M0YzAiOnsiY3JlYXRlIjoxMjAwMDAwMDAwMDAwLCJkZWxldGUiOjEyMDAwMDAwMDAwMDAsInVwZGF0ZSI6MTIwMDAwMDAwMDAwMH19"
        },
        {
          "index_key": 3,
          "schema_version": 0,
          "attributes": {
            "access_mode": "READ_WRITE_SINGLE",
            "architecture": null,
            "async_primary_disk": [],
            "create_snapshot_before_destroy": false,
            "create_snapshot_before_destroy_prefix": null,
            "creation_timestamp": "2025-06-19T19:03:40.072-07:00",
            "description": "",
            "disk_encryption_key": [],
            "disk_id": "5540952833651212180",
            "effective_labels": {
              "goog-terraform-provisioned": "true"
            },
            "enable_confidential_compute": false,
            "guest_os_features": [],
            "id": "projects/cloud-tpu-inference-test/zones/southamerica-west1-a/disks/tpu-bm-disk-v6e-8-southamerica-west1-a-3",
            "image": "",
            "interface": null,
            "label_fingerprint": "vezUS-42LLM=",
            "labels": {},
            "last_attach_timestamp": "2025-06-19T19:04:17.858-07:00",
            "last_detach_timestamp": "",
            "licenses": [],
            "multi_writer": false,
            "name": "tpu-bm-disk-v6e-8-southamerica-west1-a-3",
            "params": [],
            "physical_block_size_bytes": 4096,
            "project": "cloud-tpu-inference-test",
            "provisioned_iops": 15288,
            "provisioned_throughput": 2400,
            "resource_policies": [],
            "self_link": "https://www.googleapis.com/compute/v1/projects/cloud-tpu-inference-test/zones/southamerica-west1-a/disks/tpu-bm-disk-v6e-8-southamerica-west1-a-3",
            "size": 2048,
            "snapshot": "",
            "source_disk": "",
            "source_disk_id": "",
            "source_image_encryption_key": [],
            "source_image_id": "",
            "source_instant_snapshot": "",
            "source_instant_snapshot_id": "",
            "source_snapshot_encryption_key": [],
            "source_snapshot_id": "",
            "source_storage_object": null,
            "storage_pool": "",
            "terraform_labels": {
              "goog-terraform-provisioned": "true"
            },
            "timeouts": null,
            "type": "hyperdisk-balanced",
            "users": [
              "https://www.googleapis.com/compute/v1/projects/cloud-tpu-inference-test/zones/southamerica-west1-a/instances/t1v-n-629464d7-w-0"
            ],
            "zone": "southamerica-west1-a"
          },
          "sensitive_attributes": [],
          "identity_schema_version": 0,
          "private": "eyJlMmJmYjczMC1lY2FhLTExZTYtOGY4OC0zNDM2M2JjN2M0YzAiOnsiY3JlYXRlIjoxMjAwMDAwMDAwMDAwLCJkZWxldGUiOjEyMDAwMDAwMDAwMDAsInVwZGF0ZSI6MTIwMDAwMDAwMDAwMH19"
        },
        {
          "index_key": 4,
          "schema_version": 0,
          "attributes": {
            "access_mode": "READ_WRITE_SINGLE",
            "architecture": null,
            "async_primary_disk": [],
            "create_snapshot_before_destroy": false,
            "create_snapshot_before_destroy_prefix": null,
            "creation_timestamp": "2025-06-19T16:29:54.794-07:00",
            "description": "",
            "disk_encryption_key": [],
            "disk_id": "4229357198267458461",
            "effective_labels": {
              "goog-terraform-provisioned": "true"
            },
            "enable_confidential_compute": false,
            "guest_os_features": [],
            "id": "projects/cloud-tpu-inference-test/zones/southamerica-west1-a/disks/tpu-bm-disk-v6e-8-southamerica-west1-a-4",
            "image": "",
            "interface": null,
            "label_fingerprint": "vezUS-42LLM=",
            "labels": {},
            "last_attach_timestamp": "2025-06-19T16:30:47.537-07:00",
            "last_detach_timestamp": "",
            "licenses": [],
            "multi_writer": false,
            "name": "tpu-bm-disk-v6e-8-southamerica-west1-a-4",
            "params": [],
            "physical_block_size_bytes": 4096,
            "project": "cloud-tpu-inference-test",
            "provisioned_iops": 15288,
            "provisioned_throughput": 2400,
            "resource_policies": [],
            "self_link": "https://www.googleapis.com/compute/v1/projects/cloud-tpu-inference-test/zones/southamerica-west1-a/disks/tpu-bm-disk-v6e-8-southamerica-west1-a-4",
            "size": 2048,
            "snapshot": "",
            "source_disk": "",
            "source_disk_id": "",
            "source_image_encryption_key": [],
            "source_image_id": "",
            "source_instant_snapshot": "",
            "source_instant_snapshot_id": "",
            "source_snapshot_encryption_key": [],
            "source_snapshot_id": "",
            "source_storage_object": null,
            "storage_pool": "",
            "terraform_labels": {
              "goog-terraform-provisioned": "true"
            },
            "timeouts": null,
            "type": "hyperdisk-balanced",
            "users": [
              "https://www.googleapis.com/compute/v1/projects/cloud-tpu-inference-test/zones/southamerica-west1-a/instances/t1v-n-d398af64-w-0"
            ],
            "zone": "southamerica-west1-a"
          },
          "sensitive_attributes": [],
          "identity_schema_version": 0,
          "private": "eyJlMmJmYjczMC1lY2FhLTExZTYtOGY4OC0zNDM2M2JjN2M0YzAiOnsiY3JlYXRlIjoxMjAwMDAwMDAwMDAwLCJkZWxldGUiOjEyMDAwMDAwMDAwMDAsInVwZGF0ZSI6MTIwMDAwMDAwMDAwMH19"
        },
        {
          "index_key": 5,
          "schema_version": 0,
          "attributes": {
            "access_mode": "READ_WRITE_SINGLE",
            "architecture": null,
            "async_primary_disk": [],
            "create_snapshot_before_destroy": false,
            "create_snapshot_before_destroy_prefix": null,
            "creation_timestamp": "2025-06-19T16:29:54.793-07:00",
            "description": "",
            "disk_encryption_key": [],
            "disk_id": "5929339437668967325",
            "effective_labels": {
              "goog-terraform-provisioned": "true"
            },
            "enable_confidential_compute": false,
            "guest_os_features": [],
            "id": "projects/cloud-tpu-inference-test/zones/southamerica-west1-a/disks/tpu-bm-disk-v6e-8-southamerica-west1-a-5",
            "image": "",
            "interface": null,
            "label_fingerprint": "vezUS-42LLM=",
            "labels": {},
            "last_attach_timestamp": "2025-06-19T16:30:42.107-07:00",
            "last_detach_timestamp": "",
            "licenses": [],
            "multi_writer": false,
            "name": "tpu-bm-disk-v6e-8-southamerica-west1-a-5",
            "params": [],
            "physical_block_size_bytes": 4096,
            "project": "cloud-tpu-inference-test",
            "provisioned_iops": 15288,
            "provisioned_throughput": 2400,
            "resource_policies": [],
            "self_link": "https://www.googleapis.com/compute/v1/projects/cloud-tpu-inference-test/zones/southamerica-west1-a/disks/tpu-bm-disk-v6e-8-southamerica-west1-a-5",
            "size": 2048,
            "snapshot": "",
            "source_disk": "",
            "source_disk_id": "",
            "source_image_encryption_key": [],
            "source_image_id": "",
            "source_instant_snapshot": "",
            "source_instant_snapshot_id": "",
            "source_snapshot_encryption_key": [],
            "source_snapshot_id": "",
            "source_storage_object": null,
            "storage_pool": "",
            "terraform_labels": {
              "goog-terraform-provisioned": "true"
            },
            "timeouts": null,
            "type": "hyperdisk-balanced",
            "users": [
              "https://www.googleapis.com/compute/v1/projects/cloud-tpu-inference-test/zones/southamerica-west1-a/instances/t1v-n-0ff6a82f-w-0"
            ],
            "zone": "southamerica-west1-a"
          },
          "sensitive_attributes": [],
          "identity_schema_version": 0,
          "private": "eyJlMmJmYjczMC1lY2FhLTExZTYtOGY4OC0zNDM2M2JjN2M0YzAiOnsiY3JlYXRlIjoxMjAwMDAwMDAwMDAwLCJkZWxldGUiOjEyMDAwMDAwMDAwMDAsInVwZGF0ZSI6MTIwMDAwMDAwMDAwMH19"
        },
        {
          "index_key": 6,
          "schema_version": 0,
          "attributes": {
            "access_mode": "READ_WRITE_SINGLE",
            "architecture": null,
            "async_primary_disk": [],
            "create_snapshot_before_destroy": false,
            "create_snapshot_before_destroy_prefix": null,
            "creation_timestamp": "2025-06-20T15:53:05.165-07:00",
            "description": "",
            "disk_encryption_key": [],
            "disk_id": "8121390479535790270",
            "effective_labels": {
              "goog-terraform-provisioned": "true"
            },
            "enable_confidential_compute": false,
            "guest_os_features": [],
            "id": "projects/cloud-tpu-inference-test/zones/southamerica-west1-a/disks/tpu-bm-disk-v6e-8-southamerica-west1-a-6",
            "image": "",
            "interface": null,
            "label_fingerprint": "vezUS-42LLM=",
            "labels": {},
            "last_attach_timestamp": "2025-06-20T15:53:45.252-07:00",
            "last_detach_timestamp": "",
            "licenses": [],
            "multi_writer": false,
            "name": "tpu-bm-disk-v6e-8-southamerica-west1-a-6",
            "params": [],
            "physical_block_size_bytes": 4096,
            "project": "cloud-tpu-inference-test",
            "provisioned_iops": 15288,
            "provisioned_throughput": 2400,
            "resource_policies": [],
            "self_link": "https://www.googleapis.com/compute/v1/projects/cloud-tpu-inference-test/zones/southamerica-west1-a/disks/tpu-bm-disk-v6e-8-southamerica-west1-a-6",
            "size": 2048,
            "snapshot": "",
            "source_disk": "",
            "source_disk_id": "",
            "source_image_encryption_key": [],
            "source_image_id": "",
            "source_instant_snapshot": "",
            "source_instant_snapshot_id": "",
            "source_snapshot_encryption_key": [],
            "source_snapshot_id": "",
            "source_storage_object": null,
            "storage_pool": "",
            "terraform_labels": {
              "goog-terraform-provisioned": "true"
            },
            "timeouts": null,
            "type": "hyperdisk-balanced",
            "users": [
              "https://www.googleapis.com/compute/v1/projects/cloud-tpu-inference-test/zones/southamerica-west1-a/instances/t1v-n-67415f12-w-0"
            ],
            "zone": "southamerica-west1-a"
          },
          "sensitive_attributes": [],
          "identity_schema_version": 0,
          "private": "eyJlMmJmYjczMC1lY2FhLTExZTYtOGY4OC0zNDM2M2JjN2M0YzAiOnsiY3JlYXRlIjoxMjAwMDAwMDAwMDAwLCJkZWxldGUiOjEyMDAwMDAwMDAwMDAsInVwZGF0ZSI6MTIwMDAwMDAwMDAwMH19"
        },
        {
          "index_key": 7,
          "schema_version": 0,
          "attributes": {
            "access_mode": "READ_WRITE_SINGLE",
            "architecture": null,
            "async_primary_disk": [],
            "create_snapshot_before_destroy": false,
            "create_snapshot_before_destroy_prefix": null,
            "creation_timestamp": "2025-06-20T15:53:05.146-07:00",
            "description": "",
            "disk_encryption_key": [],
            "disk_id": "4143196589486790846",
            "effective_labels": {
              "goog-terraform-provisioned": "true"
            },
            "enable_confidential_compute": false,
            "guest_os_features": [],
            "id": "projects/cloud-tpu-inference-test/zones/southamerica-west1-a/disks/tpu-bm-disk-v6e-8-southamerica-west1-a-7",
            "image": "",
            "interface": null,
            "label_fingerprint": "vezUS-42LLM=",
            "labels": {},
            "last_attach_timestamp": "2025-06-20T15:53:45.841-07:00",
            "last_detach_timestamp": "",
            "licenses": [],
            "multi_writer": false,
            "name": "tpu-bm-disk-v6e-8-southamerica-west1-a-7",
            "params": [],
            "physical_block_size_bytes": 4096,
            "project": "cloud-tpu-inference-test",
            "provisioned_iops": 15288,
            "provisioned_throughput": 2400,
            "resource_policies": [],
            "self_link": "https://www.googleapis.com/compute/v1/projects/cloud-tpu-inference-test/zones/southamerica-west1-a/disks/tpu-bm-disk-v6e-8-southamerica-west1-a-7",
            "size": 2048,
            "snapshot": "",
            "source_disk": "",
            "source_disk_id": "",
            "source_image_encryption_key": [],
            "source_image_id": "",
            "source_instant_snapshot": "",
            "source_instant_snapshot_id": "",
            "source_snapshot_encryption_key": [],
            "source_snapshot_id": "",
            "source_storage_object": null,
            "storage_pool": "",
            "terraform_labels": {
              "goog-terraform-provisioned": "true"
            },
            "timeouts": null,
            "type": "hyperdisk-balanced",
            "users": [
              "https://www.googleapis.com/compute/v1/projects/cloud-tpu-inference-test/zones/southamerica-west1-a/instances/t1v-n-349393a8-w-0"
            ],
            "zone": "southamerica-west1-a"
          },
          "sensitive_attributes": [],
          "identity_schema_version": 0,
          "private": "eyJlMmJmYjczMC1lY2FhLTExZTYtOGY4OC0zNDM2M2JjN2M0YzAiOnsiY3JlYXRlIjoxMjAwMDAwMDAwMDAwLCJkZWxldGUiOjEyMDAwMDAwMDAwMDAsInVwZGF0ZSI6MTIwMDAwMDAwMDAwMH19"
        },
        {
          "index_key": 8,
          "schema_version": 0,
          "attributes": {
            "access_mode": "READ_WRITE_SINGLE",
            "architecture": null,
            "async_primary_disk": [],
            "create_snapshot_before_destroy": false,
            "create_snapshot_before_destroy_prefix": null,
            "creation_timestamp": "2025-06-20T15:53:05.149-07:00",
            "description": "",
            "disk_encryption_key": [],
            "disk_id": "3304211995644418238",
            "effective_labels": {
              "goog-terraform-provisioned": "true"
            },
            "enable_confidential_compute": false,
            "guest_os_features": [],
            "id": "projects/cloud-tpu-inference-test/zones/southamerica-west1-a/disks/tpu-bm-disk-v6e-8-southamerica-west1-a-8",
            "image": "",
            "interface": null,
            "label_fingerprint": "vezUS-42LLM=",
            "labels": {},
            "last_attach_timestamp": "2025-06-20T15:53:42.475-07:00",
            "last_detach_timestamp": "",
            "licenses": [],
            "multi_writer": false,
            "name": "tpu-bm-disk-v6e-8-southamerica-west1-a-8",
            "params": [],
            "physical_block_size_bytes": 4096,
            "project": "cloud-tpu-inference-test",
            "provisioned_iops": 15288,
            "provisioned_throughput": 2400,
            "resource_policies": [],
            "self_link": "https://www.googleapis.com/compute/v1/projects/cloud-tpu-inference-test/zones/southamerica-west1-a/disks/tpu-bm-disk-v6e-8-southamerica-west1-a-8",
            "size": 2048,
            "snapshot": "",
            "source_disk": "",
            "source_disk_id": "",
            "source_image_encryption_key": [],
            "source_image_id": "",
            "source_instant_snapshot": "",
            "source_instant_snapshot_id": "",
            "source_snapshot_encryption_key": [],
            "source_snapshot_id": "",
            "source_storage_object": null,
            "storage_pool": "",
            "terraform_labels": {
              "goog-terraform-provisioned": "true"
            },
            "timeouts": null,
            "type": "hyperdisk-balanced",
            "users": [
              "https://www.googleapis.com/compute/v1/projects/cloud-tpu-inference-test/zones/southamerica-west1-a/instances/t1v-n-3103ed76-w-0"
            ],
            "zone": "southamerica-west1-a"
          },
          "sensitive_attributes": [],
          "identity_schema_version": 0,
          "private": "eyJlMmJmYjczMC1lY2FhLTExZTYtOGY4OC0zNDM2M2JjN2M0YzAiOnsiY3JlYXRlIjoxMjAwMDAwMDAwMDAwLCJkZWxldGUiOjEyMDAwMDAwMDAwMDAsInVwZGF0ZSI6MTIwMDAwMDAwMDAwMH19"
        },
        {
          "index_key": 9,
          "schema_version": 0,
          "attributes": {
            "access_mode": "READ_WRITE_SINGLE",
            "architecture": null,
            "async_primary_disk": [],
            "create_snapshot_before_destroy": false,
            "create_snapshot_before_destroy_prefix": null,
            "creation_timestamp": "2025-06-20T15:53:05.157-07:00",
            "description": "",
            "disk_encryption_key": [],
            "disk_id": "4678350231827929278",
            "effective_labels": {
              "goog-terraform-provisioned": "true"
            },
            "enable_confidential_compute": false,
            "guest_os_features": [],
            "id": "projects/cloud-tpu-inference-test/zones/southamerica-west1-a/disks/tpu-bm-disk-v6e-8-southamerica-west1-a-9",
            "image": "",
            "interface": null,
            "label_fingerprint": "vezUS-42LLM=",
            "labels": {},
            "last_attach_timestamp": "2025-06-20T15:53:41.947-07:00",
            "last_detach_timestamp": "",
            "licenses": [],
            "multi_writer": false,
            "name": "tpu-bm-disk-v6e-8-southamerica-west1-a-9",
            "params": [],
            "physical_block_size_bytes": 4096,
            "project": "cloud-tpu-inference-test",
            "provisioned_iops": 15288,
            "provisioned_throughput": 2400,
            "resource_policies": [],
            "self_link": "https://www.googleapis.com/compute/v1/projects/cloud-tpu-inference-test/zones/southamerica-west1-a/disks/tpu-bm-disk-v6e-8-southamerica-west1-a-9",
            "size": 2048,
            "snapshot": "",
            "source_disk": "",
            "source_disk_id": "",
            "source_image_encryption_key": [],
            "source_image_id": "",
            "source_instant_snapshot": "",
            "source_instant_snapshot_id": "",
            "source_snapshot_encryption_key": [],
            "source_snapshot_id": "",
            "source_storage_object": null,
            "storage_pool": "",
            "terraform_labels": {
              "goog-terraform-provisioned": "true"
            },
            "timeouts": null,
            "type": "hyperdisk-balanced",
            "users": [
              "https://www.googleapis.com/compute/v1/projects/cloud-tpu-inference-test/zones/southamerica-west1-a/instances/t1v-n-ebfa7761-w-0"
            ],
            "zone": "southamerica-west1-a"
          },
          "sensitive_attributes": [],
          "identity_schema_version": 0,
          "private": "eyJlMmJmYjczMC1lY2FhLTExZTYtOGY4OC0zNDM2M2JjN2M0YzAiOnsiY3JlYXRlIjoxMjAwMDAwMDAwMDAwLCJkZWxldGUiOjEyMDAwMDAwMDAwMDAsInVwZGF0ZSI6MTIwMDAwMDAwMDAwMH19"
        },
        {
          "index_key": 10,
          "schema_version": 0,
          "attributes": {
            "access_mode": "READ_WRITE_SINGLE",
            "architecture": null,
            "async_primary_disk": [],
            "create_snapshot_before_destroy": false,
            "create_snapshot_before_destroy_prefix": null,
            "creation_timestamp": "2025-06-21T09:26:04.043-07:00",
            "description": "",
            "disk_encryption_key": [],
            "disk_id": "4189610415564219380",
            "effective_labels": {
              "goog-terraform-provisioned": "true"
            },
            "enable_confidential_compute": false,
            "guest_os_features": [],
            "id": "projects/cloud-tpu-inference-test/zones/southamerica-west1-a/disks/tpu-bm-disk-v6e-8-southamerica-west1-a-10",
            "image": "",
            "interface": null,
            "label_fingerprint": "vezUS-42LLM=",
            "labels": {},
            "last_attach_timestamp": "2025-06-21T09:26:38.334-07:00",
            "last_detach_timestamp": "",
            "licenses": [],
            "multi_writer": false,
            "name": "tpu-bm-disk-v6e-8-southamerica-west1-a-10",
            "params": [],
            "physical_block_size_bytes": 4096,
            "project": "cloud-tpu-inference-test",
            "provisioned_iops": 15288,
            "provisioned_throughput": 2400,
            "resource_policies": [],
            "self_link": "https://www.googleapis.com/compute/v1/projects/cloud-tpu-inference-test/zones/southamerica-west1-a/disks/tpu-bm-disk-v6e-8-southamerica-west1-a-10",
            "size": 2048,
            "snapshot": "",
            "source_disk": "",
            "source_disk_id": "",
            "source_image_encryption_key": [],
            "source_image_id": "",
            "source_instant_snapshot": "",
            "source_instant_snapshot_id": "",
            "source_snapshot_encryption_key": [],
            "source_snapshot_id": "",
            "source_storage_object": null,
            "storage_pool": "",
            "terraform_labels": {
              "goog-terraform-provisioned": "true"
            },
            "timeouts": null,
            "type": "hyperdisk-balanced",
            "users": [
              "https://www.googleapis.com/compute/v1/projects/cloud-tpu-inference-test/zones/southamerica-west1-a/instances/t1v-n-5cd1eebf-w-0"
            ],
            "zone": "southamerica-west1-a"
          },
          "sensitive_attributes": [],
          "identity_schema_version": 0,
          "private": "eyJlMmJmYjczMC1lY2FhLTExZTYtOGY4OC0zNDM2M2JjN2M0YzAiOnsiY3JlYXRlIjoxMjAwMDAwMDAwMDAwLCJkZWxldGUiOjEyMDAwMDAwMDAwMDAsInVwZGF0ZSI6MTIwMDAwMDAwMDAwMH19"
        },
        {
          "index_key": 11,
          "schema_version": 0,
          "attributes": {
            "access_mode": "READ_WRITE_SINGLE",
            "architecture": null,
            "async_primary_disk": [],
            "create_snapshot_before_destroy": false,
            "create_snapshot_before_destroy_prefix": null,
            "creation_timestamp": "2025-06-21T09:26:04.045-07:00",
            "description": "",
            "disk_encryption_key": [],
            "disk_id": "2961172450906956788",
            "effective_labels": {
              "goog-terraform-provisioned": "true"
            },
            "enable_confidential_compute": false,
            "guest_os_features": [],
            "id": "projects/cloud-tpu-inference-test/zones/southamerica-west1-a/disks/tpu-bm-disk-v6e-8-southamerica-west1-a-11",
            "image": "",
            "interface": null,
            "label_fingerprint": "vezUS-42LLM=",
            "labels": {},
            "last_attach_timestamp": "2025-06-21T09:26:30.868-07:00",
            "last_detach_timestamp": "",
            "licenses": [],
            "multi_writer": false,
            "name": "tpu-bm-disk-v6e-8-southamerica-west1-a-11",
            "params": [],
            "physical_block_size_bytes": 4096,
            "project": "cloud-tpu-inference-test",
            "provisioned_iops": 15288,
            "provisioned_throughput": 2400,
            "resource_policies": [],
            "self_link": "https://www.googleapis.com/compute/v1/projects/cloud-tpu-inference-test/zones/southamerica-west1-a/disks/tpu-bm-disk-v6e-8-southamerica-west1-a-11",
            "size": 2048,
            "snapshot": "",
            "source_disk": "",
            "source_disk_id": "",
            "source_image_encryption_key": [],
            "source_image_id": "",
            "source_instant_snapshot": "",
            "source_instant_snapshot_id": "",
            "source_snapshot_encryption_key": [],
            "source_snapshot_id": "",
            "source_storage_object": null,
            "storage_pool": "",
            "terraform_labels": {
              "goog-terraform-provisioned": "true"
            },
            "timeouts": null,
            "type": "hyperdisk-balanced",
            "users": [
              "https://www.googleapis.com/compute/v1/projects/cloud-tpu-inference-test/zones/southamerica-west1-a/instances/t1v-n-6a8f85c6-w-0"
            ],
            "zone": "southamerica-west1-a"
          },
          "sensitive_attributes": [],
          "identity_schema_version": 0,
          "private": "eyJlMmJmYjczMC1lY2FhLTExZTYtOGY4OC0zNDM2M2JjN2M0YzAiOnsiY3JlYXRlIjoxMjAwMDAwMDAwMDAwLCJkZWxldGUiOjEyMDAwMDAwMDAwMDAsInVwZGF0ZSI6MTIwMDAwMDAwMDAwMH19"
        },
        {
          "index_key": 12,
          "schema_version": 0,
          "attributes": {
            "access_mode": "READ_WRITE_SINGLE",
            "architecture": null,
            "async_primary_disk": [],
            "create_snapshot_before_destroy": false,
            "create_snapshot_before_destroy_prefix": null,
            "creation_timestamp": "2025-06-21T09:26:04.057-07:00",
            "description": "",
            "disk_encryption_key": [],
            "disk_id": "7211913399213188084",
            "effective_labels": {
              "goog-terraform-provisioned": "true"
            },
            "enable_confidential_compute": false,
            "guest_os_features": [],
            "id": "projects/cloud-tpu-inference-test/zones/southamerica-west1-a/disks/tpu-bm-disk-v6e-8-southamerica-west1-a-12",
            "image": "",
            "interface": null,
            "label_fingerprint": "vezUS-42LLM=",
            "labels": {},
            "last_attach_timestamp": "2025-06-21T09:26:31.991-07:00",
            "last_detach_timestamp": "",
            "licenses": [],
            "multi_writer": false,
            "name": "tpu-bm-disk-v6e-8-southamerica-west1-a-12",
            "params": [],
            "physical_block_size_bytes": 4096,
            "project": "cloud-tpu-inference-test",
            "provisioned_iops": 15288,
            "provisioned_throughput": 2400,
            "resource_policies": [],
            "self_link": "https://www.googleapis.com/compute/v1/projects/cloud-tpu-inference-test/zones/southamerica-west1-a/disks/tpu-bm-disk-v6e-8-southamerica-west1-a-12",
            "size": 2048,
            "snapshot": "",
            "source_disk": "",
            "source_disk_id": "",
            "source_image_encryption_key": [],
            "source_image_id": "",
            "source_instant_snapshot": "",
            "source_instant_snapshot_id": "",
            "source_snapshot_encryption_key": [],
            "source_snapshot_id": "",
            "source_storage_object": null,
            "storage_pool": "",
            "terraform_labels": {
              "goog-terraform-provisioned": "true"
            },
            "timeouts": null,
            "type": "hyperdisk-balanced",
            "users": [
              "https://www.googleapis.com/compute/v1/projects/cloud-tpu-inference-test/zones/southamerica-west1-a/instances/t1v-n-7781588b-w-0"
            ],
            "zone": "southamerica-west1-a"
          },
          "sensitive_attributes": [],
          "identity_schema_version": 0,
          "private": "eyJlMmJmYjczMC1lY2FhLTExZTYtOGY4OC0zNDM2M2JjN2M0YzAiOnsiY3JlYXRlIjoxMjAwMDAwMDAwMDAwLCJkZWxldGUiOjEyMDAwMDAwMDAwMDAsInVwZGF0ZSI6MTIwMDAwMDAwMDAwMH19"
        },
        {
          "index_key": 13,
          "schema_version": 0,
          "attributes": {
            "access_mode": "READ_WRITE_SINGLE",
            "architecture": null,
            "async_primary_disk": [],
            "create_snapshot_before_destroy": false,
            "create_snapshot_before_destroy_prefix": null,
            "creation_timestamp": "2025-06-21T09:26:04.057-07:00",
            "description": "",
            "disk_encryption_key": [],
            "disk_id": "2353459772801115124",
            "effective_labels": {
              "goog-terraform-provisioned": "true"
            },
            "enable_confidential_compute": false,
            "guest_os_features": [],
            "id": "projects/cloud-tpu-inference-test/zones/southamerica-west1-a/disks/tpu-bm-disk-v6e-8-southamerica-west1-a-13",
            "image": "",
            "interface": null,
            "label_fingerprint": "vezUS-42LLM=",
            "labels": {},
            "last_attach_timestamp": "2025-06-21T09:26:31.469-07:00",
            "last_detach_timestamp": "",
            "licenses": [],
            "multi_writer": false,
            "name": "tpu-bm-disk-v6e-8-southamerica-west1-a-13",
            "params": [],
            "physical_block_size_bytes": 4096,
            "project": "cloud-tpu-inference-test",
            "provisioned_iops": 15288,
            "provisioned_throughput": 2400,
            "resource_policies": [],
            "self_link": "https://www.googleapis.com/compute/v1/projects/cloud-tpu-inference-test/zones/southamerica-west1-a/disks/tpu-bm-disk-v6e-8-southamerica-west1-a-13",
            "size": 2048,
            "snapshot": "",
            "source_disk": "",
            "source_disk_id": "",
            "source_image_encryption_key": [],
            "source_image_id": "",
            "source_instant_snapshot": "",
            "source_instant_snapshot_id": "",
            "source_snapshot_encryption_key": [],
            "source_snapshot_id": "",
            "source_storage_object": null,
            "storage_pool": "",
            "terraform_labels": {
              "goog-terraform-provisioned": "true"
            },
            "timeouts": null,
            "type": "hyperdisk-balanced",
            "users": [
              "https://www.googleapis.com/compute/v1/projects/cloud-tpu-inference-test/zones/southamerica-west1-a/instances/t1v-n-6616eb48-w-0"
            ],
            "zone": "southamerica-west1-a"
          },
          "sensitive_attributes": [],
          "identity_schema_version": 0,
          "private": "eyJlMmJmYjczMC1lY2FhLTExZTYtOGY4OC0zNDM2M2JjN2M0YzAiOnsiY3JlYXRlIjoxMjAwMDAwMDAwMDAwLCJkZWxldGUiOjEyMDAwMDAwMDAwMDAsInVwZGF0ZSI6MTIwMDAwMDAwMDAwMH19"
        },
        {
          "index_key": 14,
          "schema_version": 0,
          "attributes": {
            "access_mode": "READ_WRITE_SINGLE",
            "architecture": null,
            "async_primary_disk": [],
            "create_snapshot_before_destroy": false,
            "create_snapshot_before_destroy_prefix": null,
            "creation_timestamp": "2025-06-21T09:26:04.044-07:00",
            "description": "",
            "disk_encryption_key": [],
            "disk_id": "2404545071597446132",
            "effective_labels": {
              "goog-terraform-provisioned": "true"
            },
            "enable_confidential_compute": false,
            "guest_os_features": [],
            "id": "projects/cloud-tpu-inference-test/zones/southamerica-west1-a/disks/tpu-bm-disk-v6e-8-southamerica-west1-a-14",
            "image": "",
            "interface": null,
            "label_fingerprint": "vezUS-42LLM=",
            "labels": {},
            "last_attach_timestamp": "2025-06-21T09:26:30.556-07:00",
            "last_detach_timestamp": "",
            "licenses": [],
            "multi_writer": false,
            "name": "tpu-bm-disk-v6e-8-southamerica-west1-a-14",
            "params": [],
            "physical_block_size_bytes": 4096,
            "project": "cloud-tpu-inference-test",
            "provisioned_iops": 15288,
            "provisioned_throughput": 2400,
            "resource_policies": [],
            "self_link": "https://www.googleapis.com/compute/v1/projects/cloud-tpu-inference-test/zones/southamerica-west1-a/disks/tpu-bm-disk-v6e-8-southamerica-west1-a-14",
            "size": 2048,
            "snapshot": "",
            "source_disk": "",
            "source_disk_id": "",
            "source_image_encryption_key": [],
            "source_image_id": "",
            "source_instant_snapshot": "",
            "source_instant_snapshot_id": "",
            "source_snapshot_encryption_key": [],
            "source_snapshot_id": "",
            "source_storage_object": null,
            "storage_pool": "",
            "terraform_labels": {
              "goog-terraform-provisioned": "true"
            },
            "timeouts": null,
            "type": "hyperdisk-balanced",
            "users": [
              "https://www.googleapis.com/compute/v1/projects/cloud-tpu-inference-test/zones/southamerica-west1-a/instances/t1v-n-ac6fb005-w-0"
            ],
            "zone": "southamerica-west1-a"
          },
          "sensitive_attributes": [],
          "identity_schema_version": 0,
          "private": "eyJlMmJmYjczMC1lY2FhLTExZTYtOGY4OC0zNDM2M2JjN2M0YzAiOnsiY3JlYXRlIjoxMjAwMDAwMDAwMDAwLCJkZWxldGUiOjEyMDAwMDAwMDAwMDAsInVwZGF0ZSI6MTIwMDAwMDAwMDAwMH19"
        },
        {
          "index_key": 15,
          "schema_version": 0,
          "attributes": {
            "access_mode": "READ_WRITE_SINGLE",
            "architecture": null,
            "async_primary_disk": [],
            "create_snapshot_before_destroy": false,
            "create_snapshot_before_destroy_prefix": null,
            "creation_timestamp": "2025-06-21T09:26:04.055-07:00",
            "description": "",
            "disk_encryption_key": [],
            "disk_id": "830062107297539060",
            "effective_labels": {
              "goog-terraform-provisioned": "true"
            },
            "enable_confidential_compute": false,
            "guest_os_features": [],
            "id": "projects/cloud-tpu-inference-test/zones/southamerica-west1-a/disks/tpu-bm-disk-v6e-8-southamerica-west1-a-15",
            "image": "",
            "interface": null,
            "label_fingerprint": "vezUS-42LLM=",
            "labels": {},
            "last_attach_timestamp": "2025-06-21T09:26:35.094-07:00",
            "last_detach_timestamp": "",
            "licenses": [],
            "multi_writer": false,
            "name": "tpu-bm-disk-v6e-8-southamerica-west1-a-15",
            "params": [],
            "physical_block_size_bytes": 4096,
            "project": "cloud-tpu-inference-test",
            "provisioned_iops": 15288,
            "provisioned_throughput": 2400,
            "resource_policies": [],
            "self_link": "https://www.googleapis.com/compute/v1/projects/cloud-tpu-inference-test/zones/southamerica-west1-a/disks/tpu-bm-disk-v6e-8-southamerica-west1-a-15",
            "size": 2048,
            "snapshot": "",
            "source_disk": "",
            "source_disk_id": "",
            "source_image_encryption_key": [],
            "source_image_id": "",
            "source_instant_snapshot": "",
            "source_instant_snapshot_id": "",
            "source_snapshot_encryption_key": [],
            "source_snapshot_id": "",
            "source_storage_object": null,
            "storage_pool": "",
            "terraform_labels": {
              "goog-terraform-provisioned": "true"
            },
            "timeouts": null,
            "type": "hyperdisk-balanced",
            "users": [
              "https://www.googleapis.com/compute/v1/projects/cloud-tpu-inference-test/zones/southamerica-west1-a/instances/t1v-n-14504ece-w-0"
            ],
            "zone": "southamerica-west1-a"
          },
          "sensitive_attributes": [],
          "identity_schema_version": 0,
          "private": "eyJlMmJmYjczMC1lY2FhLTExZTYtOGY4OC0zNDM2M2JjN2M0YzAiOnsiY3JlYXRlIjoxMjAwMDAwMDAwMDAwLCJkZWxldGUiOjEyMDAwMDAwMDAwMDAsInVwZGF0ZSI6MTIwMDAwMDAwMDAwMH19"
        },
        {
          "index_key": 16,
          "schema_version": 0,
          "attributes": {
            "access_mode": "READ_WRITE_SINGLE",
            "architecture": null,
            "async_primary_disk": [],
            "create_snapshot_before_destroy": false,
            "create_snapshot_before_destroy_prefix": null,
            "creation_timestamp": "2025-06-21T10:43:06.204-07:00",
            "description": "",
            "disk_encryption_key": [],
            "disk_id": "2529172133330506181",
            "effective_labels": {
              "goog-terraform-provisioned": "true"
            },
            "enable_confidential_compute": false,
            "guest_os_features": [],
            "id": "projects/cloud-tpu-inference-test/zones/southamerica-west1-a/disks/tpu-bm-disk-v6e-8-southamerica-west1-a-16",
            "image": "",
            "interface": null,
            "label_fingerprint": "vezUS-42LLM=",
            "labels": null,
            "last_attach_timestamp": "",
            "last_detach_timestamp": "",
            "licenses": [],
            "multi_writer": false,
            "name": "tpu-bm-disk-v6e-8-southamerica-west1-a-16",
            "params": [],
            "physical_block_size_bytes": 4096,
            "project": "cloud-tpu-inference-test",
            "provisioned_iops": 15288,
            "provisioned_throughput": 2400,
            "resource_policies": [],
            "self_link": "https://www.googleapis.com/compute/v1/projects/cloud-tpu-inference-test/zones/southamerica-west1-a/disks/tpu-bm-disk-v6e-8-southamerica-west1-a-16",
            "size": 2048,
            "snapshot": "",
            "source_disk": "",
            "source_disk_id": "",
            "source_image_encryption_key": [],
            "source_image_id": "",
            "source_instant_snapshot": "",
            "source_instant_snapshot_id": "",
            "source_snapshot_encryption_key": [],
            "source_snapshot_id": "",
            "source_storage_object": null,
            "storage_pool": "",
            "terraform_labels": {
              "goog-terraform-provisioned": "true"
            },
            "timeouts": null,
            "type": "hyperdisk-balanced",
            "users": [],
            "zone": "southamerica-west1-a"
          },
          "sensitive_attributes": [],
          "identity_schema_version": 0,
          "private": "eyJlMmJmYjczMC1lY2FhLTExZTYtOGY4OC0zNDM2M2JjN2M0YzAiOnsiY3JlYXRlIjoxMjAwMDAwMDAwMDAwLCJkZWxldGUiOjEyMDAwMDAwMDAwMDAsInVwZGF0ZSI6MTIwMDAwMDAwMDAwMH19"
        },
        {
          "index_key": 17,
          "schema_version": 0,
          "attributes": {
            "access_mode": "READ_WRITE_SINGLE",
            "architecture": null,
            "async_primary_disk": [],
            "create_snapshot_before_destroy": false,
            "create_snapshot_before_destroy_prefix": null,
            "creation_timestamp": "2025-06-21T10:38:47.444-07:00",
            "description": "",
            "disk_encryption_key": [],
            "disk_id": "6187145386482421960",
            "effective_labels": {
              "goog-terraform-provisioned": "true"
            },
            "enable_confidential_compute": false,
            "guest_os_features": [],
            "id": "projects/cloud-tpu-inference-test/zones/southamerica-west1-a/disks/tpu-bm-disk-v6e-8-southamerica-west1-a-17",
            "image": "",
            "interface": null,
            "label_fingerprint": "vezUS-42LLM=",
            "labels": {},
            "last_attach_timestamp": "",
            "last_detach_timestamp": "",
            "licenses": [],
            "multi_writer": false,
            "name": "tpu-bm-disk-v6e-8-southamerica-west1-a-17",
            "params": [],
            "physical_block_size_bytes": 4096,
            "project": "cloud-tpu-inference-test",
            "provisioned_iops": 15288,
            "provisioned_throughput": 2400,
            "resource_policies": [],
            "self_link": "https://www.googleapis.com/compute/v1/projects/cloud-tpu-inference-test/zones/southamerica-west1-a/disks/tpu-bm-disk-v6e-8-southamerica-west1-a-17",
            "size": 2048,
            "snapshot": "",
            "source_disk": "",
            "source_disk_id": "",
            "source_image_encryption_key": [],
            "source_image_id": "",
            "source_instant_snapshot": "",
            "source_instant_snapshot_id": "",
            "source_snapshot_encryption_key": [],
            "source_snapshot_id": "",
            "source_storage_object": null,
            "storage_pool": "",
            "terraform_labels": {
              "goog-terraform-provisioned": "true"
            },
            "timeouts": null,
            "type": "hyperdisk-balanced",
            "users": [],
            "zone": "southamerica-west1-a"
          },
          "sensitive_attributes": [],
          "identity_schema_version": 0,
          "private": "eyJlMmJmYjczMC1lY2FhLTExZTYtOGY4OC0zNDM2M2JjN2M0YzAiOnsiY3JlYXRlIjoxMjAwMDAwMDAwMDAwLCJkZWxldGUiOjEyMDAwMDAwMDAwMDAsInVwZGF0ZSI6MTIwMDAwMDAwMDAwMH19"
        },
        {
          "index_key": 18,
          "schema_version": 0,
          "attributes": {
            "access_mode": "READ_WRITE_SINGLE",
            "architecture": null,
            "async_primary_disk": [],
            "create_snapshot_before_destroy": false,
            "create_snapshot_before_destroy_prefix": null,
            "creation_timestamp": "2025-06-21T10:43:06.190-07:00",
            "description": "",
            "disk_encryption_key": [],
            "disk_id": "5955645038615286214",
            "effective_labels": {
              "goog-terraform-provisioned": "true"
            },
            "enable_confidential_compute": false,
            "guest_os_features": [],
            "id": "projects/cloud-tpu-inference-test/zones/southamerica-west1-a/disks/tpu-bm-disk-v6e-8-southamerica-west1-a-18",
            "image": "",
            "interface": null,
            "label_fingerprint": "vezUS-42LLM=",
            "labels": null,
            "last_attach_timestamp": "",
            "last_detach_timestamp": "",
            "licenses": [],
            "multi_writer": false,
            "name": "tpu-bm-disk-v6e-8-southamerica-west1-a-18",
            "params": [],
            "physical_block_size_bytes": 4096,
            "project": "cloud-tpu-inference-test",
            "provisioned_iops": 15288,
            "provisioned_throughput": 2400,
            "resource_policies": [],
            "self_link": "https://www.googleapis.com/compute/v1/projects/cloud-tpu-inference-test/zones/southamerica-west1-a/disks/tpu-bm-disk-v6e-8-southamerica-west1-a-18",
            "size": 2048,
            "snapshot": "",
            "source_disk": "",
            "source_disk_id": "",
            "source_image_encryption_key": [],
            "source_image_id": "",
            "source_instant_snapshot": "",
            "source_instant_snapshot_id": "",
            "source_snapshot_encryption_key": [],
            "source_snapshot_id": "",
            "source_storage_object": null,
            "storage_pool": "",
            "terraform_labels": {
              "goog-terraform-provisioned": "true"
            },
            "timeouts": null,
            "type": "hyperdisk-balanced",
            "users": [],
            "zone": "southamerica-west1-a"
          },
          "sensitive_attributes": [],
          "identity_schema_version": 0,
          "private": "eyJlMmJmYjczMC1lY2FhLTExZTYtOGY4OC0zNDM2M2JjN2M0YzAiOnsiY3JlYXRlIjoxMjAwMDAwMDAwMDAwLCJkZWxldGUiOjEyMDAwMDAwMDAwMDAsInVwZGF0ZSI6MTIwMDAwMDAwMDAwMH19"
        },
        {
          "index_key": 19,
          "schema_version": 0,
          "attributes": {
            "access_mode": "READ_WRITE_SINGLE",
            "architecture": null,
            "async_primary_disk": [],
            "create_snapshot_before_destroy": false,
            "create_snapshot_before_destroy_prefix": null,
            "creation_timestamp": "2025-06-21T10:43:06.206-07:00",
            "description": "",
            "disk_encryption_key": [],
            "disk_id": "3107838999880487365",
            "effective_labels": {
              "goog-terraform-provisioned": "true"
            },
            "enable_confidential_compute": false,
            "guest_os_features": [],
            "id": "projects/cloud-tpu-inference-test/zones/southamerica-west1-a/disks/tpu-bm-disk-v6e-8-southamerica-west1-a-19",
            "image": "",
            "interface": null,
            "label_fingerprint": "vezUS-42LLM=",
            "labels": null,
            "last_attach_timestamp": "",
            "last_detach_timestamp": "",
            "licenses": [],
            "multi_writer": false,
            "name": "tpu-bm-disk-v6e-8-southamerica-west1-a-19",
            "params": [],
            "physical_block_size_bytes": 4096,
            "project": "cloud-tpu-inference-test",
            "provisioned_iops": 15288,
            "provisioned_throughput": 2400,
            "resource_policies": [],
            "self_link": "https://www.googleapis.com/compute/v1/projects/cloud-tpu-inference-test/zones/southamerica-west1-a/disks/tpu-bm-disk-v6e-8-southamerica-west1-a-19",
            "size": 2048,
            "snapshot": "",
            "source_disk": "",
            "source_disk_id": "",
            "source_image_encryption_key": [],
            "source_image_id": "",
            "source_instant_snapshot": "",
            "source_instant_snapshot_id": "",
            "source_snapshot_encryption_key": [],
            "source_snapshot_id": "",
            "source_storage_object": null,
            "storage_pool": "",
            "terraform_labels": {
              "goog-terraform-provisioned": "true"
            },
            "timeouts": null,
            "type": "hyperdisk-balanced",
            "users": [],
            "zone": "southamerica-west1-a"
          },
          "sensitive_attributes": [],
          "identity_schema_version": 0,
          "private": "eyJlMmJmYjczMC1lY2FhLTExZTYtOGY4OC0zNDM2M2JjN2M0YzAiOnsiY3JlYXRlIjoxMjAwMDAwMDAwMDAwLCJkZWxldGUiOjEyMDAwMDAwMDAwMDAsInVwZGF0ZSI6MTIwMDAwMDAwMDAwMH19"
        },
        {
          "index_key": 20,
          "schema_version": 0,
          "attributes": {
            "access_mode": "READ_WRITE_SINGLE",
            "architecture": null,
            "async_primary_disk": [],
            "create_snapshot_before_destroy": false,
            "create_snapshot_before_destroy_prefix": null,
            "creation_timestamp": "2025-06-21T10:38:47.450-07:00",
            "description": "",
            "disk_encryption_key": [],
            "disk_id": "3633649065423229128",
            "effective_labels": {
              "goog-terraform-provisioned": "true"
            },
            "enable_confidential_compute": false,
            "guest_os_features": [],
            "id": "projects/cloud-tpu-inference-test/zones/southamerica-west1-a/disks/tpu-bm-disk-v6e-8-southamerica-west1-a-20",
            "image": "",
            "interface": null,
            "label_fingerprint": "vezUS-42LLM=",
            "labels": {},
            "last_attach_timestamp": "",
            "last_detach_timestamp": "",
            "licenses": [],
            "multi_writer": false,
            "name": "tpu-bm-disk-v6e-8-southamerica-west1-a-20",
            "params": [],
            "physical_block_size_bytes": 4096,
            "project": "cloud-tpu-inference-test",
            "provisioned_iops": 15288,
            "provisioned_throughput": 2400,
            "resource_policies": [],
            "self_link": "https://www.googleapis.com/compute/v1/projects/cloud-tpu-inference-test/zones/southamerica-west1-a/disks/tpu-bm-disk-v6e-8-southamerica-west1-a-20",
            "size": 2048,
            "snapshot": "",
            "source_disk": "",
            "source_disk_id": "",
            "source_image_encryption_key": [],
            "source_image_id": "",
            "source_instant_snapshot": "",
            "source_instant_snapshot_id": "",
            "source_snapshot_encryption_key": [],
            "source_snapshot_id": "",
            "source_storage_object": null,
            "storage_pool": "",
            "terraform_labels": {
              "goog-terraform-provisioned": "true"
            },
            "timeouts": null,
            "type": "hyperdisk-balanced",
            "users": [],
            "zone": "southamerica-west1-a"
          },
          "sensitive_attributes": [],
          "identity_schema_version": 0,
          "private": "eyJlMmJmYjczMC1lY2FhLTExZTYtOGY4OC0zNDM2M2JjN2M0YzAiOnsiY3JlYXRlIjoxMjAwMDAwMDAwMDAwLCJkZWxldGUiOjEyMDAwMDAwMDAwMDAsInVwZGF0ZSI6MTIwMDAwMDAwMDAwMH19"
        },
        {
          "index_key": 21,
          "schema_version": 0,
          "attributes": {
            "access_mode": "READ_WRITE_SINGLE",
            "architecture": null,
            "async_primary_disk": [],
            "create_snapshot_before_destroy": false,
            "create_snapshot_before_destroy_prefix": null,
            "creation_timestamp": "2025-06-21T10:43:06.132-07:00",
            "description": "",
            "disk_encryption_key": [],
            "disk_id": "1541614574790988229",
            "effective_labels": {
              "goog-terraform-provisioned": "true"
            },
            "enable_confidential_compute": false,
            "guest_os_features": [],
            "id": "projects/cloud-tpu-inference-test/zones/southamerica-west1-a/disks/tpu-bm-disk-v6e-8-southamerica-west1-a-21",
            "image": "",
            "interface": null,
            "label_fingerprint": "vezUS-42LLM=",
            "labels": null,
            "last_attach_timestamp": "",
            "last_detach_timestamp": "",
            "licenses": [],
            "multi_writer": false,
            "name": "tpu-bm-disk-v6e-8-southamerica-west1-a-21",
            "params": [],
            "physical_block_size_bytes": 4096,
            "project": "cloud-tpu-inference-test",
            "provisioned_iops": 15288,
            "provisioned_throughput": 2400,
            "resource_policies": [],
            "self_link": "https://www.googleapis.com/compute/v1/projects/cloud-tpu-inference-test/zones/southamerica-west1-a/disks/tpu-bm-disk-v6e-8-southamerica-west1-a-21",
            "size": 2048,
            "snapshot": "",
            "source_disk": "",
            "source_disk_id": "",
            "source_image_encryption_key": [],
            "source_image_id": "",
            "source_instant_snapshot": "",
            "source_instant_snapshot_id": "",
            "source_snapshot_encryption_key": [],
            "source_snapshot_id": "",
            "source_storage_object": null,
            "storage_pool": "",
            "terraform_labels": {
              "goog-terraform-provisioned": "true"
            },
            "timeouts": null,
            "type": "hyperdisk-balanced",
            "users": [],
            "zone": "southamerica-west1-a"
          },
          "sensitive_attributes": [],
          "identity_schema_version": 0,
          "private": "eyJlMmJmYjczMC1lY2FhLTExZTYtOGY4OC0zNDM2M2JjN2M0YzAiOnsiY3JlYXRlIjoxMjAwMDAwMDAwMDAwLCJkZWxldGUiOjEyMDAwMDAwMDAwMDAsInVwZGF0ZSI6MTIwMDAwMDAwMDAwMH19"
        },
        {
          "index_key": 22,
          "schema_version": 0,
          "attributes": {
            "access_mode": "READ_WRITE_SINGLE",
            "architecture": null,
            "async_primary_disk": [],
            "create_snapshot_before_destroy": false,
            "create_snapshot_before_destroy_prefix": null,
            "creation_timestamp": "2025-06-21T10:38:36.942-07:00",
            "description": "",
            "disk_encryption_key": [],
            "disk_id": "4665716224749687027",
            "effective_labels": {
              "goog-terraform-provisioned": "true"
            },
            "enable_confidential_compute": false,
            "guest_os_features": [],
            "id": "projects/cloud-tpu-inference-test/zones/southamerica-west1-a/disks/tpu-bm-disk-v6e-8-southamerica-west1-a-22",
            "image": "",
            "interface": null,
            "label_fingerprint": "vezUS-42LLM=",
            "labels": {},
            "last_attach_timestamp": "",
            "last_detach_timestamp": "",
            "licenses": [],
            "multi_writer": false,
            "name": "tpu-bm-disk-v6e-8-southamerica-west1-a-22",
            "params": [],
            "physical_block_size_bytes": 4096,
            "project": "cloud-tpu-inference-test",
            "provisioned_iops": 15288,
            "provisioned_throughput": 2400,
            "resource_policies": [],
            "self_link": "https://www.googleapis.com/compute/v1/projects/cloud-tpu-inference-test/zones/southamerica-west1-a/disks/tpu-bm-disk-v6e-8-southamerica-west1-a-22",
            "size": 2048,
            "snapshot": "",
            "source_disk": "",
            "source_disk_id": "",
            "source_image_encryption_key": [],
            "source_image_id": "",
            "source_instant_snapshot": "",
            "source_instant_snapshot_id": "",
            "source_snapshot_encryption_key": [],
            "source_snapshot_id": "",
            "source_storage_object": null,
            "storage_pool": "",
            "terraform_labels": {
              "goog-terraform-provisioned": "true"
            },
            "timeouts": null,
            "type": "hyperdisk-balanced",
            "users": [],
            "zone": "southamerica-west1-a"
          },
          "sensitive_attributes": [],
          "identity_schema_version": 0,
          "private": "eyJlMmJmYjczMC1lY2FhLTExZTYtOGY4OC0zNDM2M2JjN2M0YzAiOnsiY3JlYXRlIjoxMjAwMDAwMDAwMDAwLCJkZWxldGUiOjEyMDAwMDAwMDAwMDAsInVwZGF0ZSI6MTIwMDAwMDAwMDAwMH19"
        },
        {
          "index_key": 23,
          "schema_version": 0,
          "attributes": {
            "access_mode": "READ_WRITE_SINGLE",
            "architecture": null,
            "async_primary_disk": [],
            "create_snapshot_before_destroy": false,
            "create_snapshot_before_destroy_prefix": null,
            "creation_timestamp": "2025-06-21T10:38:47.393-07:00",
            "description": "",
            "disk_encryption_key": [],
            "disk_id": "2364917701869785288",
            "effective_labels": {
              "goog-terraform-provisioned": "true"
            },
            "enable_confidential_compute": false,
            "guest_os_features": [],
            "id": "projects/cloud-tpu-inference-test/zones/southamerica-west1-a/disks/tpu-bm-disk-v6e-8-southamerica-west1-a-23",
            "image": "",
            "interface": null,
            "label_fingerprint": "vezUS-42LLM=",
            "labels": {},
            "last_attach_timestamp": "",
            "last_detach_timestamp": "",
            "licenses": [],
            "multi_writer": false,
            "name": "tpu-bm-disk-v6e-8-southamerica-west1-a-23",
            "params": [],
            "physical_block_size_bytes": 4096,
            "project": "cloud-tpu-inference-test",
            "provisioned_iops": 15288,
            "provisioned_throughput": 2400,
            "resource_policies": [],
            "self_link": "https://www.googleapis.com/compute/v1/projects/cloud-tpu-inference-test/zones/southamerica-west1-a/disks/tpu-bm-disk-v6e-8-southamerica-west1-a-23",
            "size": 2048,
            "snapshot": "",
            "source_disk": "",
            "source_disk_id": "",
            "source_image_encryption_key": [],
            "source_image_id": "",
            "source_instant_snapshot": "",
            "source_instant_snapshot_id": "",
            "source_snapshot_encryption_key": [],
            "source_snapshot_id": "",
            "source_storage_object": null,
            "storage_pool": "",
            "terraform_labels": {
              "goog-terraform-provisioned": "true"
            },
            "timeouts": null,
            "type": "hyperdisk-balanced",
            "users": [],
            "zone": "southamerica-west1-a"
          },
          "sensitive_attributes": [],
          "identity_schema_version": 0,
          "private": "eyJlMmJmYjczMC1lY2FhLTExZTYtOGY4OC0zNDM2M2JjN2M0YzAiOnsiY3JlYXRlIjoxMjAwMDAwMDAwMDAwLCJkZWxldGUiOjEyMDAwMDAwMDAwMDAsInVwZGF0ZSI6MTIwMDAwMDAwMDAwMH19"
        }
      ]
    },
    {
      "module": "module.v6e-8",
      "mode": "managed",
      "type": "google_tpu_v2_vm",
      "name": "tpu_v6",
      "provider": "provider[\"registry.terraform.io/hashicorp/google-beta\"]",
      "instances": [
        {
          "index_key": 0,
          "schema_version": 0,
          "attributes": {
            "accelerator_config": [
              {
                "topology": "2x4",
                "type": "V6E"
              }
            ],
            "accelerator_type": "v6e-8",
            "api_version": "V2_ALPHA1",
            "cidr_block": "10.194.0.0/20",
            "data_disks": [
              {
                "mode": "READ_WRITE",
                "source_disk": "projects/cloud-tpu-inference-test/zones/southamerica-west1-a/disks/tpu-bm-disk-v6e-8-southamerica-west1-a-0"
              }
            ],
            "description": "",
            "effective_labels": {
              "goog-terraform-provisioned": "true"
            },
            "health": "HEALTHY",
            "health_description": "",
            "id": "projects/cloud-tpu-inference-test/locations/southamerica-west1-a/nodes/vllm-tpu-v6e-8-bm-0",
            "labels": {},
            "metadata": {
              "startup-script": "#!/bin/bash     \n\n# Set env vars system-wide\ngrep -q \"^GCP_PROJECT_ID=\" /etc/environment || echo \"GCP_PROJECT_ID=cloud-tpu-inference-test\" | sudo tee -a /etc/environment\ngrep -q \"^GCP_INSTANCE_ID=\" /etc/environment || echo \"GCP_INSTANCE_ID=vllm-bm-inst\" | sudo tee -a /etc/environment\ngrep -q \"^GCP_DATABASE_ID=\" /etc/environment || echo \"GCP_DATABASE_ID=vllm-bm-runs\" | sudo tee -a /etc/environment\ngrep -q \"^GCP_REGION=\" /etc/environment || echo \"GCP_REGION=southamerica-west1\" | sudo tee -a /etc/environment\ngrep -q \"^GCP_INSTANCE_NAME=\" /etc/environment || echo \"GCP_INSTANCE_NAME=vllm-tpu-v6e-8-bm-0\" | sudo tee -a /etc/environment\ngrep -q \"^GCS_BUCKET=\" /etc/environment || echo \"GCS_BUCKET=vllm-cb-storage2\" | sudo tee -a /etc/environment\ngrep -q \"^GCP_QUEUE=\" /etc/environment || echo \"GCP_QUEUE=vllm-bm-queue-v6e-8\" | sudo tee -a /etc/environment\nif ! grep -q \"^HF_TOKEN=\" /etc/environment; then\n  gcloud secrets versions access latest --secret=bm-agent-hf-token --quiet | \\\n  sudo tee -a /etc/environment \u003e /dev/null \u003c\u003c\u003c \"HF_TOKEN=$(cat)\"\nfi\n\napt-get update\napt-get install -y curl build-essential jq\n\ncurl -o- https://get.docker.com/ | bash -\n\ncurl --proto '=https' --tlsv1.2 -sSf https://sh.rustup.rs | sh -s -- -y\n/root/.cargo/bin/cargo install minijinja-cli\ncp /root/.cargo/bin/minijinja-cli /usr/bin/minijinja-cli\nchmod 777 /usr/bin/minijinja-cli\n\n# Mount persistent disk\n\nsudo mkdir -p /mnt/disks/persist\n\n# Format if not already formatted\nif ! blkid /dev/nvme0n2; then\n  echo \"Formatting /dev/nvme0n2 as ext4...\"\n  sudo mkfs.ext4 -m 0 -E lazy_itable_init=0,lazy_journal_init=0,discard /dev/nvme0n2\nfi\n\n# Add to /etc/fstab using UUID\ndisk_uuid=$(blkid -s UUID -o value /dev/nvme0n2)\nif ! grep -q \"/mnt/disks/persist\" /etc/fstab; then\n  echo \"UUID=$disk_uuid /mnt/disks/persist ext4 defaults,discard 0 2\" | sudo tee -a /etc/fstab\nfi\n\n# Only mount if not already mounted (first boot or recovery)\nif ! mountpoint -q /mnt/disks/persist; then\n  sudo mount /mnt/disks/persist  \nfi\n\njq \". + {\\\"data-root\\\": \\\"/mnt/disks/persist\\\"}\" /etc/docker/daemon.json \u003e /tmp/daemon.json.tmp \u0026\u0026 mv /tmp/daemon.json.tmp /etc/docker/daemon.json\nsystemctl stop docker\nsystemctl daemon-reload\nsystemctl start docker\n\nuseradd -m -s /bin/bash bm-agent\nsudo usermod -aG docker bm-agent\n\n# Run the commands below as bm-agent user:\nsudo -u bm-agent -i bash \u003c\u003c EOBM\ngcloud auth configure-docker southamerica-west1-docker.pkg.dev --quiet\nrm -rf bm-infra\ngit clone https://github.com/QiliangCui/bm-infra.git\npushd bm-infra\ngit pull\ngit reset --hard cb092f5880ea09f10d5be24ef6d0a4054c833ead\npopd\nEOBM\ncp /home/bm-agent/bm-infra/service/bm-agent/bm-agent.service /etc/systemd/system/bm-agent.service\nsystemctl stop bm-agent.service\nsystemctl daemon-reload\nsystemctl enable bm-agent.service\nsystemctl start bm-agent.service\n"
            },
            "multislice_node": false,
            "name": "vllm-tpu-v6e-8-bm-0",
            "network_config": [
              {
                "can_ip_forward": false,
                "enable_external_ips": true,
                "network": "projects/cloud-tpu-inference-test/global/networks/default",
                "queue_count": 0,
                "subnetwork": "projects/cloud-tpu-inference-test/regions/southamerica-west1/subnetworks/default"
              }
            ],
            "network_configs": [],
            "network_endpoints": [
              {
                "access_config": [
                  {
                    "external_ip": "34.176.210.117"
                  }
                ],
                "ip_address": "10.194.0.38",
                "port": 8470
              }
            ],
            "project": "cloud-tpu-inference-test",
            "queued_resource": "",
            "runtime_version": "v2-alpha-tpuv6e",
            "scheduling_config": [],
            "service_account": [
              {
                "email": "32478767326-compute@developer.gserviceaccount.com",
                "scope": [
                  "https://www.googleapis.com/auth/devstorage.read_write",
                  "https://www.googleapis.com/auth/logging.write",
                  "https://www.googleapis.com/auth/service.management",
                  "https://www.googleapis.com/auth/servicecontrol",
                  "https://www.googleapis.com/auth/cloud-platform",
                  "https://www.googleapis.com/auth/pubsub"
                ]
              }
            ],
            "shielded_instance_config": [],
            "state": "READY",
            "symptoms": [],
            "tags": [],
            "terraform_labels": {
              "goog-terraform-provisioned": "true"
            },
            "timeouts": null,
            "zone": "southamerica-west1-a"
          },
          "sensitive_attributes": [],
          "identity_schema_version": 0,
          "private": "eyJlMmJmYjczMC1lY2FhLTExZTYtOGY4OC0zNDM2M2JjN2M0YzAiOnsiY3JlYXRlIjoxMjAwMDAwMDAwMDAwLCJkZWxldGUiOjEyMDAwMDAwMDAwMDAsInVwZGF0ZSI6MTIwMDAwMDAwMDAwMH19",
          "dependencies": [
            "module.v6e-8.google_compute_disk.large_disk"
          ]
        },
        {
          "index_key": 1,
          "schema_version": 0,
          "attributes": {
            "accelerator_config": [
              {
                "topology": "2x4",
                "type": "V6E"
              }
            ],
            "accelerator_type": "v6e-8",
            "api_version": "V2_ALPHA1",
            "cidr_block": "10.194.0.0/20",
            "data_disks": [
              {
                "mode": "READ_WRITE",
                "source_disk": "projects/cloud-tpu-inference-test/zones/southamerica-west1-a/disks/tpu-bm-disk-v6e-8-southamerica-west1-a-1"
              }
            ],
            "description": "",
            "effective_labels": {
              "goog-terraform-provisioned": "true"
            },
            "health": "HEALTHY",
            "health_description": "",
            "id": "projects/cloud-tpu-inference-test/locations/southamerica-west1-a/nodes/vllm-tpu-v6e-8-bm-1",
            "labels": {},
            "metadata": {
              "startup-script": "#!/bin/bash     \n\n# Set env vars system-wide\ngrep -q \"^GCP_PROJECT_ID=\" /etc/environment || echo \"GCP_PROJECT_ID=cloud-tpu-inference-test\" | sudo tee -a /etc/environment\ngrep -q \"^GCP_INSTANCE_ID=\" /etc/environment || echo \"GCP_INSTANCE_ID=vllm-bm-inst\" | sudo tee -a /etc/environment\ngrep -q \"^GCP_DATABASE_ID=\" /etc/environment || echo \"GCP_DATABASE_ID=vllm-bm-runs\" | sudo tee -a /etc/environment\ngrep -q \"^GCP_REGION=\" /etc/environment || echo \"GCP_REGION=southamerica-west1\" | sudo tee -a /etc/environment\ngrep -q \"^GCP_INSTANCE_NAME=\" /etc/environment || echo \"GCP_INSTANCE_NAME=vllm-tpu-v6e-8-bm-1\" | sudo tee -a /etc/environment\ngrep -q \"^GCS_BUCKET=\" /etc/environment || echo \"GCS_BUCKET=vllm-cb-storage2\" | sudo tee -a /etc/environment\ngrep -q \"^GCP_QUEUE=\" /etc/environment || echo \"GCP_QUEUE=vllm-bm-queue-v6e-8\" | sudo tee -a /etc/environment\nif ! grep -q \"^HF_TOKEN=\" /etc/environment; then\n  gcloud secrets versions access latest --secret=bm-agent-hf-token --quiet | \\\n  sudo tee -a /etc/environment \u003e /dev/null \u003c\u003c\u003c \"HF_TOKEN=$(cat)\"\nfi\n\napt-get update\napt-get install -y curl build-essential jq\n\ncurl -o- https://get.docker.com/ | bash -\n\ncurl --proto '=https' --tlsv1.2 -sSf https://sh.rustup.rs | sh -s -- -y\n/root/.cargo/bin/cargo install minijinja-cli\ncp /root/.cargo/bin/minijinja-cli /usr/bin/minijinja-cli\nchmod 777 /usr/bin/minijinja-cli\n\n# Mount persistent disk\n\nsudo mkdir -p /mnt/disks/persist\n\n# Format if not already formatted\nif ! blkid /dev/nvme0n2; then\n  echo \"Formatting /dev/nvme0n2 as ext4...\"\n  sudo mkfs.ext4 -m 0 -E lazy_itable_init=0,lazy_journal_init=0,discard /dev/nvme0n2\nfi\n\n# Add to /etc/fstab using UUID\ndisk_uuid=$(blkid -s UUID -o value /dev/nvme0n2)\nif ! grep -q \"/mnt/disks/persist\" /etc/fstab; then\n  echo \"UUID=$disk_uuid /mnt/disks/persist ext4 defaults,discard 0 2\" | sudo tee -a /etc/fstab\nfi\n\n# Only mount if not already mounted (first boot or recovery)\nif ! mountpoint -q /mnt/disks/persist; then\n  sudo mount /mnt/disks/persist  \nfi\n\njq \". + {\\\"data-root\\\": \\\"/mnt/disks/persist\\\"}\" /etc/docker/daemon.json \u003e /tmp/daemon.json.tmp \u0026\u0026 mv /tmp/daemon.json.tmp /etc/docker/daemon.json\nsystemctl stop docker\nsystemctl daemon-reload\nsystemctl start docker\n\nuseradd -m -s /bin/bash bm-agent\nsudo usermod -aG docker bm-agent\n\n# Run the commands below as bm-agent user:\nsudo -u bm-agent -i bash \u003c\u003c EOBM\ngcloud auth configure-docker southamerica-west1-docker.pkg.dev --quiet\nrm -rf bm-infra\ngit clone https://github.com/QiliangCui/bm-infra.git\npushd bm-infra\ngit pull\ngit reset --hard cb092f5880ea09f10d5be24ef6d0a4054c833ead\npopd\nEOBM\ncp /home/bm-agent/bm-infra/service/bm-agent/bm-agent.service /etc/systemd/system/bm-agent.service\nsystemctl stop bm-agent.service\nsystemctl daemon-reload\nsystemctl enable bm-agent.service\nsystemctl start bm-agent.service\n"
            },
            "multislice_node": false,
            "name": "vllm-tpu-v6e-8-bm-1",
            "network_config": [
              {
                "can_ip_forward": false,
                "enable_external_ips": true,
                "network": "projects/cloud-tpu-inference-test/global/networks/default",
                "queue_count": 0,
                "subnetwork": "projects/cloud-tpu-inference-test/regions/southamerica-west1/subnetworks/default"
              }
            ],
            "network_configs": [],
            "network_endpoints": [
              {
                "access_config": [
                  {
                    "external_ip": "34.176.115.123"
                  }
                ],
                "ip_address": "10.194.0.99",
                "port": 8470
              }
            ],
            "project": "cloud-tpu-inference-test",
            "queued_resource": "",
            "runtime_version": "v2-alpha-tpuv6e",
            "scheduling_config": [],
            "service_account": [
              {
                "email": "32478767326-compute@developer.gserviceaccount.com",
                "scope": [
                  "https://www.googleapis.com/auth/devstorage.read_write",
                  "https://www.googleapis.com/auth/logging.write",
                  "https://www.googleapis.com/auth/service.management",
                  "https://www.googleapis.com/auth/servicecontrol",
                  "https://www.googleapis.com/auth/cloud-platform",
                  "https://www.googleapis.com/auth/pubsub"
                ]
              }
            ],
            "shielded_instance_config": [],
            "state": "READY",
            "symptoms": [],
            "tags": [],
            "terraform_labels": {
              "goog-terraform-provisioned": "true"
            },
            "timeouts": null,
            "zone": "southamerica-west1-a"
          },
          "sensitive_attributes": [],
          "identity_schema_version": 0,
          "private": "eyJlMmJmYjczMC1lY2FhLTExZTYtOGY4OC0zNDM2M2JjN2M0YzAiOnsiY3JlYXRlIjoxMjAwMDAwMDAwMDAwLCJkZWxldGUiOjEyMDAwMDAwMDAwMDAsInVwZGF0ZSI6MTIwMDAwMDAwMDAwMH19",
          "dependencies": [
            "module.v6e-8.google_compute_disk.large_disk"
          ]
        },
        {
          "index_key": 2,
          "schema_version": 0,
          "attributes": {
            "accelerator_config": [
              {
                "topology": "2x4",
                "type": "V6E"
              }
            ],
            "accelerator_type": "v6e-8",
            "api_version": "V2_ALPHA1",
            "cidr_block": "10.194.0.0/20",
            "data_disks": [
              {
                "mode": "READ_WRITE",
                "source_disk": "projects/cloud-tpu-inference-test/zones/southamerica-west1-a/disks/tpu-bm-disk-v6e-8-southamerica-west1-a-2"
              }
            ],
            "description": "",
            "effective_labels": {
              "goog-terraform-provisioned": "true"
            },
            "health": "HEALTHY",
            "health_description": "",
            "id": "projects/cloud-tpu-inference-test/locations/southamerica-west1-a/nodes/vllm-tpu-v6e-8-bm-2",
            "labels": {},
            "metadata": {
              "startup-script": "#!/bin/bash     \n\n# Set env vars system-wide\ngrep -q \"^GCP_PROJECT_ID=\" /etc/environment || echo \"GCP_PROJECT_ID=cloud-tpu-inference-test\" | sudo tee -a /etc/environment\ngrep -q \"^GCP_INSTANCE_ID=\" /etc/environment || echo \"GCP_INSTANCE_ID=vllm-bm-inst\" | sudo tee -a /etc/environment\ngrep -q \"^GCP_DATABASE_ID=\" /etc/environment || echo \"GCP_DATABASE_ID=vllm-bm-runs\" | sudo tee -a /etc/environment\ngrep -q \"^GCP_REGION=\" /etc/environment || echo \"GCP_REGION=southamerica-west1\" | sudo tee -a /etc/environment\ngrep -q \"^GCP_INSTANCE_NAME=\" /etc/environment || echo \"GCP_INSTANCE_NAME=vllm-tpu-v6e-8-bm-2\" | sudo tee -a /etc/environment\ngrep -q \"^GCS_BUCKET=\" /etc/environment || echo \"GCS_BUCKET=vllm-cb-storage2\" | sudo tee -a /etc/environment\ngrep -q \"^GCP_QUEUE=\" /etc/environment || echo \"GCP_QUEUE=vllm-bm-queue-v6e-8\" | sudo tee -a /etc/environment\nif ! grep -q \"^HF_TOKEN=\" /etc/environment; then\n  gcloud secrets versions access latest --secret=bm-agent-hf-token --quiet | \\\n  sudo tee -a /etc/environment \u003e /dev/null \u003c\u003c\u003c \"HF_TOKEN=$(cat)\"\nfi\n\napt-get update\napt-get install -y curl build-essential jq\n\ncurl -o- https://get.docker.com/ | bash -\n\ncurl --proto '=https' --tlsv1.2 -sSf https://sh.rustup.rs | sh -s -- -y\n/root/.cargo/bin/cargo install minijinja-cli\ncp /root/.cargo/bin/minijinja-cli /usr/bin/minijinja-cli\nchmod 777 /usr/bin/minijinja-cli\n\n# Mount persistent disk\n\nsudo mkdir -p /mnt/disks/persist\n\n# Format if not already formatted\nif ! blkid /dev/nvme0n2; then\n  echo \"Formatting /dev/nvme0n2 as ext4...\"\n  sudo mkfs.ext4 -m 0 -E lazy_itable_init=0,lazy_journal_init=0,discard /dev/nvme0n2\nfi\n\n# Add to /etc/fstab using UUID\ndisk_uuid=$(blkid -s UUID -o value /dev/nvme0n2)\nif ! grep -q \"/mnt/disks/persist\" /etc/fstab; then\n  echo \"UUID=$disk_uuid /mnt/disks/persist ext4 defaults,discard 0 2\" | sudo tee -a /etc/fstab\nfi\n\n# Only mount if not already mounted (first boot or recovery)\nif ! mountpoint -q /mnt/disks/persist; then\n  sudo mount /mnt/disks/persist  \nfi\n\njq \". + {\\\"data-root\\\": \\\"/mnt/disks/persist\\\"}\" /etc/docker/daemon.json \u003e /tmp/daemon.json.tmp \u0026\u0026 mv /tmp/daemon.json.tmp /etc/docker/daemon.json\nsystemctl stop docker\nsystemctl daemon-reload\nsystemctl start docker\n\nuseradd -m -s /bin/bash bm-agent\nsudo usermod -aG docker bm-agent\n\n# Run the commands below as bm-agent user:\nsudo -u bm-agent -i bash \u003c\u003c EOBM\ngcloud auth configure-docker southamerica-west1-docker.pkg.dev --quiet\nrm -rf bm-infra\ngit clone https://github.com/QiliangCui/bm-infra.git\npushd bm-infra\ngit pull\ngit reset --hard cb092f5880ea09f10d5be24ef6d0a4054c833ead\npopd\nEOBM\ncp /home/bm-agent/bm-infra/service/bm-agent/bm-agent.service /etc/systemd/system/bm-agent.service\nsystemctl stop bm-agent.service\nsystemctl daemon-reload\nsystemctl enable bm-agent.service\nsystemctl start bm-agent.service\n"
            },
            "multislice_node": false,
            "name": "vllm-tpu-v6e-8-bm-2",
            "network_config": [
              {
                "can_ip_forward": false,
                "enable_external_ips": true,
                "network": "projects/cloud-tpu-inference-test/global/networks/default",
                "queue_count": 0,
                "subnetwork": "projects/cloud-tpu-inference-test/regions/southamerica-west1/subnetworks/default"
              }
            ],
            "network_configs": [],
            "network_endpoints": [
              {
                "access_config": [
                  {
                    "external_ip": "34.176.193.61"
                  }
                ],
                "ip_address": "10.194.0.77",
                "port": 8470
              }
            ],
            "project": "cloud-tpu-inference-test",
            "queued_resource": "",
            "runtime_version": "v2-alpha-tpuv6e",
            "scheduling_config": [],
            "service_account": [
              {
                "email": "32478767326-compute@developer.gserviceaccount.com",
                "scope": [
                  "https://www.googleapis.com/auth/devstorage.read_write",
                  "https://www.googleapis.com/auth/logging.write",
                  "https://www.googleapis.com/auth/service.management",
                  "https://www.googleapis.com/auth/servicecontrol",
                  "https://www.googleapis.com/auth/cloud-platform",
                  "https://www.googleapis.com/auth/pubsub"
                ]
              }
            ],
            "shielded_instance_config": [],
            "state": "READY",
            "symptoms": [],
            "tags": [],
            "terraform_labels": {
              "goog-terraform-provisioned": "true"
            },
            "timeouts": null,
            "zone": "southamerica-west1-a"
          },
          "sensitive_attributes": [],
          "identity_schema_version": 0,
          "private": "eyJlMmJmYjczMC1lY2FhLTExZTYtOGY4OC0zNDM2M2JjN2M0YzAiOnsiY3JlYXRlIjoxMjAwMDAwMDAwMDAwLCJkZWxldGUiOjEyMDAwMDAwMDAwMDAsInVwZGF0ZSI6MTIwMDAwMDAwMDAwMH19",
          "dependencies": [
            "module.v6e-8.google_compute_disk.large_disk"
          ]
        },
        {
          "index_key": 3,
          "schema_version": 0,
          "attributes": {
            "accelerator_config": [
              {
                "topology": "2x4",
                "type": "V6E"
              }
            ],
            "accelerator_type": "v6e-8",
            "api_version": "V2_ALPHA1",
            "cidr_block": "10.194.0.0/20",
            "data_disks": [
              {
                "mode": "READ_WRITE",
                "source_disk": "projects/cloud-tpu-inference-test/zones/southamerica-west1-a/disks/tpu-bm-disk-v6e-8-southamerica-west1-a-3"
              }
            ],
            "description": "",
            "effective_labels": {
              "goog-terraform-provisioned": "true"
            },
            "health": "HEALTHY",
            "health_description": "The TPU had a maintenance event at 2025-06-20T02:07:11.280188782Z",
            "id": "projects/cloud-tpu-inference-test/locations/southamerica-west1-a/nodes/vllm-tpu-v6e-8-bm-3",
            "labels": {},
            "metadata": {
              "startup-script": "#!/bin/bash     \n\n# Set env vars system-wide\ngrep -q \"^GCP_PROJECT_ID=\" /etc/environment || echo \"GCP_PROJECT_ID=cloud-tpu-inference-test\" | sudo tee -a /etc/environment\ngrep -q \"^GCP_INSTANCE_ID=\" /etc/environment || echo \"GCP_INSTANCE_ID=vllm-bm-inst\" | sudo tee -a /etc/environment\ngrep -q \"^GCP_DATABASE_ID=\" /etc/environment || echo \"GCP_DATABASE_ID=vllm-bm-runs\" | sudo tee -a /etc/environment\ngrep -q \"^GCP_REGION=\" /etc/environment || echo \"GCP_REGION=southamerica-west1\" | sudo tee -a /etc/environment\ngrep -q \"^GCP_INSTANCE_NAME=\" /etc/environment || echo \"GCP_INSTANCE_NAME=vllm-tpu-v6e-8-bm-3\" | sudo tee -a /etc/environment\ngrep -q \"^GCS_BUCKET=\" /etc/environment || echo \"GCS_BUCKET=vllm-cb-storage2\" | sudo tee -a /etc/environment\ngrep -q \"^GCP_QUEUE=\" /etc/environment || echo \"GCP_QUEUE=vllm-bm-queue-v6e-8\" | sudo tee -a /etc/environment\nif ! grep -q \"^HF_TOKEN=\" /etc/environment; then\n  gcloud secrets versions access latest --secret=bm-agent-hf-token --quiet | \\\n  sudo tee -a /etc/environment \u003e /dev/null \u003c\u003c\u003c \"HF_TOKEN=$(cat)\"\nfi\n\napt-get update\napt-get install -y curl build-essential jq\n\ncurl -o- https://get.docker.com/ | bash -\n\ncurl --proto '=https' --tlsv1.2 -sSf https://sh.rustup.rs | sh -s -- -y\n/root/.cargo/bin/cargo install minijinja-cli\ncp /root/.cargo/bin/minijinja-cli /usr/bin/minijinja-cli\nchmod 777 /usr/bin/minijinja-cli\n\n# Mount persistent disk\n\nsudo mkdir -p /mnt/disks/persist\n\n# Format if not already formatted\nif ! blkid /dev/nvme0n2; then\n  echo \"Formatting /dev/nvme0n2 as ext4...\"\n  sudo mkfs.ext4 -m 0 -E lazy_itable_init=0,lazy_journal_init=0,discard /dev/nvme0n2\nfi\n\n# Add to /etc/fstab using UUID\ndisk_uuid=$(blkid -s UUID -o value /dev/nvme0n2)\nif ! grep -q \"/mnt/disks/persist\" /etc/fstab; then\n  echo \"UUID=$disk_uuid /mnt/disks/persist ext4 defaults,discard 0 2\" | sudo tee -a /etc/fstab\nfi\n\n# Only mount if not already mounted (first boot or recovery)\nif ! mountpoint -q /mnt/disks/persist; then\n  sudo mount /mnt/disks/persist  \nfi\n\njq \". + {\\\"data-root\\\": \\\"/mnt/disks/persist\\\"}\" /etc/docker/daemon.json \u003e /tmp/daemon.json.tmp \u0026\u0026 mv /tmp/daemon.json.tmp /etc/docker/daemon.json\nsystemctl stop docker\nsystemctl daemon-reload\nsystemctl start docker\n\nuseradd -m -s /bin/bash bm-agent\nsudo usermod -aG docker bm-agent\n\n# Run the commands below as bm-agent user:\nsudo -u bm-agent -i bash \u003c\u003c EOBM\ngcloud auth configure-docker southamerica-west1-docker.pkg.dev --quiet\nrm -rf bm-infra\ngit clone https://github.com/QiliangCui/bm-infra.git\npushd bm-infra\ngit pull\ngit reset --hard cb092f5880ea09f10d5be24ef6d0a4054c833ead\npopd\nEOBM\ncp /home/bm-agent/bm-infra/service/bm-agent/bm-agent.service /etc/systemd/system/bm-agent.service\nsystemctl stop bm-agent.service\nsystemctl daemon-reload\nsystemctl enable bm-agent.service\nsystemctl start bm-agent.service\n"
            },
            "multislice_node": false,
            "name": "vllm-tpu-v6e-8-bm-3",
            "network_config": [
              {
                "can_ip_forward": false,
                "enable_external_ips": true,
                "network": "projects/cloud-tpu-inference-test/global/networks/default",
                "queue_count": 0,
                "subnetwork": "projects/cloud-tpu-inference-test/regions/southamerica-west1/subnetworks/default"
              }
            ],
            "network_configs": [],
            "network_endpoints": [
              {
                "access_config": [
                  {
                    "external_ip": "34.176.121.175"
                  }
                ],
                "ip_address": "10.194.0.100",
                "port": 8470
              }
            ],
            "project": "cloud-tpu-inference-test",
            "queued_resource": "",
            "runtime_version": "v2-alpha-tpuv6e",
            "scheduling_config": [],
            "service_account": [
              {
                "email": "32478767326-compute@developer.gserviceaccount.com",
                "scope": [
                  "https://www.googleapis.com/auth/devstorage.read_write",
                  "https://www.googleapis.com/auth/logging.write",
                  "https://www.googleapis.com/auth/service.management",
                  "https://www.googleapis.com/auth/servicecontrol",
                  "https://www.googleapis.com/auth/cloud-platform",
                  "https://www.googleapis.com/auth/pubsub"
                ]
              }
            ],
            "shielded_instance_config": [],
            "state": "READY",
            "symptoms": [],
            "tags": [],
            "terraform_labels": {
              "goog-terraform-provisioned": "true"
            },
            "timeouts": null,
            "zone": "southamerica-west1-a"
          },
          "sensitive_attributes": [],
          "identity_schema_version": 0,
          "private": "eyJlMmJmYjczMC1lY2FhLTExZTYtOGY4OC0zNDM2M2JjN2M0YzAiOnsiY3JlYXRlIjoxMjAwMDAwMDAwMDAwLCJkZWxldGUiOjEyMDAwMDAwMDAwMDAsInVwZGF0ZSI6MTIwMDAwMDAwMDAwMH19",
          "dependencies": [
            "module.v6e-8.google_compute_disk.large_disk"
          ]
        },
        {
          "index_key": 4,
          "schema_version": 0,
          "attributes": {
            "accelerator_config": [
              {
                "topology": "2x4",
                "type": "V6E"
              }
            ],
            "accelerator_type": "v6e-8",
            "api_version": "V2_ALPHA1",
            "cidr_block": "10.194.0.0/20",
            "data_disks": [
              {
                "mode": "READ_WRITE",
                "source_disk": "projects/cloud-tpu-inference-test/zones/southamerica-west1-a/disks/tpu-bm-disk-v6e-8-southamerica-west1-a-4"
              }
            ],
            "description": "",
            "effective_labels": {
              "goog-terraform-provisioned": "true"
            },
            "health": "HEALTHY",
            "health_description": "The TPU had a maintenance event at 2025-06-20T04:45:42.136649825Z",
            "id": "projects/cloud-tpu-inference-test/locations/southamerica-west1-a/nodes/vllm-tpu-v6e-8-bm-4",
            "labels": {},
            "metadata": {
              "startup-script": "#!/bin/bash     \n\n# Set env vars system-wide\ngrep -q \"^GCP_PROJECT_ID=\" /etc/environment || echo \"GCP_PROJECT_ID=cloud-tpu-inference-test\" | sudo tee -a /etc/environment\ngrep -q \"^GCP_INSTANCE_ID=\" /etc/environment || echo \"GCP_INSTANCE_ID=vllm-bm-inst\" | sudo tee -a /etc/environment\ngrep -q \"^GCP_DATABASE_ID=\" /etc/environment || echo \"GCP_DATABASE_ID=vllm-bm-runs\" | sudo tee -a /etc/environment\ngrep -q \"^GCP_REGION=\" /etc/environment || echo \"GCP_REGION=southamerica-west1\" | sudo tee -a /etc/environment\ngrep -q \"^GCP_INSTANCE_NAME=\" /etc/environment || echo \"GCP_INSTANCE_NAME=vllm-tpu-v6e-8-bm-4\" | sudo tee -a /etc/environment\ngrep -q \"^GCS_BUCKET=\" /etc/environment || echo \"GCS_BUCKET=vllm-cb-storage2\" | sudo tee -a /etc/environment\ngrep -q \"^GCP_QUEUE=\" /etc/environment || echo \"GCP_QUEUE=vllm-bm-queue-v6e-8\" | sudo tee -a /etc/environment\nif ! grep -q \"^HF_TOKEN=\" /etc/environment; then\n  gcloud secrets versions access latest --secret=bm-agent-hf-token --quiet | \\\n  sudo tee -a /etc/environment \u003e /dev/null \u003c\u003c\u003c \"HF_TOKEN=$(cat)\"\nfi\n\napt-get update\napt-get install -y curl build-essential jq\n\ncurl -o- https://get.docker.com/ | bash -\n\ncurl --proto '=https' --tlsv1.2 -sSf https://sh.rustup.rs | sh -s -- -y\n/root/.cargo/bin/cargo install minijinja-cli\ncp /root/.cargo/bin/minijinja-cli /usr/bin/minijinja-cli\nchmod 777 /usr/bin/minijinja-cli\n\n# Mount persistent disk\n\nsudo mkdir -p /mnt/disks/persist\n\n# Format if not already formatted\nif ! blkid /dev/nvme0n2; then\n  echo \"Formatting /dev/nvme0n2 as ext4...\"\n  sudo mkfs.ext4 -m 0 -E lazy_itable_init=0,lazy_journal_init=0,discard /dev/nvme0n2\nfi\n\n# Add to /etc/fstab using UUID\ndisk_uuid=$(blkid -s UUID -o value /dev/nvme0n2)\nif ! grep -q \"/mnt/disks/persist\" /etc/fstab; then\n  echo \"UUID=$disk_uuid /mnt/disks/persist ext4 defaults,discard 0 2\" | sudo tee -a /etc/fstab\nfi\n\n# Only mount if not already mounted (first boot or recovery)\nif ! mountpoint -q /mnt/disks/persist; then\n  sudo mount /mnt/disks/persist  \nfi\n\njq \". + {\\\"data-root\\\": \\\"/mnt/disks/persist\\\"}\" /etc/docker/daemon.json \u003e /tmp/daemon.json.tmp \u0026\u0026 mv /tmp/daemon.json.tmp /etc/docker/daemon.json\nsystemctl stop docker\nsystemctl daemon-reload\nsystemctl start docker\n\nuseradd -m -s /bin/bash bm-agent\nsudo usermod -aG docker bm-agent\n\n# Run the commands below as bm-agent user:\nsudo -u bm-agent -i bash \u003c\u003c EOBM\ngcloud auth configure-docker southamerica-west1-docker.pkg.dev --quiet\nrm -rf bm-infra\ngit clone https://github.com/QiliangCui/bm-infra.git\npushd bm-infra\ngit pull\ngit reset --hard cb092f5880ea09f10d5be24ef6d0a4054c833ead\npopd\nEOBM\ncp /home/bm-agent/bm-infra/service/bm-agent/bm-agent.service /etc/systemd/system/bm-agent.service\nsystemctl stop bm-agent.service\nsystemctl daemon-reload\nsystemctl enable bm-agent.service\nsystemctl start bm-agent.service\n"
            },
            "multislice_node": false,
            "name": "vllm-tpu-v6e-8-bm-4",
            "network_config": [
              {
                "can_ip_forward": false,
                "enable_external_ips": true,
                "network": "projects/cloud-tpu-inference-test/global/networks/default",
                "queue_count": 0,
                "subnetwork": "projects/cloud-tpu-inference-test/regions/southamerica-west1/subnetworks/default"
              }
            ],
            "network_configs": [],
            "network_endpoints": [
              {
                "access_config": [
                  {
                    "external_ip": "34.176.43.9"
                  }
                ],
                "ip_address": "10.194.15.198",
                "port": 8470
              }
            ],
            "project": "cloud-tpu-inference-test",
            "queued_resource": "",
            "runtime_version": "v2-alpha-tpuv6e",
            "scheduling_config": [],
            "service_account": [
              {
                "email": "32478767326-compute@developer.gserviceaccount.com",
                "scope": [
                  "https://www.googleapis.com/auth/devstorage.read_write",
                  "https://www.googleapis.com/auth/logging.write",
                  "https://www.googleapis.com/auth/service.management",
                  "https://www.googleapis.com/auth/servicecontrol",
                  "https://www.googleapis.com/auth/cloud-platform",
                  "https://www.googleapis.com/auth/pubsub"
                ]
              }
            ],
            "shielded_instance_config": [],
            "state": "READY",
            "symptoms": [],
            "tags": [],
            "terraform_labels": {
              "goog-terraform-provisioned": "true"
            },
            "timeouts": null,
            "zone": "southamerica-west1-a"
          },
          "sensitive_attributes": [],
          "identity_schema_version": 0,
          "private": "eyJlMmJmYjczMC1lY2FhLTExZTYtOGY4OC0zNDM2M2JjN2M0YzAiOnsiY3JlYXRlIjoxMjAwMDAwMDAwMDAwLCJkZWxldGUiOjEyMDAwMDAwMDAwMDAsInVwZGF0ZSI6MTIwMDAwMDAwMDAwMH19",
          "dependencies": [
            "module.v6e-8.google_compute_disk.large_disk"
          ]
        },
        {
          "index_key": 5,
          "schema_version": 0,
          "attributes": {
            "accelerator_config": [
              {
                "topology": "2x4",
                "type": "V6E"
              }
            ],
            "accelerator_type": "v6e-8",
            "api_version": "V2_ALPHA1",
            "cidr_block": "10.194.0.0/20",
            "data_disks": [
              {
                "mode": "READ_WRITE",
                "source_disk": "projects/cloud-tpu-inference-test/zones/southamerica-west1-a/disks/tpu-bm-disk-v6e-8-southamerica-west1-a-5"
              }
            ],
            "description": "",
            "effective_labels": {
              "goog-terraform-provisioned": "true"
            },
            "health": "HEALTHY",
            "health_description": "",
            "id": "projects/cloud-tpu-inference-test/locations/southamerica-west1-a/nodes/vllm-tpu-v6e-8-bm-5",
            "labels": {},
            "metadata": {
              "startup-script": "#!/bin/bash     \n\n# Set env vars system-wide\ngrep -q \"^GCP_PROJECT_ID=\" /etc/environment || echo \"GCP_PROJECT_ID=cloud-tpu-inference-test\" | sudo tee -a /etc/environment\ngrep -q \"^GCP_INSTANCE_ID=\" /etc/environment || echo \"GCP_INSTANCE_ID=vllm-bm-inst\" | sudo tee -a /etc/environment\ngrep -q \"^GCP_DATABASE_ID=\" /etc/environment || echo \"GCP_DATABASE_ID=vllm-bm-runs\" | sudo tee -a /etc/environment\ngrep -q \"^GCP_REGION=\" /etc/environment || echo \"GCP_REGION=southamerica-west1\" | sudo tee -a /etc/environment\ngrep -q \"^GCP_INSTANCE_NAME=\" /etc/environment || echo \"GCP_INSTANCE_NAME=vllm-tpu-v6e-8-bm-5\" | sudo tee -a /etc/environment\ngrep -q \"^GCS_BUCKET=\" /etc/environment || echo \"GCS_BUCKET=vllm-cb-storage2\" | sudo tee -a /etc/environment\ngrep -q \"^GCP_QUEUE=\" /etc/environment || echo \"GCP_QUEUE=vllm-bm-queue-v6e-8\" | sudo tee -a /etc/environment\nif ! grep -q \"^HF_TOKEN=\" /etc/environment; then\n  gcloud secrets versions access latest --secret=bm-agent-hf-token --quiet | \\\n  sudo tee -a /etc/environment \u003e /dev/null \u003c\u003c\u003c \"HF_TOKEN=$(cat)\"\nfi\n\napt-get update\napt-get install -y curl build-essential jq\n\ncurl -o- https://get.docker.com/ | bash -\n\ncurl --proto '=https' --tlsv1.2 -sSf https://sh.rustup.rs | sh -s -- -y\n/root/.cargo/bin/cargo install minijinja-cli\ncp /root/.cargo/bin/minijinja-cli /usr/bin/minijinja-cli\nchmod 777 /usr/bin/minijinja-cli\n\n# Mount persistent disk\n\nsudo mkdir -p /mnt/disks/persist\n\n# Format if not already formatted\nif ! blkid /dev/nvme0n2; then\n  echo \"Formatting /dev/nvme0n2 as ext4...\"\n  sudo mkfs.ext4 -m 0 -E lazy_itable_init=0,lazy_journal_init=0,discard /dev/nvme0n2\nfi\n\n# Add to /etc/fstab using UUID\ndisk_uuid=$(blkid -s UUID -o value /dev/nvme0n2)\nif ! grep -q \"/mnt/disks/persist\" /etc/fstab; then\n  echo \"UUID=$disk_uuid /mnt/disks/persist ext4 defaults,discard 0 2\" | sudo tee -a /etc/fstab\nfi\n\n# Only mount if not already mounted (first boot or recovery)\nif ! mountpoint -q /mnt/disks/persist; then\n  sudo mount /mnt/disks/persist  \nfi\n\njq \". + {\\\"data-root\\\": \\\"/mnt/disks/persist\\\"}\" /etc/docker/daemon.json \u003e /tmp/daemon.json.tmp \u0026\u0026 mv /tmp/daemon.json.tmp /etc/docker/daemon.json\nsystemctl stop docker\nsystemctl daemon-reload\nsystemctl start docker\n\nuseradd -m -s /bin/bash bm-agent\nsudo usermod -aG docker bm-agent\n\n# Run the commands below as bm-agent user:\nsudo -u bm-agent -i bash \u003c\u003c EOBM\ngcloud auth configure-docker southamerica-west1-docker.pkg.dev --quiet\nrm -rf bm-infra\ngit clone https://github.com/QiliangCui/bm-infra.git\npushd bm-infra\ngit pull\ngit reset --hard cb092f5880ea09f10d5be24ef6d0a4054c833ead\npopd\nEOBM\ncp /home/bm-agent/bm-infra/service/bm-agent/bm-agent.service /etc/systemd/system/bm-agent.service\nsystemctl stop bm-agent.service\nsystemctl daemon-reload\nsystemctl enable bm-agent.service\nsystemctl start bm-agent.service\n"
            },
            "multislice_node": false,
            "name": "vllm-tpu-v6e-8-bm-5",
            "network_config": [
              {
                "can_ip_forward": false,
                "enable_external_ips": true,
                "network": "projects/cloud-tpu-inference-test/global/networks/default",
                "queue_count": 0,
                "subnetwork": "projects/cloud-tpu-inference-test/regions/southamerica-west1/subnetworks/default"
              }
            ],
            "network_configs": [],
            "network_endpoints": [
              {
                "access_config": [
                  {
                    "external_ip": "34.176.56.56"
                  }
                ],
                "ip_address": "10.194.0.124",
                "port": 8470
              }
            ],
            "project": "cloud-tpu-inference-test",
            "queued_resource": "",
            "runtime_version": "v2-alpha-tpuv6e",
            "scheduling_config": [],
            "service_account": [
              {
                "email": "32478767326-compute@developer.gserviceaccount.com",
                "scope": [
                  "https://www.googleapis.com/auth/devstorage.read_write",
                  "https://www.googleapis.com/auth/logging.write",
                  "https://www.googleapis.com/auth/service.management",
                  "https://www.googleapis.com/auth/servicecontrol",
                  "https://www.googleapis.com/auth/cloud-platform",
                  "https://www.googleapis.com/auth/pubsub"
                ]
              }
            ],
            "shielded_instance_config": [],
            "state": "READY",
            "symptoms": [],
            "tags": [],
            "terraform_labels": {
              "goog-terraform-provisioned": "true"
            },
            "timeouts": null,
            "zone": "southamerica-west1-a"
          },
          "sensitive_attributes": [],
          "identity_schema_version": 0,
          "private": "eyJlMmJmYjczMC1lY2FhLTExZTYtOGY4OC0zNDM2M2JjN2M0YzAiOnsiY3JlYXRlIjoxMjAwMDAwMDAwMDAwLCJkZWxldGUiOjEyMDAwMDAwMDAwMDAsInVwZGF0ZSI6MTIwMDAwMDAwMDAwMH19",
          "dependencies": [
            "module.v6e-8.google_compute_disk.large_disk"
          ]
        },
        {
          "index_key": 6,
          "schema_version": 0,
          "attributes": {
            "accelerator_config": [
              {
                "topology": "2x4",
                "type": "V6E"
              }
            ],
            "accelerator_type": "v6e-8",
            "api_version": "V2_ALPHA1",
            "cidr_block": "10.194.0.0/20",
            "data_disks": [
              {
                "mode": "READ_WRITE",
                "source_disk": "projects/cloud-tpu-inference-test/zones/southamerica-west1-a/disks/tpu-bm-disk-v6e-8-southamerica-west1-a-6"
              }
            ],
            "description": "",
            "effective_labels": {
              "goog-terraform-provisioned": "true"
            },
            "health": "HEALTHY",
            "health_description": "",
            "id": "projects/cloud-tpu-inference-test/locations/southamerica-west1-a/nodes/vllm-tpu-v6e-8-bm-6",
            "labels": {},
            "metadata": {
              "startup-script": "#!/bin/bash     \n\n# Set env vars system-wide\ngrep -q \"^GCP_PROJECT_ID=\" /etc/environment || echo \"GCP_PROJECT_ID=cloud-tpu-inference-test\" | sudo tee -a /etc/environment\ngrep -q \"^GCP_INSTANCE_ID=\" /etc/environment || echo \"GCP_INSTANCE_ID=vllm-bm-inst\" | sudo tee -a /etc/environment\ngrep -q \"^GCP_DATABASE_ID=\" /etc/environment || echo \"GCP_DATABASE_ID=vllm-bm-runs\" | sudo tee -a /etc/environment\ngrep -q \"^GCP_REGION=\" /etc/environment || echo \"GCP_REGION=southamerica-west1\" | sudo tee -a /etc/environment\ngrep -q \"^GCP_INSTANCE_NAME=\" /etc/environment || echo \"GCP_INSTANCE_NAME=vllm-tpu-v6e-8-bm-6\" | sudo tee -a /etc/environment\ngrep -q \"^GCS_BUCKET=\" /etc/environment || echo \"GCS_BUCKET=vllm-cb-storage2\" | sudo tee -a /etc/environment\ngrep -q \"^GCP_QUEUE=\" /etc/environment || echo \"GCP_QUEUE=vllm-bm-queue-v6e-8\" | sudo tee -a /etc/environment\nif ! grep -q \"^HF_TOKEN=\" /etc/environment; then\n  gcloud secrets versions access latest --secret=bm-agent-hf-token --quiet | \\\n  sudo tee -a /etc/environment \u003e /dev/null \u003c\u003c\u003c \"HF_TOKEN=$(cat)\"\nfi\n\napt-get update\napt-get install -y curl build-essential jq\n\ncurl -o- https://get.docker.com/ | bash -\n\ncurl --proto '=https' --tlsv1.2 -sSf https://sh.rustup.rs | sh -s -- -y\n/root/.cargo/bin/cargo install minijinja-cli\ncp /root/.cargo/bin/minijinja-cli /usr/bin/minijinja-cli\nchmod 777 /usr/bin/minijinja-cli\n\n# Mount persistent disk\n\nsudo mkdir -p /mnt/disks/persist\n\n# Format if not already formatted\nif ! blkid /dev/nvme0n2; then\n  echo \"Formatting /dev/nvme0n2 as ext4...\"\n  sudo mkfs.ext4 -m 0 -E lazy_itable_init=0,lazy_journal_init=0,discard /dev/nvme0n2\nfi\n\n# Add to /etc/fstab using UUID\ndisk_uuid=$(blkid -s UUID -o value /dev/nvme0n2)\nif ! grep -q \"/mnt/disks/persist\" /etc/fstab; then\n  echo \"UUID=$disk_uuid /mnt/disks/persist ext4 defaults,discard 0 2\" | sudo tee -a /etc/fstab\nfi\n\n# Only mount if not already mounted (first boot or recovery)\nif ! mountpoint -q /mnt/disks/persist; then\n  sudo mount /mnt/disks/persist  \nfi\n\njq \". + {\\\"data-root\\\": \\\"/mnt/disks/persist\\\"}\" /etc/docker/daemon.json \u003e /tmp/daemon.json.tmp \u0026\u0026 mv /tmp/daemon.json.tmp /etc/docker/daemon.json\nsystemctl stop docker\nsystemctl daemon-reload\nsystemctl start docker\n\nuseradd -m -s /bin/bash bm-agent\nsudo usermod -aG docker bm-agent\n\n# Run the commands below as bm-agent user:\nsudo -u bm-agent -i bash \u003c\u003c EOBM\ngcloud auth configure-docker southamerica-west1-docker.pkg.dev --quiet\nrm -rf bm-infra\ngit clone https://github.com/QiliangCui/bm-infra.git\npushd bm-infra\ngit pull\ngit reset --hard cb092f5880ea09f10d5be24ef6d0a4054c833ead\npopd\nEOBM\ncp /home/bm-agent/bm-infra/service/bm-agent/bm-agent.service /etc/systemd/system/bm-agent.service\nsystemctl stop bm-agent.service\nsystemctl daemon-reload\nsystemctl enable bm-agent.service\nsystemctl start bm-agent.service\n"
            },
            "multislice_node": false,
            "name": "vllm-tpu-v6e-8-bm-6",
            "network_config": [
              {
                "can_ip_forward": false,
                "enable_external_ips": true,
                "network": "projects/cloud-tpu-inference-test/global/networks/default",
                "queue_count": 0,
                "subnetwork": "projects/cloud-tpu-inference-test/regions/southamerica-west1/subnetworks/default"
              }
            ],
            "network_configs": [],
            "network_endpoints": [
              {
                "access_config": [
                  {
                    "external_ip": "34.176.97.11"
                  }
                ],
                "ip_address": "10.194.0.133",
                "port": 8470
              }
            ],
            "project": "cloud-tpu-inference-test",
            "queued_resource": "",
            "runtime_version": "v2-alpha-tpuv6e",
            "scheduling_config": [],
            "service_account": [
              {
                "email": "32478767326-compute@developer.gserviceaccount.com",
                "scope": [
                  "https://www.googleapis.com/auth/devstorage.read_write",
                  "https://www.googleapis.com/auth/logging.write",
                  "https://www.googleapis.com/auth/service.management",
                  "https://www.googleapis.com/auth/servicecontrol",
                  "https://www.googleapis.com/auth/cloud-platform",
                  "https://www.googleapis.com/auth/pubsub"
                ]
              }
            ],
            "shielded_instance_config": [],
            "state": "READY",
            "symptoms": [],
            "tags": [],
            "terraform_labels": {
              "goog-terraform-provisioned": "true"
            },
            "timeouts": null,
            "zone": "southamerica-west1-a"
          },
          "sensitive_attributes": [],
          "identity_schema_version": 0,
          "private": "eyJlMmJmYjczMC1lY2FhLTExZTYtOGY4OC0zNDM2M2JjN2M0YzAiOnsiY3JlYXRlIjoxMjAwMDAwMDAwMDAwLCJkZWxldGUiOjEyMDAwMDAwMDAwMDAsInVwZGF0ZSI6MTIwMDAwMDAwMDAwMH19",
          "dependencies": [
            "module.v6e-8.google_compute_disk.large_disk"
          ]
        },
        {
          "index_key": 7,
          "schema_version": 0,
          "attributes": {
            "accelerator_config": [
              {
                "topology": "2x4",
                "type": "V6E"
              }
            ],
            "accelerator_type": "v6e-8",
            "api_version": "V2_ALPHA1",
            "cidr_block": "10.194.0.0/20",
            "data_disks": [
              {
                "mode": "READ_WRITE",
                "source_disk": "projects/cloud-tpu-inference-test/zones/southamerica-west1-a/disks/tpu-bm-disk-v6e-8-southamerica-west1-a-7"
              }
            ],
            "description": "",
            "effective_labels": {
              "goog-terraform-provisioned": "true"
            },
            "health": "HEALTHY",
            "health_description": "",
            "id": "projects/cloud-tpu-inference-test/locations/southamerica-west1-a/nodes/vllm-tpu-v6e-8-bm-7",
            "labels": {},
            "metadata": {
              "startup-script": "#!/bin/bash     \n\n# Set env vars system-wide\ngrep -q \"^GCP_PROJECT_ID=\" /etc/environment || echo \"GCP_PROJECT_ID=cloud-tpu-inference-test\" | sudo tee -a /etc/environment\ngrep -q \"^GCP_INSTANCE_ID=\" /etc/environment || echo \"GCP_INSTANCE_ID=vllm-bm-inst\" | sudo tee -a /etc/environment\ngrep -q \"^GCP_DATABASE_ID=\" /etc/environment || echo \"GCP_DATABASE_ID=vllm-bm-runs\" | sudo tee -a /etc/environment\ngrep -q \"^GCP_REGION=\" /etc/environment || echo \"GCP_REGION=southamerica-west1\" | sudo tee -a /etc/environment\ngrep -q \"^GCP_INSTANCE_NAME=\" /etc/environment || echo \"GCP_INSTANCE_NAME=vllm-tpu-v6e-8-bm-7\" | sudo tee -a /etc/environment\ngrep -q \"^GCS_BUCKET=\" /etc/environment || echo \"GCS_BUCKET=vllm-cb-storage2\" | sudo tee -a /etc/environment\ngrep -q \"^GCP_QUEUE=\" /etc/environment || echo \"GCP_QUEUE=vllm-bm-queue-v6e-8\" | sudo tee -a /etc/environment\nif ! grep -q \"^HF_TOKEN=\" /etc/environment; then\n  gcloud secrets versions access latest --secret=bm-agent-hf-token --quiet | \\\n  sudo tee -a /etc/environment \u003e /dev/null \u003c\u003c\u003c \"HF_TOKEN=$(cat)\"\nfi\n\napt-get update\napt-get install -y curl build-essential jq\n\ncurl -o- https://get.docker.com/ | bash -\n\ncurl --proto '=https' --tlsv1.2 -sSf https://sh.rustup.rs | sh -s -- -y\n/root/.cargo/bin/cargo install minijinja-cli\ncp /root/.cargo/bin/minijinja-cli /usr/bin/minijinja-cli\nchmod 777 /usr/bin/minijinja-cli\n\n# Mount persistent disk\n\nsudo mkdir -p /mnt/disks/persist\n\n# Format if not already formatted\nif ! blkid /dev/nvme0n2; then\n  echo \"Formatting /dev/nvme0n2 as ext4...\"\n  sudo mkfs.ext4 -m 0 -E lazy_itable_init=0,lazy_journal_init=0,discard /dev/nvme0n2\nfi\n\n# Add to /etc/fstab using UUID\ndisk_uuid=$(blkid -s UUID -o value /dev/nvme0n2)\nif ! grep -q \"/mnt/disks/persist\" /etc/fstab; then\n  echo \"UUID=$disk_uuid /mnt/disks/persist ext4 defaults,discard 0 2\" | sudo tee -a /etc/fstab\nfi\n\n# Only mount if not already mounted (first boot or recovery)\nif ! mountpoint -q /mnt/disks/persist; then\n  sudo mount /mnt/disks/persist  \nfi\n\njq \". + {\\\"data-root\\\": \\\"/mnt/disks/persist\\\"}\" /etc/docker/daemon.json \u003e /tmp/daemon.json.tmp \u0026\u0026 mv /tmp/daemon.json.tmp /etc/docker/daemon.json\nsystemctl stop docker\nsystemctl daemon-reload\nsystemctl start docker\n\nuseradd -m -s /bin/bash bm-agent\nsudo usermod -aG docker bm-agent\n\n# Run the commands below as bm-agent user:\nsudo -u bm-agent -i bash \u003c\u003c EOBM\ngcloud auth configure-docker southamerica-west1-docker.pkg.dev --quiet\nrm -rf bm-infra\ngit clone https://github.com/QiliangCui/bm-infra.git\npushd bm-infra\ngit pull\ngit reset --hard cb092f5880ea09f10d5be24ef6d0a4054c833ead\npopd\nEOBM\ncp /home/bm-agent/bm-infra/service/bm-agent/bm-agent.service /etc/systemd/system/bm-agent.service\nsystemctl stop bm-agent.service\nsystemctl daemon-reload\nsystemctl enable bm-agent.service\nsystemctl start bm-agent.service\n"
            },
            "multislice_node": false,
            "name": "vllm-tpu-v6e-8-bm-7",
            "network_config": [
              {
                "can_ip_forward": false,
                "enable_external_ips": true,
                "network": "projects/cloud-tpu-inference-test/global/networks/default",
                "queue_count": 0,
                "subnetwork": "projects/cloud-tpu-inference-test/regions/southamerica-west1/subnetworks/default"
              }
            ],
            "network_configs": [],
            "network_endpoints": [
              {
                "access_config": [
                  {
                    "external_ip": "34.176.79.189"
                  }
                ],
                "ip_address": "10.194.0.134",
                "port": 8470
              }
            ],
            "project": "cloud-tpu-inference-test",
            "queued_resource": "",
            "runtime_version": "v2-alpha-tpuv6e",
            "scheduling_config": [],
            "service_account": [
              {
                "email": "32478767326-compute@developer.gserviceaccount.com",
                "scope": [
                  "https://www.googleapis.com/auth/devstorage.read_write",
                  "https://www.googleapis.com/auth/logging.write",
                  "https://www.googleapis.com/auth/service.management",
                  "https://www.googleapis.com/auth/servicecontrol",
                  "https://www.googleapis.com/auth/cloud-platform",
                  "https://www.googleapis.com/auth/pubsub"
                ]
              }
            ],
            "shielded_instance_config": [],
            "state": "READY",
            "symptoms": [],
            "tags": [],
            "terraform_labels": {
              "goog-terraform-provisioned": "true"
            },
            "timeouts": null,
            "zone": "southamerica-west1-a"
          },
          "sensitive_attributes": [],
          "identity_schema_version": 0,
          "private": "eyJlMmJmYjczMC1lY2FhLTExZTYtOGY4OC0zNDM2M2JjN2M0YzAiOnsiY3JlYXRlIjoxMjAwMDAwMDAwMDAwLCJkZWxldGUiOjEyMDAwMDAwMDAwMDAsInVwZGF0ZSI6MTIwMDAwMDAwMDAwMH19",
          "dependencies": [
            "module.v6e-8.google_compute_disk.large_disk"
          ]
        },
        {
          "index_key": 8,
          "schema_version": 0,
          "attributes": {
            "accelerator_config": [
              {
                "topology": "2x4",
                "type": "V6E"
              }
            ],
            "accelerator_type": "v6e-8",
            "api_version": "V2_ALPHA1",
            "cidr_block": "10.194.0.0/20",
            "data_disks": [
              {
                "mode": "READ_WRITE",
                "source_disk": "projects/cloud-tpu-inference-test/zones/southamerica-west1-a/disks/tpu-bm-disk-v6e-8-southamerica-west1-a-8"
              }
            ],
            "description": "",
            "effective_labels": {
              "goog-terraform-provisioned": "true"
            },
            "health": "HEALTHY",
            "health_description": "",
            "id": "projects/cloud-tpu-inference-test/locations/southamerica-west1-a/nodes/vllm-tpu-v6e-8-bm-8",
            "labels": {},
            "metadata": {
              "startup-script": "#!/bin/bash     \n\n# Set env vars system-wide\ngrep -q \"^GCP_PROJECT_ID=\" /etc/environment || echo \"GCP_PROJECT_ID=cloud-tpu-inference-test\" | sudo tee -a /etc/environment\ngrep -q \"^GCP_INSTANCE_ID=\" /etc/environment || echo \"GCP_INSTANCE_ID=vllm-bm-inst\" | sudo tee -a /etc/environment\ngrep -q \"^GCP_DATABASE_ID=\" /etc/environment || echo \"GCP_DATABASE_ID=vllm-bm-runs\" | sudo tee -a /etc/environment\ngrep -q \"^GCP_REGION=\" /etc/environment || echo \"GCP_REGION=southamerica-west1\" | sudo tee -a /etc/environment\ngrep -q \"^GCP_INSTANCE_NAME=\" /etc/environment || echo \"GCP_INSTANCE_NAME=vllm-tpu-v6e-8-bm-8\" | sudo tee -a /etc/environment\ngrep -q \"^GCS_BUCKET=\" /etc/environment || echo \"GCS_BUCKET=vllm-cb-storage2\" | sudo tee -a /etc/environment\ngrep -q \"^GCP_QUEUE=\" /etc/environment || echo \"GCP_QUEUE=vllm-bm-queue-v6e-8\" | sudo tee -a /etc/environment\nif ! grep -q \"^HF_TOKEN=\" /etc/environment; then\n  gcloud secrets versions access latest --secret=bm-agent-hf-token --quiet | \\\n  sudo tee -a /etc/environment \u003e /dev/null \u003c\u003c\u003c \"HF_TOKEN=$(cat)\"\nfi\n\napt-get update\napt-get install -y curl build-essential jq\n\ncurl -o- https://get.docker.com/ | bash -\n\ncurl --proto '=https' --tlsv1.2 -sSf https://sh.rustup.rs | sh -s -- -y\n/root/.cargo/bin/cargo install minijinja-cli\ncp /root/.cargo/bin/minijinja-cli /usr/bin/minijinja-cli\nchmod 777 /usr/bin/minijinja-cli\n\n# Mount persistent disk\n\nsudo mkdir -p /mnt/disks/persist\n\n# Format if not already formatted\nif ! blkid /dev/nvme0n2; then\n  echo \"Formatting /dev/nvme0n2 as ext4...\"\n  sudo mkfs.ext4 -m 0 -E lazy_itable_init=0,lazy_journal_init=0,discard /dev/nvme0n2\nfi\n\n# Add to /etc/fstab using UUID\ndisk_uuid=$(blkid -s UUID -o value /dev/nvme0n2)\nif ! grep -q \"/mnt/disks/persist\" /etc/fstab; then\n  echo \"UUID=$disk_uuid /mnt/disks/persist ext4 defaults,discard 0 2\" | sudo tee -a /etc/fstab\nfi\n\n# Only mount if not already mounted (first boot or recovery)\nif ! mountpoint -q /mnt/disks/persist; then\n  sudo mount /mnt/disks/persist  \nfi\n\njq \". + {\\\"data-root\\\": \\\"/mnt/disks/persist\\\"}\" /etc/docker/daemon.json \u003e /tmp/daemon.json.tmp \u0026\u0026 mv /tmp/daemon.json.tmp /etc/docker/daemon.json\nsystemctl stop docker\nsystemctl daemon-reload\nsystemctl start docker\n\nuseradd -m -s /bin/bash bm-agent\nsudo usermod -aG docker bm-agent\n\n# Run the commands below as bm-agent user:\nsudo -u bm-agent -i bash \u003c\u003c EOBM\ngcloud auth configure-docker southamerica-west1-docker.pkg.dev --quiet\nrm -rf bm-infra\ngit clone https://github.com/QiliangCui/bm-infra.git\npushd bm-infra\ngit pull\ngit reset --hard cb092f5880ea09f10d5be24ef6d0a4054c833ead\npopd\nEOBM\ncp /home/bm-agent/bm-infra/service/bm-agent/bm-agent.service /etc/systemd/system/bm-agent.service\nsystemctl stop bm-agent.service\nsystemctl daemon-reload\nsystemctl enable bm-agent.service\nsystemctl start bm-agent.service\n"
            },
            "multislice_node": false,
            "name": "vllm-tpu-v6e-8-bm-8",
            "network_config": [
              {
                "can_ip_forward": false,
                "enable_external_ips": true,
                "network": "projects/cloud-tpu-inference-test/global/networks/default",
                "queue_count": 0,
                "subnetwork": "projects/cloud-tpu-inference-test/regions/southamerica-west1/subnetworks/default"
              }
            ],
            "network_configs": [],
            "network_endpoints": [
              {
                "access_config": [
                  {
                    "external_ip": "34.176.150.110"
                  }
                ],
                "ip_address": "10.194.0.131",
                "port": 8470
              }
            ],
            "project": "cloud-tpu-inference-test",
            "queued_resource": "",
            "runtime_version": "v2-alpha-tpuv6e",
            "scheduling_config": [],
            "service_account": [
              {
                "email": "32478767326-compute@developer.gserviceaccount.com",
                "scope": [
                  "https://www.googleapis.com/auth/devstorage.read_write",
                  "https://www.googleapis.com/auth/logging.write",
                  "https://www.googleapis.com/auth/service.management",
                  "https://www.googleapis.com/auth/servicecontrol",
                  "https://www.googleapis.com/auth/cloud-platform",
                  "https://www.googleapis.com/auth/pubsub"
                ]
              }
            ],
            "shielded_instance_config": [],
            "state": "READY",
            "symptoms": [],
            "tags": [],
            "terraform_labels": {
              "goog-terraform-provisioned": "true"
            },
            "timeouts": null,
            "zone": "southamerica-west1-a"
          },
          "sensitive_attributes": [],
          "identity_schema_version": 0,
          "private": "eyJlMmJmYjczMC1lY2FhLTExZTYtOGY4OC0zNDM2M2JjN2M0YzAiOnsiY3JlYXRlIjoxMjAwMDAwMDAwMDAwLCJkZWxldGUiOjEyMDAwMDAwMDAwMDAsInVwZGF0ZSI6MTIwMDAwMDAwMDAwMH19",
          "dependencies": [
            "module.v6e-8.google_compute_disk.large_disk"
          ]
        },
        {
          "index_key": 9,
          "schema_version": 0,
          "attributes": {
            "accelerator_config": [
              {
                "topology": "2x4",
                "type": "V6E"
              }
            ],
            "accelerator_type": "v6e-8",
            "api_version": "V2_ALPHA1",
            "cidr_block": "10.194.0.0/20",
            "data_disks": [
              {
                "mode": "READ_WRITE",
                "source_disk": "projects/cloud-tpu-inference-test/zones/southamerica-west1-a/disks/tpu-bm-disk-v6e-8-southamerica-west1-a-9"
              }
            ],
            "description": "",
            "effective_labels": {
              "goog-terraform-provisioned": "true"
            },
            "health": "HEALTHY",
            "health_description": "",
            "id": "projects/cloud-tpu-inference-test/locations/southamerica-west1-a/nodes/vllm-tpu-v6e-8-bm-9",
            "labels": {},
            "metadata": {
              "startup-script": "#!/bin/bash     \n\n# Set env vars system-wide\ngrep -q \"^GCP_PROJECT_ID=\" /etc/environment || echo \"GCP_PROJECT_ID=cloud-tpu-inference-test\" | sudo tee -a /etc/environment\ngrep -q \"^GCP_INSTANCE_ID=\" /etc/environment || echo \"GCP_INSTANCE_ID=vllm-bm-inst\" | sudo tee -a /etc/environment\ngrep -q \"^GCP_DATABASE_ID=\" /etc/environment || echo \"GCP_DATABASE_ID=vllm-bm-runs\" | sudo tee -a /etc/environment\ngrep -q \"^GCP_REGION=\" /etc/environment || echo \"GCP_REGION=southamerica-west1\" | sudo tee -a /etc/environment\ngrep -q \"^GCP_INSTANCE_NAME=\" /etc/environment || echo \"GCP_INSTANCE_NAME=vllm-tpu-v6e-8-bm-9\" | sudo tee -a /etc/environment\ngrep -q \"^GCS_BUCKET=\" /etc/environment || echo \"GCS_BUCKET=vllm-cb-storage2\" | sudo tee -a /etc/environment\ngrep -q \"^GCP_QUEUE=\" /etc/environment || echo \"GCP_QUEUE=vllm-bm-queue-v6e-8\" | sudo tee -a /etc/environment\nif ! grep -q \"^HF_TOKEN=\" /etc/environment; then\n  gcloud secrets versions access latest --secret=bm-agent-hf-token --quiet | \\\n  sudo tee -a /etc/environment \u003e /dev/null \u003c\u003c\u003c \"HF_TOKEN=$(cat)\"\nfi\n\napt-get update\napt-get install -y curl build-essential jq\n\ncurl -o- https://get.docker.com/ | bash -\n\ncurl --proto '=https' --tlsv1.2 -sSf https://sh.rustup.rs | sh -s -- -y\n/root/.cargo/bin/cargo install minijinja-cli\ncp /root/.cargo/bin/minijinja-cli /usr/bin/minijinja-cli\nchmod 777 /usr/bin/minijinja-cli\n\n# Mount persistent disk\n\nsudo mkdir -p /mnt/disks/persist\n\n# Format if not already formatted\nif ! blkid /dev/nvme0n2; then\n  echo \"Formatting /dev/nvme0n2 as ext4...\"\n  sudo mkfs.ext4 -m 0 -E lazy_itable_init=0,lazy_journal_init=0,discard /dev/nvme0n2\nfi\n\n# Add to /etc/fstab using UUID\ndisk_uuid=$(blkid -s UUID -o value /dev/nvme0n2)\nif ! grep -q \"/mnt/disks/persist\" /etc/fstab; then\n  echo \"UUID=$disk_uuid /mnt/disks/persist ext4 defaults,discard 0 2\" | sudo tee -a /etc/fstab\nfi\n\n# Only mount if not already mounted (first boot or recovery)\nif ! mountpoint -q /mnt/disks/persist; then\n  sudo mount /mnt/disks/persist  \nfi\n\njq \". + {\\\"data-root\\\": \\\"/mnt/disks/persist\\\"}\" /etc/docker/daemon.json \u003e /tmp/daemon.json.tmp \u0026\u0026 mv /tmp/daemon.json.tmp /etc/docker/daemon.json\nsystemctl stop docker\nsystemctl daemon-reload\nsystemctl start docker\n\nuseradd -m -s /bin/bash bm-agent\nsudo usermod -aG docker bm-agent\n\n# Run the commands below as bm-agent user:\nsudo -u bm-agent -i bash \u003c\u003c EOBM\ngcloud auth configure-docker southamerica-west1-docker.pkg.dev --quiet\nrm -rf bm-infra\ngit clone https://github.com/QiliangCui/bm-infra.git\npushd bm-infra\ngit pull\ngit reset --hard cb092f5880ea09f10d5be24ef6d0a4054c833ead\npopd\nEOBM\ncp /home/bm-agent/bm-infra/service/bm-agent/bm-agent.service /etc/systemd/system/bm-agent.service\nsystemctl stop bm-agent.service\nsystemctl daemon-reload\nsystemctl enable bm-agent.service\nsystemctl start bm-agent.service\n"
            },
            "multislice_node": false,
            "name": "vllm-tpu-v6e-8-bm-9",
            "network_config": [
              {
                "can_ip_forward": false,
                "enable_external_ips": true,
                "network": "projects/cloud-tpu-inference-test/global/networks/default",
                "queue_count": 0,
                "subnetwork": "projects/cloud-tpu-inference-test/regions/southamerica-west1/subnetworks/default"
              }
            ],
            "network_configs": [],
            "network_endpoints": [
              {
                "access_config": [
                  {
                    "external_ip": "34.176.133.196"
                  }
                ],
                "ip_address": "10.194.0.130",
                "port": 8470
              }
            ],
            "project": "cloud-tpu-inference-test",
            "queued_resource": "",
            "runtime_version": "v2-alpha-tpuv6e",
            "scheduling_config": [],
            "service_account": [
              {
                "email": "32478767326-compute@developer.gserviceaccount.com",
                "scope": [
                  "https://www.googleapis.com/auth/devstorage.read_write",
                  "https://www.googleapis.com/auth/logging.write",
                  "https://www.googleapis.com/auth/service.management",
                  "https://www.googleapis.com/auth/servicecontrol",
                  "https://www.googleapis.com/auth/cloud-platform",
                  "https://www.googleapis.com/auth/pubsub"
                ]
              }
            ],
            "shielded_instance_config": [],
            "state": "READY",
            "symptoms": [],
            "tags": [],
            "terraform_labels": {
              "goog-terraform-provisioned": "true"
            },
            "timeouts": null,
            "zone": "southamerica-west1-a"
          },
          "sensitive_attributes": [],
          "identity_schema_version": 0,
          "private": "eyJlMmJmYjczMC1lY2FhLTExZTYtOGY4OC0zNDM2M2JjN2M0YzAiOnsiY3JlYXRlIjoxMjAwMDAwMDAwMDAwLCJkZWxldGUiOjEyMDAwMDAwMDAwMDAsInVwZGF0ZSI6MTIwMDAwMDAwMDAwMH19",
          "dependencies": [
            "module.v6e-8.google_compute_disk.large_disk"
          ]
        },
        {
          "index_key": 10,
          "schema_version": 0,
          "attributes": {
            "accelerator_config": [
              {
                "topology": "2x4",
                "type": "V6E"
              }
            ],
            "accelerator_type": "v6e-8",
            "api_version": "V2_ALPHA1",
            "cidr_block": "10.194.0.0/20",
            "data_disks": [
              {
                "mode": "READ_WRITE",
                "source_disk": "projects/cloud-tpu-inference-test/zones/southamerica-west1-a/disks/tpu-bm-disk-v6e-8-southamerica-west1-a-10"
              }
            ],
            "description": "",
            "effective_labels": {
              "goog-terraform-provisioned": "true"
            },
            "health": "HEALTHY",
            "health_description": "The TPU had a maintenance event at 2025-06-21T16:29:28.590721963Z",
            "id": "projects/cloud-tpu-inference-test/locations/southamerica-west1-a/nodes/vllm-tpu-v6e-8-bm-10",
            "labels": {},
            "metadata": {
              "startup-script": "#!/bin/bash     \n\n# Set env vars system-wide\ngrep -q \"^GCP_PROJECT_ID=\" /etc/environment || echo \"GCP_PROJECT_ID=cloud-tpu-inference-test\" | sudo tee -a /etc/environment\ngrep -q \"^GCP_INSTANCE_ID=\" /etc/environment || echo \"GCP_INSTANCE_ID=vllm-bm-inst\" | sudo tee -a /etc/environment\ngrep -q \"^GCP_DATABASE_ID=\" /etc/environment || echo \"GCP_DATABASE_ID=vllm-bm-runs\" | sudo tee -a /etc/environment\ngrep -q \"^GCP_REGION=\" /etc/environment || echo \"GCP_REGION=southamerica-west1\" | sudo tee -a /etc/environment\ngrep -q \"^GCP_INSTANCE_NAME=\" /etc/environment || echo \"GCP_INSTANCE_NAME=vllm-tpu-v6e-8-bm-10\" | sudo tee -a /etc/environment\ngrep -q \"^GCS_BUCKET=\" /etc/environment || echo \"GCS_BUCKET=vllm-cb-storage2\" | sudo tee -a /etc/environment\ngrep -q \"^GCP_QUEUE=\" /etc/environment || echo \"GCP_QUEUE=vllm-bm-queue-v6e-8\" | sudo tee -a /etc/environment\nif ! grep -q \"^HF_TOKEN=\" /etc/environment; then\n  gcloud secrets versions access latest --secret=bm-agent-hf-token --quiet | \\\n  sudo tee -a /etc/environment \u003e /dev/null \u003c\u003c\u003c \"HF_TOKEN=$(cat)\"\nfi\n\napt-get update\napt-get install -y curl build-essential jq\n\ncurl -o- https://get.docker.com/ | bash -\n\ncurl --proto '=https' --tlsv1.2 -sSf https://sh.rustup.rs | sh -s -- -y\n/root/.cargo/bin/cargo install minijinja-cli\ncp /root/.cargo/bin/minijinja-cli /usr/bin/minijinja-cli\nchmod 777 /usr/bin/minijinja-cli\n\n# Mount persistent disk\n\nsudo mkdir -p /mnt/disks/persist\n\n# Format if not already formatted\nif ! blkid /dev/nvme0n2; then\n  echo \"Formatting /dev/nvme0n2 as ext4...\"\n  sudo mkfs.ext4 -m 0 -E lazy_itable_init=0,lazy_journal_init=0,discard /dev/nvme0n2\nfi\n\n# Add to /etc/fstab using UUID\ndisk_uuid=$(blkid -s UUID -o value /dev/nvme0n2)\nif ! grep -q \"/mnt/disks/persist\" /etc/fstab; then\n  echo \"UUID=$disk_uuid /mnt/disks/persist ext4 defaults,discard 0 2\" | sudo tee -a /etc/fstab\nfi\n\n# Only mount if not already mounted (first boot or recovery)\nif ! mountpoint -q /mnt/disks/persist; then\n  sudo mount /mnt/disks/persist  \nfi\n\njq \". + {\\\"data-root\\\": \\\"/mnt/disks/persist\\\"}\" /etc/docker/daemon.json \u003e /tmp/daemon.json.tmp \u0026\u0026 mv /tmp/daemon.json.tmp /etc/docker/daemon.json\nsystemctl stop docker\nsystemctl daemon-reload\nsystemctl start docker\n\nuseradd -m -s /bin/bash bm-agent\nsudo usermod -aG docker bm-agent\n\n# Run the commands below as bm-agent user:\nsudo -u bm-agent -i bash \u003c\u003c EOBM\ngcloud auth configure-docker southamerica-west1-docker.pkg.dev --quiet\nrm -rf bm-infra\ngit clone https://github.com/QiliangCui/bm-infra.git\npushd bm-infra\ngit pull\ngit reset --hard cb092f5880ea09f10d5be24ef6d0a4054c833ead\npopd\nEOBM\ncp /home/bm-agent/bm-infra/service/bm-agent/bm-agent.service /etc/systemd/system/bm-agent.service\nsystemctl stop bm-agent.service\nsystemctl daemon-reload\nsystemctl enable bm-agent.service\nsystemctl start bm-agent.service\n"
            },
            "multislice_node": false,
            "name": "vllm-tpu-v6e-8-bm-10",
            "network_config": [
              {
                "can_ip_forward": false,
                "enable_external_ips": true,
                "network": "projects/cloud-tpu-inference-test/global/networks/default",
                "queue_count": 0,
                "subnetwork": "projects/cloud-tpu-inference-test/regions/southamerica-west1/subnetworks/default"
              }
            ],
            "network_configs": [],
            "network_endpoints": [
              {
                "access_config": [
                  {
                    "external_ip": "34.176.156.27"
                  }
                ],
                "ip_address": "10.194.0.144",
                "port": 8470
              }
            ],
            "project": "cloud-tpu-inference-test",
            "queued_resource": "",
            "runtime_version": "v2-alpha-tpuv6e",
            "scheduling_config": [],
            "service_account": [
              {
                "email": "32478767326-compute@developer.gserviceaccount.com",
                "scope": [
                  "https://www.googleapis.com/auth/devstorage.read_write",
                  "https://www.googleapis.com/auth/logging.write",
                  "https://www.googleapis.com/auth/service.management",
                  "https://www.googleapis.com/auth/servicecontrol",
                  "https://www.googleapis.com/auth/cloud-platform",
                  "https://www.googleapis.com/auth/pubsub"
                ]
              }
            ],
            "shielded_instance_config": [],
            "state": "READY",
            "symptoms": [],
            "tags": [],
            "terraform_labels": {
              "goog-terraform-provisioned": "true"
            },
            "timeouts": null,
            "zone": "southamerica-west1-a"
          },
          "sensitive_attributes": [],
          "identity_schema_version": 0,
          "private": "eyJlMmJmYjczMC1lY2FhLTExZTYtOGY4OC0zNDM2M2JjN2M0YzAiOnsiY3JlYXRlIjoxMjAwMDAwMDAwMDAwLCJkZWxldGUiOjEyMDAwMDAwMDAwMDAsInVwZGF0ZSI6MTIwMDAwMDAwMDAwMH19",
          "dependencies": [
            "module.v6e-8.google_compute_disk.large_disk"
          ]
        },
        {
          "index_key": 11,
          "schema_version": 0,
          "attributes": {
            "accelerator_config": [
              {
                "topology": "2x4",
                "type": "V6E"
              }
            ],
            "accelerator_type": "v6e-8",
            "api_version": "V2_ALPHA1",
            "cidr_block": "10.194.0.0/20",
            "data_disks": [
              {
                "mode": "READ_WRITE",
                "source_disk": "projects/cloud-tpu-inference-test/zones/southamerica-west1-a/disks/tpu-bm-disk-v6e-8-southamerica-west1-a-11"
              }
            ],
            "description": "",
            "effective_labels": {
              "goog-terraform-provisioned": "true"
            },
            "health": "HEALTHY",
            "health_description": "",
            "id": "projects/cloud-tpu-inference-test/locations/southamerica-west1-a/nodes/vllm-tpu-v6e-8-bm-11",
            "labels": {},
            "metadata": {
              "startup-script": "#!/bin/bash     \n\n# Set env vars system-wide\ngrep -q \"^GCP_PROJECT_ID=\" /etc/environment || echo \"GCP_PROJECT_ID=cloud-tpu-inference-test\" | sudo tee -a /etc/environment\ngrep -q \"^GCP_INSTANCE_ID=\" /etc/environment || echo \"GCP_INSTANCE_ID=vllm-bm-inst\" | sudo tee -a /etc/environment\ngrep -q \"^GCP_DATABASE_ID=\" /etc/environment || echo \"GCP_DATABASE_ID=vllm-bm-runs\" | sudo tee -a /etc/environment\ngrep -q \"^GCP_REGION=\" /etc/environment || echo \"GCP_REGION=southamerica-west1\" | sudo tee -a /etc/environment\ngrep -q \"^GCP_INSTANCE_NAME=\" /etc/environment || echo \"GCP_INSTANCE_NAME=vllm-tpu-v6e-8-bm-11\" | sudo tee -a /etc/environment\ngrep -q \"^GCS_BUCKET=\" /etc/environment || echo \"GCS_BUCKET=vllm-cb-storage2\" | sudo tee -a /etc/environment\ngrep -q \"^GCP_QUEUE=\" /etc/environment || echo \"GCP_QUEUE=vllm-bm-queue-v6e-8\" | sudo tee -a /etc/environment\nif ! grep -q \"^HF_TOKEN=\" /etc/environment; then\n  gcloud secrets versions access latest --secret=bm-agent-hf-token --quiet | \\\n  sudo tee -a /etc/environment \u003e /dev/null \u003c\u003c\u003c \"HF_TOKEN=$(cat)\"\nfi\n\napt-get update\napt-get install -y curl build-essential jq\n\ncurl -o- https://get.docker.com/ | bash -\n\ncurl --proto '=https' --tlsv1.2 -sSf https://sh.rustup.rs | sh -s -- -y\n/root/.cargo/bin/cargo install minijinja-cli\ncp /root/.cargo/bin/minijinja-cli /usr/bin/minijinja-cli\nchmod 777 /usr/bin/minijinja-cli\n\n# Mount persistent disk\n\nsudo mkdir -p /mnt/disks/persist\n\n# Format if not already formatted\nif ! blkid /dev/nvme0n2; then\n  echo \"Formatting /dev/nvme0n2 as ext4...\"\n  sudo mkfs.ext4 -m 0 -E lazy_itable_init=0,lazy_journal_init=0,discard /dev/nvme0n2\nfi\n\n# Add to /etc/fstab using UUID\ndisk_uuid=$(blkid -s UUID -o value /dev/nvme0n2)\nif ! grep -q \"/mnt/disks/persist\" /etc/fstab; then\n  echo \"UUID=$disk_uuid /mnt/disks/persist ext4 defaults,discard 0 2\" | sudo tee -a /etc/fstab\nfi\n\n# Only mount if not already mounted (first boot or recovery)\nif ! mountpoint -q /mnt/disks/persist; then\n  sudo mount /mnt/disks/persist  \nfi\n\njq \". + {\\\"data-root\\\": \\\"/mnt/disks/persist\\\"}\" /etc/docker/daemon.json \u003e /tmp/daemon.json.tmp \u0026\u0026 mv /tmp/daemon.json.tmp /etc/docker/daemon.json\nsystemctl stop docker\nsystemctl daemon-reload\nsystemctl start docker\n\nuseradd -m -s /bin/bash bm-agent\nsudo usermod -aG docker bm-agent\n\n# Run the commands below as bm-agent user:\nsudo -u bm-agent -i bash \u003c\u003c EOBM\ngcloud auth configure-docker southamerica-west1-docker.pkg.dev --quiet\nrm -rf bm-infra\ngit clone https://github.com/QiliangCui/bm-infra.git\npushd bm-infra\ngit pull\ngit reset --hard cb092f5880ea09f10d5be24ef6d0a4054c833ead\npopd\nEOBM\ncp /home/bm-agent/bm-infra/service/bm-agent/bm-agent.service /etc/systemd/system/bm-agent.service\nsystemctl stop bm-agent.service\nsystemctl daemon-reload\nsystemctl enable bm-agent.service\nsystemctl start bm-agent.service\n"
            },
            "multislice_node": false,
            "name": "vllm-tpu-v6e-8-bm-11",
            "network_config": [
              {
                "can_ip_forward": false,
                "enable_external_ips": true,
                "network": "projects/cloud-tpu-inference-test/global/networks/default",
                "queue_count": 0,
                "subnetwork": "projects/cloud-tpu-inference-test/regions/southamerica-west1/subnetworks/default"
              }
            ],
            "network_configs": [],
            "network_endpoints": [
              {
                "access_config": [
                  {
                    "external_ip": "34.176.208.106"
                  }
                ],
                "ip_address": "10.194.0.136",
                "port": 8470
              }
            ],
            "project": "cloud-tpu-inference-test",
            "queued_resource": "",
            "runtime_version": "v2-alpha-tpuv6e",
            "scheduling_config": [],
            "service_account": [
              {
                "email": "32478767326-compute@developer.gserviceaccount.com",
                "scope": [
                  "https://www.googleapis.com/auth/devstorage.read_write",
                  "https://www.googleapis.com/auth/logging.write",
                  "https://www.googleapis.com/auth/service.management",
                  "https://www.googleapis.com/auth/servicecontrol",
                  "https://www.googleapis.com/auth/cloud-platform",
                  "https://www.googleapis.com/auth/pubsub"
                ]
              }
            ],
            "shielded_instance_config": [],
            "state": "READY",
            "symptoms": [],
            "tags": [],
            "terraform_labels": {
              "goog-terraform-provisioned": "true"
            },
            "timeouts": null,
            "zone": "southamerica-west1-a"
          },
          "sensitive_attributes": [],
          "identity_schema_version": 0,
          "private": "eyJlMmJmYjczMC1lY2FhLTExZTYtOGY4OC0zNDM2M2JjN2M0YzAiOnsiY3JlYXRlIjoxMjAwMDAwMDAwMDAwLCJkZWxldGUiOjEyMDAwMDAwMDAwMDAsInVwZGF0ZSI6MTIwMDAwMDAwMDAwMH19",
          "dependencies": [
            "module.v6e-8.google_compute_disk.large_disk"
          ]
        },
        {
          "index_key": 12,
          "schema_version": 0,
          "attributes": {
            "accelerator_config": [
              {
                "topology": "2x4",
                "type": "V6E"
              }
            ],
            "accelerator_type": "v6e-8",
            "api_version": "V2_ALPHA1",
            "cidr_block": "10.194.0.0/20",
            "data_disks": [
              {
                "mode": "READ_WRITE",
                "source_disk": "projects/cloud-tpu-inference-test/zones/southamerica-west1-a/disks/tpu-bm-disk-v6e-8-southamerica-west1-a-12"
              }
            ],
            "description": "",
            "effective_labels": {
              "goog-terraform-provisioned": "true"
            },
            "health": "HEALTHY",
            "health_description": "",
            "id": "projects/cloud-tpu-inference-test/locations/southamerica-west1-a/nodes/vllm-tpu-v6e-8-bm-12",
            "labels": {},
            "metadata": {
              "startup-script": "#!/bin/bash     \n\n# Set env vars system-wide\ngrep -q \"^GCP_PROJECT_ID=\" /etc/environment || echo \"GCP_PROJECT_ID=cloud-tpu-inference-test\" | sudo tee -a /etc/environment\ngrep -q \"^GCP_INSTANCE_ID=\" /etc/environment || echo \"GCP_INSTANCE_ID=vllm-bm-inst\" | sudo tee -a /etc/environment\ngrep -q \"^GCP_DATABASE_ID=\" /etc/environment || echo \"GCP_DATABASE_ID=vllm-bm-runs\" | sudo tee -a /etc/environment\ngrep -q \"^GCP_REGION=\" /etc/environment || echo \"GCP_REGION=southamerica-west1\" | sudo tee -a /etc/environment\ngrep -q \"^GCP_INSTANCE_NAME=\" /etc/environment || echo \"GCP_INSTANCE_NAME=vllm-tpu-v6e-8-bm-12\" | sudo tee -a /etc/environment\ngrep -q \"^GCS_BUCKET=\" /etc/environment || echo \"GCS_BUCKET=vllm-cb-storage2\" | sudo tee -a /etc/environment\ngrep -q \"^GCP_QUEUE=\" /etc/environment || echo \"GCP_QUEUE=vllm-bm-queue-v6e-8\" | sudo tee -a /etc/environment\nif ! grep -q \"^HF_TOKEN=\" /etc/environment; then\n  gcloud secrets versions access latest --secret=bm-agent-hf-token --quiet | \\\n  sudo tee -a /etc/environment \u003e /dev/null \u003c\u003c\u003c \"HF_TOKEN=$(cat)\"\nfi\n\napt-get update\napt-get install -y curl build-essential jq\n\ncurl -o- https://get.docker.com/ | bash -\n\ncurl --proto '=https' --tlsv1.2 -sSf https://sh.rustup.rs | sh -s -- -y\n/root/.cargo/bin/cargo install minijinja-cli\ncp /root/.cargo/bin/minijinja-cli /usr/bin/minijinja-cli\nchmod 777 /usr/bin/minijinja-cli\n\n# Mount persistent disk\n\nsudo mkdir -p /mnt/disks/persist\n\n# Format if not already formatted\nif ! blkid /dev/nvme0n2; then\n  echo \"Formatting /dev/nvme0n2 as ext4...\"\n  sudo mkfs.ext4 -m 0 -E lazy_itable_init=0,lazy_journal_init=0,discard /dev/nvme0n2\nfi\n\n# Add to /etc/fstab using UUID\ndisk_uuid=$(blkid -s UUID -o value /dev/nvme0n2)\nif ! grep -q \"/mnt/disks/persist\" /etc/fstab; then\n  echo \"UUID=$disk_uuid /mnt/disks/persist ext4 defaults,discard 0 2\" | sudo tee -a /etc/fstab\nfi\n\n# Only mount if not already mounted (first boot or recovery)\nif ! mountpoint -q /mnt/disks/persist; then\n  sudo mount /mnt/disks/persist  \nfi\n\njq \". + {\\\"data-root\\\": \\\"/mnt/disks/persist\\\"}\" /etc/docker/daemon.json \u003e /tmp/daemon.json.tmp \u0026\u0026 mv /tmp/daemon.json.tmp /etc/docker/daemon.json\nsystemctl stop docker\nsystemctl daemon-reload\nsystemctl start docker\n\nuseradd -m -s /bin/bash bm-agent\nsudo usermod -aG docker bm-agent\n\n# Run the commands below as bm-agent user:\nsudo -u bm-agent -i bash \u003c\u003c EOBM\ngcloud auth configure-docker southamerica-west1-docker.pkg.dev --quiet\nrm -rf bm-infra\ngit clone https://github.com/QiliangCui/bm-infra.git\npushd bm-infra\ngit pull\ngit reset --hard cb092f5880ea09f10d5be24ef6d0a4054c833ead\npopd\nEOBM\ncp /home/bm-agent/bm-infra/service/bm-agent/bm-agent.service /etc/systemd/system/bm-agent.service\nsystemctl stop bm-agent.service\nsystemctl daemon-reload\nsystemctl enable bm-agent.service\nsystemctl start bm-agent.service\n"
            },
            "multislice_node": false,
            "name": "vllm-tpu-v6e-8-bm-12",
            "network_config": [
              {
                "can_ip_forward": false,
                "enable_external_ips": true,
                "network": "projects/cloud-tpu-inference-test/global/networks/default",
                "queue_count": 0,
                "subnetwork": "projects/cloud-tpu-inference-test/regions/southamerica-west1/subnetworks/default"
              }
            ],
            "network_configs": [],
            "network_endpoints": [
              {
                "access_config": [
                  {
                    "external_ip": "34.176.29.111"
                  }
                ],
                "ip_address": "10.194.0.140",
                "port": 8470
              }
            ],
            "project": "cloud-tpu-inference-test",
            "queued_resource": "",
            "runtime_version": "v2-alpha-tpuv6e",
            "scheduling_config": [],
            "service_account": [
              {
                "email": "32478767326-compute@developer.gserviceaccount.com",
                "scope": [
                  "https://www.googleapis.com/auth/devstorage.read_write",
                  "https://www.googleapis.com/auth/logging.write",
                  "https://www.googleapis.com/auth/service.management",
                  "https://www.googleapis.com/auth/servicecontrol",
                  "https://www.googleapis.com/auth/cloud-platform",
                  "https://www.googleapis.com/auth/pubsub"
                ]
              }
            ],
            "shielded_instance_config": [],
            "state": "READY",
            "symptoms": [],
            "tags": [],
            "terraform_labels": {
              "goog-terraform-provisioned": "true"
            },
            "timeouts": null,
            "zone": "southamerica-west1-a"
          },
          "sensitive_attributes": [],
          "identity_schema_version": 0,
          "private": "eyJlMmJmYjczMC1lY2FhLTExZTYtOGY4OC0zNDM2M2JjN2M0YzAiOnsiY3JlYXRlIjoxMjAwMDAwMDAwMDAwLCJkZWxldGUiOjEyMDAwMDAwMDAwMDAsInVwZGF0ZSI6MTIwMDAwMDAwMDAwMH19",
          "dependencies": [
            "module.v6e-8.google_compute_disk.large_disk"
          ]
        },
        {
          "index_key": 13,
          "schema_version": 0,
          "attributes": {
            "accelerator_config": [
              {
                "topology": "2x4",
                "type": "V6E"
              }
            ],
            "accelerator_type": "v6e-8",
            "api_version": "V2_ALPHA1",
            "cidr_block": "10.194.0.0/20",
            "data_disks": [
              {
                "mode": "READ_WRITE",
                "source_disk": "projects/cloud-tpu-inference-test/zones/southamerica-west1-a/disks/tpu-bm-disk-v6e-8-southamerica-west1-a-13"
              }
            ],
            "description": "",
            "effective_labels": {
              "goog-terraform-provisioned": "true"
            },
            "health": "HEALTHY",
            "health_description": "",
            "id": "projects/cloud-tpu-inference-test/locations/southamerica-west1-a/nodes/vllm-tpu-v6e-8-bm-13",
            "labels": {},
            "metadata": {
              "startup-script": "#!/bin/bash     \n\n# Set env vars system-wide\ngrep -q \"^GCP_PROJECT_ID=\" /etc/environment || echo \"GCP_PROJECT_ID=cloud-tpu-inference-test\" | sudo tee -a /etc/environment\ngrep -q \"^GCP_INSTANCE_ID=\" /etc/environment || echo \"GCP_INSTANCE_ID=vllm-bm-inst\" | sudo tee -a /etc/environment\ngrep -q \"^GCP_DATABASE_ID=\" /etc/environment || echo \"GCP_DATABASE_ID=vllm-bm-runs\" | sudo tee -a /etc/environment\ngrep -q \"^GCP_REGION=\" /etc/environment || echo \"GCP_REGION=southamerica-west1\" | sudo tee -a /etc/environment\ngrep -q \"^GCP_INSTANCE_NAME=\" /etc/environment || echo \"GCP_INSTANCE_NAME=vllm-tpu-v6e-8-bm-13\" | sudo tee -a /etc/environment\ngrep -q \"^GCS_BUCKET=\" /etc/environment || echo \"GCS_BUCKET=vllm-cb-storage2\" | sudo tee -a /etc/environment\ngrep -q \"^GCP_QUEUE=\" /etc/environment || echo \"GCP_QUEUE=vllm-bm-queue-v6e-8\" | sudo tee -a /etc/environment\nif ! grep -q \"^HF_TOKEN=\" /etc/environment; then\n  gcloud secrets versions access latest --secret=bm-agent-hf-token --quiet | \\\n  sudo tee -a /etc/environment \u003e /dev/null \u003c\u003c\u003c \"HF_TOKEN=$(cat)\"\nfi\n\napt-get update\napt-get install -y curl build-essential jq\n\ncurl -o- https://get.docker.com/ | bash -\n\ncurl --proto '=https' --tlsv1.2 -sSf https://sh.rustup.rs | sh -s -- -y\n/root/.cargo/bin/cargo install minijinja-cli\ncp /root/.cargo/bin/minijinja-cli /usr/bin/minijinja-cli\nchmod 777 /usr/bin/minijinja-cli\n\n# Mount persistent disk\n\nsudo mkdir -p /mnt/disks/persist\n\n# Format if not already formatted\nif ! blkid /dev/nvme0n2; then\n  echo \"Formatting /dev/nvme0n2 as ext4...\"\n  sudo mkfs.ext4 -m 0 -E lazy_itable_init=0,lazy_journal_init=0,discard /dev/nvme0n2\nfi\n\n# Add to /etc/fstab using UUID\ndisk_uuid=$(blkid -s UUID -o value /dev/nvme0n2)\nif ! grep -q \"/mnt/disks/persist\" /etc/fstab; then\n  echo \"UUID=$disk_uuid /mnt/disks/persist ext4 defaults,discard 0 2\" | sudo tee -a /etc/fstab\nfi\n\n# Only mount if not already mounted (first boot or recovery)\nif ! mountpoint -q /mnt/disks/persist; then\n  sudo mount /mnt/disks/persist  \nfi\n\njq \". + {\\\"data-root\\\": \\\"/mnt/disks/persist\\\"}\" /etc/docker/daemon.json \u003e /tmp/daemon.json.tmp \u0026\u0026 mv /tmp/daemon.json.tmp /etc/docker/daemon.json\nsystemctl stop docker\nsystemctl daemon-reload\nsystemctl start docker\n\nuseradd -m -s /bin/bash bm-agent\nsudo usermod -aG docker bm-agent\n\n# Run the commands below as bm-agent user:\nsudo -u bm-agent -i bash \u003c\u003c EOBM\ngcloud auth configure-docker southamerica-west1-docker.pkg.dev --quiet\nrm -rf bm-infra\ngit clone https://github.com/QiliangCui/bm-infra.git\npushd bm-infra\ngit pull\ngit reset --hard cb092f5880ea09f10d5be24ef6d0a4054c833ead\npopd\nEOBM\ncp /home/bm-agent/bm-infra/service/bm-agent/bm-agent.service /etc/systemd/system/bm-agent.service\nsystemctl stop bm-agent.service\nsystemctl daemon-reload\nsystemctl enable bm-agent.service\nsystemctl start bm-agent.service\n"
            },
            "multislice_node": false,
            "name": "vllm-tpu-v6e-8-bm-13",
            "network_config": [
              {
                "can_ip_forward": false,
                "enable_external_ips": true,
                "network": "projects/cloud-tpu-inference-test/global/networks/default",
                "queue_count": 0,
                "subnetwork": "projects/cloud-tpu-inference-test/regions/southamerica-west1/subnetworks/default"
              }
            ],
            "network_configs": [],
            "network_endpoints": [
              {
                "access_config": [
                  {
                    "external_ip": "34.176.219.213"
                  }
                ],
                "ip_address": "10.194.0.139",
                "port": 8470
              }
            ],
            "project": "cloud-tpu-inference-test",
            "queued_resource": "",
            "runtime_version": "v2-alpha-tpuv6e",
            "scheduling_config": [],
            "service_account": [
              {
                "email": "32478767326-compute@developer.gserviceaccount.com",
                "scope": [
                  "https://www.googleapis.com/auth/devstorage.read_write",
                  "https://www.googleapis.com/auth/logging.write",
                  "https://www.googleapis.com/auth/service.management",
                  "https://www.googleapis.com/auth/servicecontrol",
                  "https://www.googleapis.com/auth/cloud-platform",
                  "https://www.googleapis.com/auth/pubsub"
                ]
              }
            ],
            "shielded_instance_config": [],
            "state": "READY",
            "symptoms": [],
            "tags": [],
            "terraform_labels": {
              "goog-terraform-provisioned": "true"
            },
            "timeouts": null,
            "zone": "southamerica-west1-a"
          },
          "sensitive_attributes": [],
          "identity_schema_version": 0,
          "private": "eyJlMmJmYjczMC1lY2FhLTExZTYtOGY4OC0zNDM2M2JjN2M0YzAiOnsiY3JlYXRlIjoxMjAwMDAwMDAwMDAwLCJkZWxldGUiOjEyMDAwMDAwMDAwMDAsInVwZGF0ZSI6MTIwMDAwMDAwMDAwMH19",
          "dependencies": [
            "module.v6e-8.google_compute_disk.large_disk"
          ]
        },
        {
          "index_key": 14,
          "schema_version": 0,
          "attributes": {
            "accelerator_config": [
              {
                "topology": "2x4",
                "type": "V6E"
              }
            ],
            "accelerator_type": "v6e-8",
            "api_version": "V2_ALPHA1",
            "cidr_block": "10.194.0.0/20",
            "data_disks": [
              {
                "mode": "READ_WRITE",
                "source_disk": "projects/cloud-tpu-inference-test/zones/southamerica-west1-a/disks/tpu-bm-disk-v6e-8-southamerica-west1-a-14"
              }
            ],
            "description": "",
            "effective_labels": {
              "goog-terraform-provisioned": "true"
            },
            "health": "HEALTHY",
            "health_description": "",
            "id": "projects/cloud-tpu-inference-test/locations/southamerica-west1-a/nodes/vllm-tpu-v6e-8-bm-14",
            "labels": {},
            "metadata": {
              "startup-script": "#!/bin/bash     \n\n# Set env vars system-wide\ngrep -q \"^GCP_PROJECT_ID=\" /etc/environment || echo \"GCP_PROJECT_ID=cloud-tpu-inference-test\" | sudo tee -a /etc/environment\ngrep -q \"^GCP_INSTANCE_ID=\" /etc/environment || echo \"GCP_INSTANCE_ID=vllm-bm-inst\" | sudo tee -a /etc/environment\ngrep -q \"^GCP_DATABASE_ID=\" /etc/environment || echo \"GCP_DATABASE_ID=vllm-bm-runs\" | sudo tee -a /etc/environment\ngrep -q \"^GCP_REGION=\" /etc/environment || echo \"GCP_REGION=southamerica-west1\" | sudo tee -a /etc/environment\ngrep -q \"^GCP_INSTANCE_NAME=\" /etc/environment || echo \"GCP_INSTANCE_NAME=vllm-tpu-v6e-8-bm-14\" | sudo tee -a /etc/environment\ngrep -q \"^GCS_BUCKET=\" /etc/environment || echo \"GCS_BUCKET=vllm-cb-storage2\" | sudo tee -a /etc/environment\ngrep -q \"^GCP_QUEUE=\" /etc/environment || echo \"GCP_QUEUE=vllm-bm-queue-v6e-8\" | sudo tee -a /etc/environment\nif ! grep -q \"^HF_TOKEN=\" /etc/environment; then\n  gcloud secrets versions access latest --secret=bm-agent-hf-token --quiet | \\\n  sudo tee -a /etc/environment \u003e /dev/null \u003c\u003c\u003c \"HF_TOKEN=$(cat)\"\nfi\n\napt-get update\napt-get install -y curl build-essential jq\n\ncurl -o- https://get.docker.com/ | bash -\n\ncurl --proto '=https' --tlsv1.2 -sSf https://sh.rustup.rs | sh -s -- -y\n/root/.cargo/bin/cargo install minijinja-cli\ncp /root/.cargo/bin/minijinja-cli /usr/bin/minijinja-cli\nchmod 777 /usr/bin/minijinja-cli\n\n# Mount persistent disk\n\nsudo mkdir -p /mnt/disks/persist\n\n# Format if not already formatted\nif ! blkid /dev/nvme0n2; then\n  echo \"Formatting /dev/nvme0n2 as ext4...\"\n  sudo mkfs.ext4 -m 0 -E lazy_itable_init=0,lazy_journal_init=0,discard /dev/nvme0n2\nfi\n\n# Add to /etc/fstab using UUID\ndisk_uuid=$(blkid -s UUID -o value /dev/nvme0n2)\nif ! grep -q \"/mnt/disks/persist\" /etc/fstab; then\n  echo \"UUID=$disk_uuid /mnt/disks/persist ext4 defaults,discard 0 2\" | sudo tee -a /etc/fstab\nfi\n\n# Only mount if not already mounted (first boot or recovery)\nif ! mountpoint -q /mnt/disks/persist; then\n  sudo mount /mnt/disks/persist  \nfi\n\njq \". + {\\\"data-root\\\": \\\"/mnt/disks/persist\\\"}\" /etc/docker/daemon.json \u003e /tmp/daemon.json.tmp \u0026\u0026 mv /tmp/daemon.json.tmp /etc/docker/daemon.json\nsystemctl stop docker\nsystemctl daemon-reload\nsystemctl start docker\n\nuseradd -m -s /bin/bash bm-agent\nsudo usermod -aG docker bm-agent\n\n# Run the commands below as bm-agent user:\nsudo -u bm-agent -i bash \u003c\u003c EOBM\ngcloud auth configure-docker southamerica-west1-docker.pkg.dev --quiet\nrm -rf bm-infra\ngit clone https://github.com/QiliangCui/bm-infra.git\npushd bm-infra\ngit pull\ngit reset --hard cb092f5880ea09f10d5be24ef6d0a4054c833ead\npopd\nEOBM\ncp /home/bm-agent/bm-infra/service/bm-agent/bm-agent.service /etc/systemd/system/bm-agent.service\nsystemctl stop bm-agent.service\nsystemctl daemon-reload\nsystemctl enable bm-agent.service\nsystemctl start bm-agent.service\n"
            },
            "multislice_node": false,
            "name": "vllm-tpu-v6e-8-bm-14",
            "network_config": [
              {
                "can_ip_forward": false,
                "enable_external_ips": true,
                "network": "projects/cloud-tpu-inference-test/global/networks/default",
                "queue_count": 0,
                "subnetwork": "projects/cloud-tpu-inference-test/regions/southamerica-west1/subnetworks/default"
              }
            ],
            "network_configs": [],
            "network_endpoints": [
              {
                "access_config": [
                  {
                    "external_ip": "34.176.39.135"
                  }
                ],
                "ip_address": "10.194.0.138",
                "port": 8470
              }
            ],
            "project": "cloud-tpu-inference-test",
            "queued_resource": "",
            "runtime_version": "v2-alpha-tpuv6e",
            "scheduling_config": [],
            "service_account": [
              {
                "email": "32478767326-compute@developer.gserviceaccount.com",
                "scope": [
                  "https://www.googleapis.com/auth/devstorage.read_write",
                  "https://www.googleapis.com/auth/logging.write",
                  "https://www.googleapis.com/auth/service.management",
                  "https://www.googleapis.com/auth/servicecontrol",
                  "https://www.googleapis.com/auth/cloud-platform",
                  "https://www.googleapis.com/auth/pubsub"
                ]
              }
            ],
            "shielded_instance_config": [],
            "state": "READY",
            "symptoms": [],
            "tags": [],
            "terraform_labels": {
              "goog-terraform-provisioned": "true"
            },
            "timeouts": null,
            "zone": "southamerica-west1-a"
          },
          "sensitive_attributes": [],
          "identity_schema_version": 0,
          "private": "eyJlMmJmYjczMC1lY2FhLTExZTYtOGY4OC0zNDM2M2JjN2M0YzAiOnsiY3JlYXRlIjoxMjAwMDAwMDAwMDAwLCJkZWxldGUiOjEyMDAwMDAwMDAwMDAsInVwZGF0ZSI6MTIwMDAwMDAwMDAwMH19",
          "dependencies": [
            "module.v6e-8.google_compute_disk.large_disk"
          ]
        },
        {
          "index_key": 15,
          "schema_version": 0,
          "attributes": {
            "accelerator_config": [
              {
                "topology": "2x4",
                "type": "V6E"
              }
            ],
            "accelerator_type": "v6e-8",
            "api_version": "V2_ALPHA1",
            "cidr_block": "10.194.0.0/20",
            "data_disks": [
              {
                "mode": "READ_WRITE",
                "source_disk": "projects/cloud-tpu-inference-test/zones/southamerica-west1-a/disks/tpu-bm-disk-v6e-8-southamerica-west1-a-15"
              }
            ],
            "description": "",
            "effective_labels": {
              "goog-terraform-provisioned": "true"
            },
            "health": "HEALTHY",
            "health_description": "",
            "id": "projects/cloud-tpu-inference-test/locations/southamerica-west1-a/nodes/vllm-tpu-v6e-8-bm-15",
            "labels": {},
            "metadata": {
              "startup-script": "#!/bin/bash     \n\n# Set env vars system-wide\ngrep -q \"^GCP_PROJECT_ID=\" /etc/environment || echo \"GCP_PROJECT_ID=cloud-tpu-inference-test\" | sudo tee -a /etc/environment\ngrep -q \"^GCP_INSTANCE_ID=\" /etc/environment || echo \"GCP_INSTANCE_ID=vllm-bm-inst\" | sudo tee -a /etc/environment\ngrep -q \"^GCP_DATABASE_ID=\" /etc/environment || echo \"GCP_DATABASE_ID=vllm-bm-runs\" | sudo tee -a /etc/environment\ngrep -q \"^GCP_REGION=\" /etc/environment || echo \"GCP_REGION=southamerica-west1\" | sudo tee -a /etc/environment\ngrep -q \"^GCP_INSTANCE_NAME=\" /etc/environment || echo \"GCP_INSTANCE_NAME=vllm-tpu-v6e-8-bm-15\" | sudo tee -a /etc/environment\ngrep -q \"^GCS_BUCKET=\" /etc/environment || echo \"GCS_BUCKET=vllm-cb-storage2\" | sudo tee -a /etc/environment\ngrep -q \"^GCP_QUEUE=\" /etc/environment || echo \"GCP_QUEUE=vllm-bm-queue-v6e-8\" | sudo tee -a /etc/environment\nif ! grep -q \"^HF_TOKEN=\" /etc/environment; then\n  gcloud secrets versions access latest --secret=bm-agent-hf-token --quiet | \\\n  sudo tee -a /etc/environment \u003e /dev/null \u003c\u003c\u003c \"HF_TOKEN=$(cat)\"\nfi\n\napt-get update\napt-get install -y curl build-essential jq\n\ncurl -o- https://get.docker.com/ | bash -\n\ncurl --proto '=https' --tlsv1.2 -sSf https://sh.rustup.rs | sh -s -- -y\n/root/.cargo/bin/cargo install minijinja-cli\ncp /root/.cargo/bin/minijinja-cli /usr/bin/minijinja-cli\nchmod 777 /usr/bin/minijinja-cli\n\n# Mount persistent disk\n\nsudo mkdir -p /mnt/disks/persist\n\n# Format if not already formatted\nif ! blkid /dev/nvme0n2; then\n  echo \"Formatting /dev/nvme0n2 as ext4...\"\n  sudo mkfs.ext4 -m 0 -E lazy_itable_init=0,lazy_journal_init=0,discard /dev/nvme0n2\nfi\n\n# Add to /etc/fstab using UUID\ndisk_uuid=$(blkid -s UUID -o value /dev/nvme0n2)\nif ! grep -q \"/mnt/disks/persist\" /etc/fstab; then\n  echo \"UUID=$disk_uuid /mnt/disks/persist ext4 defaults,discard 0 2\" | sudo tee -a /etc/fstab\nfi\n\n# Only mount if not already mounted (first boot or recovery)\nif ! mountpoint -q /mnt/disks/persist; then\n  sudo mount /mnt/disks/persist  \nfi\n\njq \". + {\\\"data-root\\\": \\\"/mnt/disks/persist\\\"}\" /etc/docker/daemon.json \u003e /tmp/daemon.json.tmp \u0026\u0026 mv /tmp/daemon.json.tmp /etc/docker/daemon.json\nsystemctl stop docker\nsystemctl daemon-reload\nsystemctl start docker\n\nuseradd -m -s /bin/bash bm-agent\nsudo usermod -aG docker bm-agent\n\n# Run the commands below as bm-agent user:\nsudo -u bm-agent -i bash \u003c\u003c EOBM\ngcloud auth configure-docker southamerica-west1-docker.pkg.dev --quiet\nrm -rf bm-infra\ngit clone https://github.com/QiliangCui/bm-infra.git\npushd bm-infra\ngit pull\ngit reset --hard cb092f5880ea09f10d5be24ef6d0a4054c833ead\npopd\nEOBM\ncp /home/bm-agent/bm-infra/service/bm-agent/bm-agent.service /etc/systemd/system/bm-agent.service\nsystemctl stop bm-agent.service\nsystemctl daemon-reload\nsystemctl enable bm-agent.service\nsystemctl start bm-agent.service\n"
            },
            "multislice_node": false,
            "name": "vllm-tpu-v6e-8-bm-15",
            "network_config": [
              {
                "can_ip_forward": false,
                "enable_external_ips": true,
                "network": "projects/cloud-tpu-inference-test/global/networks/default",
                "queue_count": 0,
                "subnetwork": "projects/cloud-tpu-inference-test/regions/southamerica-west1/subnetworks/default"
              }
            ],
            "network_configs": [],
            "network_endpoints": [
              {
                "access_config": [
                  {
                    "external_ip": "34.176.68.27"
                  }
                ],
                "ip_address": "10.194.0.142",
                "port": 8470
              }
            ],
            "project": "cloud-tpu-inference-test",
            "queued_resource": "",
            "runtime_version": "v2-alpha-tpuv6e",
            "scheduling_config": [],
            "service_account": [
              {
                "email": "32478767326-compute@developer.gserviceaccount.com",
                "scope": [
                  "https://www.googleapis.com/auth/devstorage.read_write",
                  "https://www.googleapis.com/auth/logging.write",
                  "https://www.googleapis.com/auth/service.management",
                  "https://www.googleapis.com/auth/servicecontrol",
                  "https://www.googleapis.com/auth/cloud-platform",
                  "https://www.googleapis.com/auth/pubsub"
                ]
              }
            ],
            "shielded_instance_config": [],
            "state": "READY",
            "symptoms": [],
            "tags": [],
            "terraform_labels": {
              "goog-terraform-provisioned": "true"
            },
            "timeouts": null,
            "zone": "southamerica-west1-a"
          },
          "sensitive_attributes": [],
          "identity_schema_version": 0,
          "private": "eyJlMmJmYjczMC1lY2FhLTExZTYtOGY4OC0zNDM2M2JjN2M0YzAiOnsiY3JlYXRlIjoxMjAwMDAwMDAwMDAwLCJkZWxldGUiOjEyMDAwMDAwMDAwMDAsInVwZGF0ZSI6MTIwMDAwMDAwMDAwMH19",
          "dependencies": [
            "module.v6e-8.google_compute_disk.large_disk"
          ]
        },
        {
          "index_key": 16,
          "schema_version": 0,
          "attributes": {
            "accelerator_config": [
              {
                "topology": "2x4",
                "type": "V6E"
              }
            ],
            "accelerator_type": "v6e-8",
            "api_version": "V2_ALPHA1",
            "cidr_block": "10.194.0.0/20",
            "data_disks": [
              {
                "mode": "READ_WRITE",
                "source_disk": "projects/cloud-tpu-inference-test/zones/southamerica-west1-a/disks/tpu-bm-disk-v6e-8-southamerica-west1-a-16"
              }
            ],
            "description": "",
            "effective_labels": {
              "goog-terraform-provisioned": "true"
            },
            "health": "",
            "health_description": "",
            "id": "projects/cloud-tpu-inference-test/locations/southamerica-west1-a/nodes/vllm-tpu-v6e-8-bm-16",
            "labels": null,
            "metadata": {
              "startup-script": "#!/bin/bash     \n\n# Set env vars system-wide\ngrep -q \"^GCP_PROJECT_ID=\" /etc/environment || echo \"GCP_PROJECT_ID=cloud-tpu-inference-test\" | sudo tee -a /etc/environment\ngrep -q \"^GCP_INSTANCE_ID=\" /etc/environment || echo \"GCP_INSTANCE_ID=vllm-bm-inst\" | sudo tee -a /etc/environment\ngrep -q \"^GCP_DATABASE_ID=\" /etc/environment || echo \"GCP_DATABASE_ID=vllm-bm-runs\" | sudo tee -a /etc/environment\ngrep -q \"^GCP_REGION=\" /etc/environment || echo \"GCP_REGION=southamerica-west1\" | sudo tee -a /etc/environment\ngrep -q \"^GCP_INSTANCE_NAME=\" /etc/environment || echo \"GCP_INSTANCE_NAME=vllm-tpu-v6e-8-bm-16\" | sudo tee -a /etc/environment\ngrep -q \"^GCS_BUCKET=\" /etc/environment || echo \"GCS_BUCKET=vllm-cb-storage2\" | sudo tee -a /etc/environment\ngrep -q \"^GCP_QUEUE=\" /etc/environment || echo \"GCP_QUEUE=vllm-bm-queue-v6e-8\" | sudo tee -a /etc/environment\nif ! grep -q \"^HF_TOKEN=\" /etc/environment; then\n  gcloud secrets versions access latest --secret=bm-agent-hf-token --quiet | \\\n  sudo tee -a /etc/environment \u003e /dev/null \u003c\u003c\u003c \"HF_TOKEN=$(cat)\"\nfi\n\napt-get update\napt-get install -y curl build-essential jq\n\ncurl -o- https://get.docker.com/ | bash -\n\ncurl --proto '=https' --tlsv1.2 -sSf https://sh.rustup.rs | sh -s -- -y\n/root/.cargo/bin/cargo install minijinja-cli\ncp /root/.cargo/bin/minijinja-cli /usr/bin/minijinja-cli\nchmod 777 /usr/bin/minijinja-cli\n\n# Mount persistent disk\n\nsudo mkdir -p /mnt/disks/persist\n\n# Format if not already formatted\nif ! blkid /dev/nvme0n2; then\n  echo \"Formatting /dev/nvme0n2 as ext4...\"\n  sudo mkfs.ext4 -m 0 -E lazy_itable_init=0,lazy_journal_init=0,discard /dev/nvme0n2\nfi\n\n# Add to /etc/fstab using UUID\ndisk_uuid=$(blkid -s UUID -o value /dev/nvme0n2)\nif ! grep -q \"/mnt/disks/persist\" /etc/fstab; then\n  echo \"UUID=$disk_uuid /mnt/disks/persist ext4 defaults,discard 0 2\" | sudo tee -a /etc/fstab\nfi\n\n# Only mount if not already mounted (first boot or recovery)\nif ! mountpoint -q /mnt/disks/persist; then\n  sudo mount /mnt/disks/persist  \nfi\n\njq \". + {\\\"data-root\\\": \\\"/mnt/disks/persist\\\"}\" /etc/docker/daemon.json \u003e /tmp/daemon.json.tmp \u0026\u0026 mv /tmp/daemon.json.tmp /etc/docker/daemon.json\nsystemctl stop docker\nsystemctl daemon-reload\nsystemctl start docker\n\nuseradd -m -s /bin/bash bm-agent\nsudo usermod -aG docker bm-agent\n\n# Run the commands below as bm-agent user:\nsudo -u bm-agent -i bash \u003c\u003c EOBM\ngcloud auth configure-docker southamerica-west1-docker.pkg.dev --quiet\nrm -rf bm-infra\ngit clone https://github.com/QiliangCui/bm-infra.git\npushd bm-infra\ngit pull\ngit reset --hard cb092f5880ea09f10d5be24ef6d0a4054c833ead\npopd\nEOBM\ncp /home/bm-agent/bm-infra/service/bm-agent/bm-agent.service /etc/systemd/system/bm-agent.service\nsystemctl stop bm-agent.service\nsystemctl daemon-reload\nsystemctl enable bm-agent.service\nsystemctl start bm-agent.service\n"
            },
            "multislice_node": false,
            "name": "vllm-tpu-v6e-8-bm-16",
            "network_config": [
              {
                "can_ip_forward": false,
                "enable_external_ips": true,
                "network": "projects/cloud-tpu-inference-test/global/networks/default",
                "queue_count": 0,
                "subnetwork": "projects/cloud-tpu-inference-test/regions/southamerica-west1/subnetworks/default"
              }
            ],
            "network_configs": [],
            "network_endpoints": [
              {
                "access_config": [
                  {
                    "external_ip": "34.176.63.147"
                  }
                ],
                "ip_address": "10.194.0.155",
                "port": 8470
              }
            ],
            "project": "cloud-tpu-inference-test",
            "queued_resource": "",
            "runtime_version": "v2-alpha-tpuv6e",
            "scheduling_config": [],
            "service_account": [
              {
                "email": "32478767326-compute@developer.gserviceaccount.com",
                "scope": [
                  "https://www.googleapis.com/auth/devstorage.read_write",
                  "https://www.googleapis.com/auth/logging.write",
                  "https://www.googleapis.com/auth/service.management",
                  "https://www.googleapis.com/auth/servicecontrol",
                  "https://www.googleapis.com/auth/cloud-platform",
                  "https://www.googleapis.com/auth/pubsub"
                ]
              }
            ],
            "shielded_instance_config": [],
            "state": "READY",
            "symptoms": [],
            "tags": null,
            "terraform_labels": {
              "goog-terraform-provisioned": "true"
            },
            "timeouts": null,
            "zone": "southamerica-west1-a"
          },
          "sensitive_attributes": [],
          "identity_schema_version": 0,
          "private": "eyJlMmJmYjczMC1lY2FhLTExZTYtOGY4OC0zNDM2M2JjN2M0YzAiOnsiY3JlYXRlIjoxMjAwMDAwMDAwMDAwLCJkZWxldGUiOjEyMDAwMDAwMDAwMDAsInVwZGF0ZSI6MTIwMDAwMDAwMDAwMH19",
          "dependencies": [
            "module.v6e-8.google_compute_disk.large_disk"
          ]
        },
        {
          "index_key": 17,
          "schema_version": 0,
          "attributes": {
            "accelerator_config": [
              {
                "topology": "2x4",
                "type": "V6E"
              }
            ],
            "accelerator_type": "v6e-8",
            "api_version": "V2_ALPHA1",
            "cidr_block": "10.194.0.0/20",
            "data_disks": [
              {
                "mode": "READ_WRITE",
                "source_disk": "projects/cloud-tpu-inference-test/zones/southamerica-west1-a/disks/tpu-bm-disk-v6e-8-southamerica-west1-a-17"
              }
            ],
            "description": "",
            "effective_labels": {
              "goog-terraform-provisioned": "true"
            },
            "health": "",
            "health_description": "",
            "id": "projects/cloud-tpu-inference-test/locations/southamerica-west1-a/nodes/vllm-tpu-v6e-8-bm-17",
            "labels": null,
            "metadata": {
              "startup-script": "#!/bin/bash     \n\n# Set env vars system-wide\ngrep -q \"^GCP_PROJECT_ID=\" /etc/environment || echo \"GCP_PROJECT_ID=cloud-tpu-inference-test\" | sudo tee -a /etc/environment\ngrep -q \"^GCP_INSTANCE_ID=\" /etc/environment || echo \"GCP_INSTANCE_ID=vllm-bm-inst\" | sudo tee -a /etc/environment\ngrep -q \"^GCP_DATABASE_ID=\" /etc/environment || echo \"GCP_DATABASE_ID=vllm-bm-runs\" | sudo tee -a /etc/environment\ngrep -q \"^GCP_REGION=\" /etc/environment || echo \"GCP_REGION=southamerica-west1\" | sudo tee -a /etc/environment\ngrep -q \"^GCP_INSTANCE_NAME=\" /etc/environment || echo \"GCP_INSTANCE_NAME=vllm-tpu-v6e-8-bm-17\" | sudo tee -a /etc/environment\ngrep -q \"^GCS_BUCKET=\" /etc/environment || echo \"GCS_BUCKET=vllm-cb-storage2\" | sudo tee -a /etc/environment\ngrep -q \"^GCP_QUEUE=\" /etc/environment || echo \"GCP_QUEUE=vllm-bm-queue-v6e-8\" | sudo tee -a /etc/environment\nif ! grep -q \"^HF_TOKEN=\" /etc/environment; then\n  gcloud secrets versions access latest --secret=bm-agent-hf-token --quiet | \\\n  sudo tee -a /etc/environment \u003e /dev/null \u003c\u003c\u003c \"HF_TOKEN=$(cat)\"\nfi\n\napt-get update\napt-get install -y curl build-essential jq\n\ncurl -o- https://get.docker.com/ | bash -\n\ncurl --proto '=https' --tlsv1.2 -sSf https://sh.rustup.rs | sh -s -- -y\n/root/.cargo/bin/cargo install minijinja-cli\ncp /root/.cargo/bin/minijinja-cli /usr/bin/minijinja-cli\nchmod 777 /usr/bin/minijinja-cli\n\n# Mount persistent disk\n\nsudo mkdir -p /mnt/disks/persist\n\n# Format if not already formatted\nif ! blkid /dev/nvme0n2; then\n  echo \"Formatting /dev/nvme0n2 as ext4...\"\n  sudo mkfs.ext4 -m 0 -E lazy_itable_init=0,lazy_journal_init=0,discard /dev/nvme0n2\nfi\n\n# Add to /etc/fstab using UUID\ndisk_uuid=$(blkid -s UUID -o value /dev/nvme0n2)\nif ! grep -q \"/mnt/disks/persist\" /etc/fstab; then\n  echo \"UUID=$disk_uuid /mnt/disks/persist ext4 defaults,discard 0 2\" | sudo tee -a /etc/fstab\nfi\n\n# Only mount if not already mounted (first boot or recovery)\nif ! mountpoint -q /mnt/disks/persist; then\n  sudo mount /mnt/disks/persist  \nfi\n\njq \". + {\\\"data-root\\\": \\\"/mnt/disks/persist\\\"}\" /etc/docker/daemon.json \u003e /tmp/daemon.json.tmp \u0026\u0026 mv /tmp/daemon.json.tmp /etc/docker/daemon.json\nsystemctl stop docker\nsystemctl daemon-reload\nsystemctl start docker\n\nuseradd -m -s /bin/bash bm-agent\nsudo usermod -aG docker bm-agent\n\n# Run the commands below as bm-agent user:\nsudo -u bm-agent -i bash \u003c\u003c EOBM\ngcloud auth configure-docker southamerica-west1-docker.pkg.dev --quiet\nrm -rf bm-infra\ngit clone https://github.com/QiliangCui/bm-infra.git\npushd bm-infra\ngit pull\ngit reset --hard cb092f5880ea09f10d5be24ef6d0a4054c833ead\npopd\nEOBM\ncp /home/bm-agent/bm-infra/service/bm-agent/bm-agent.service /etc/systemd/system/bm-agent.service\nsystemctl stop bm-agent.service\nsystemctl daemon-reload\nsystemctl enable bm-agent.service\nsystemctl start bm-agent.service\n"
            },
            "multislice_node": false,
            "name": "vllm-tpu-v6e-8-bm-17",
            "network_config": [
              {
                "can_ip_forward": false,
                "enable_external_ips": true,
                "network": "projects/cloud-tpu-inference-test/global/networks/default",
                "queue_count": 0,
                "subnetwork": "projects/cloud-tpu-inference-test/regions/southamerica-west1/subnetworks/default"
              }
            ],
            "network_configs": [],
            "network_endpoints": [
              {
                "access_config": [
                  {
                    "external_ip": "34.176.165.91"
                  }
                ],
                "ip_address": "10.194.0.160",
                "port": 8470
              }
            ],
            "project": "cloud-tpu-inference-test",
            "queued_resource": "",
            "runtime_version": "v2-alpha-tpuv6e",
            "scheduling_config": [],
            "service_account": [
              {
                "email": "32478767326-compute@developer.gserviceaccount.com",
                "scope": [
                  "https://www.googleapis.com/auth/devstorage.read_write",
                  "https://www.googleapis.com/auth/logging.write",
                  "https://www.googleapis.com/auth/service.management",
                  "https://www.googleapis.com/auth/servicecontrol",
                  "https://www.googleapis.com/auth/cloud-platform",
                  "https://www.googleapis.com/auth/pubsub"
                ]
              }
            ],
            "shielded_instance_config": [],
            "state": "READY",
            "symptoms": [],
            "tags": null,
            "terraform_labels": {
              "goog-terraform-provisioned": "true"
            },
            "timeouts": null,
            "zone": "southamerica-west1-a"
          },
          "sensitive_attributes": [],
          "identity_schema_version": 0,
          "private": "eyJlMmJmYjczMC1lY2FhLTExZTYtOGY4OC0zNDM2M2JjN2M0YzAiOnsiY3JlYXRlIjoxMjAwMDAwMDAwMDAwLCJkZWxldGUiOjEyMDAwMDAwMDAwMDAsInVwZGF0ZSI6MTIwMDAwMDAwMDAwMH19",
          "dependencies": [
            "module.v6e-8.google_compute_disk.large_disk"
          ]
        },
        {
          "index_key": 18,
          "schema_version": 0,
          "attributes": {
            "accelerator_config": [
              {
                "topology": "2x4",
                "type": "V6E"
              }
            ],
            "accelerator_type": "v6e-8",
            "api_version": "V2_ALPHA1",
            "cidr_block": "10.194.0.0/20",
            "data_disks": [
              {
                "mode": "READ_WRITE",
                "source_disk": "projects/cloud-tpu-inference-test/zones/southamerica-west1-a/disks/tpu-bm-disk-v6e-8-southamerica-west1-a-18"
              }
            ],
            "description": "",
            "effective_labels": {
              "goog-terraform-provisioned": "true"
            },
            "health": "",
            "health_description": "",
            "id": "projects/cloud-tpu-inference-test/locations/southamerica-west1-a/nodes/vllm-tpu-v6e-8-bm-18",
            "labels": null,
            "metadata": {
              "startup-script": "#!/bin/bash     \n\n# Set env vars system-wide\ngrep -q \"^GCP_PROJECT_ID=\" /etc/environment || echo \"GCP_PROJECT_ID=cloud-tpu-inference-test\" | sudo tee -a /etc/environment\ngrep -q \"^GCP_INSTANCE_ID=\" /etc/environment || echo \"GCP_INSTANCE_ID=vllm-bm-inst\" | sudo tee -a /etc/environment\ngrep -q \"^GCP_DATABASE_ID=\" /etc/environment || echo \"GCP_DATABASE_ID=vllm-bm-runs\" | sudo tee -a /etc/environment\ngrep -q \"^GCP_REGION=\" /etc/environment || echo \"GCP_REGION=southamerica-west1\" | sudo tee -a /etc/environment\ngrep -q \"^GCP_INSTANCE_NAME=\" /etc/environment || echo \"GCP_INSTANCE_NAME=vllm-tpu-v6e-8-bm-18\" | sudo tee -a /etc/environment\ngrep -q \"^GCS_BUCKET=\" /etc/environment || echo \"GCS_BUCKET=vllm-cb-storage2\" | sudo tee -a /etc/environment\ngrep -q \"^GCP_QUEUE=\" /etc/environment || echo \"GCP_QUEUE=vllm-bm-queue-v6e-8\" | sudo tee -a /etc/environment\nif ! grep -q \"^HF_TOKEN=\" /etc/environment; then\n  gcloud secrets versions access latest --secret=bm-agent-hf-token --quiet | \\\n  sudo tee -a /etc/environment \u003e /dev/null \u003c\u003c\u003c \"HF_TOKEN=$(cat)\"\nfi\n\napt-get update\napt-get install -y curl build-essential jq\n\ncurl -o- https://get.docker.com/ | bash -\n\ncurl --proto '=https' --tlsv1.2 -sSf https://sh.rustup.rs | sh -s -- -y\n/root/.cargo/bin/cargo install minijinja-cli\ncp /root/.cargo/bin/minijinja-cli /usr/bin/minijinja-cli\nchmod 777 /usr/bin/minijinja-cli\n\n# Mount persistent disk\n\nsudo mkdir -p /mnt/disks/persist\n\n# Format if not already formatted\nif ! blkid /dev/nvme0n2; then\n  echo \"Formatting /dev/nvme0n2 as ext4...\"\n  sudo mkfs.ext4 -m 0 -E lazy_itable_init=0,lazy_journal_init=0,discard /dev/nvme0n2\nfi\n\n# Add to /etc/fstab using UUID\ndisk_uuid=$(blkid -s UUID -o value /dev/nvme0n2)\nif ! grep -q \"/mnt/disks/persist\" /etc/fstab; then\n  echo \"UUID=$disk_uuid /mnt/disks/persist ext4 defaults,discard 0 2\" | sudo tee -a /etc/fstab\nfi\n\n# Only mount if not already mounted (first boot or recovery)\nif ! mountpoint -q /mnt/disks/persist; then\n  sudo mount /mnt/disks/persist  \nfi\n\njq \". + {\\\"data-root\\\": \\\"/mnt/disks/persist\\\"}\" /etc/docker/daemon.json \u003e /tmp/daemon.json.tmp \u0026\u0026 mv /tmp/daemon.json.tmp /etc/docker/daemon.json\nsystemctl stop docker\nsystemctl daemon-reload\nsystemctl start docker\n\nuseradd -m -s /bin/bash bm-agent\nsudo usermod -aG docker bm-agent\n\n# Run the commands below as bm-agent user:\nsudo -u bm-agent -i bash \u003c\u003c EOBM\ngcloud auth configure-docker southamerica-west1-docker.pkg.dev --quiet\nrm -rf bm-infra\ngit clone https://github.com/QiliangCui/bm-infra.git\npushd bm-infra\ngit pull\ngit reset --hard cb092f5880ea09f10d5be24ef6d0a4054c833ead\npopd\nEOBM\ncp /home/bm-agent/bm-infra/service/bm-agent/bm-agent.service /etc/systemd/system/bm-agent.service\nsystemctl stop bm-agent.service\nsystemctl daemon-reload\nsystemctl enable bm-agent.service\nsystemctl start bm-agent.service\n"
            },
            "multislice_node": false,
            "name": "vllm-tpu-v6e-8-bm-18",
            "network_config": [
              {
                "can_ip_forward": false,
                "enable_external_ips": true,
                "network": "projects/cloud-tpu-inference-test/global/networks/default",
                "queue_count": 0,
                "subnetwork": "projects/cloud-tpu-inference-test/regions/southamerica-west1/subnetworks/default"
              }
            ],
            "network_configs": [],
            "network_endpoints": [
              {
                "access_config": [
                  {
                    "external_ip": "34.176.140.94"
                  }
                ],
                "ip_address": "10.194.0.157",
                "port": 8470
              }
            ],
            "project": "cloud-tpu-inference-test",
            "queued_resource": "",
            "runtime_version": "v2-alpha-tpuv6e",
            "scheduling_config": [],
            "service_account": [
              {
                "email": "32478767326-compute@developer.gserviceaccount.com",
                "scope": [
                  "https://www.googleapis.com/auth/devstorage.read_write",
                  "https://www.googleapis.com/auth/logging.write",
                  "https://www.googleapis.com/auth/service.management",
                  "https://www.googleapis.com/auth/servicecontrol",
                  "https://www.googleapis.com/auth/cloud-platform",
                  "https://www.googleapis.com/auth/pubsub"
                ]
              }
            ],
            "shielded_instance_config": [],
            "state": "READY",
            "symptoms": [],
            "tags": null,
            "terraform_labels": {
              "goog-terraform-provisioned": "true"
            },
            "timeouts": null,
            "zone": "southamerica-west1-a"
          },
          "sensitive_attributes": [],
          "identity_schema_version": 0,
          "private": "eyJlMmJmYjczMC1lY2FhLTExZTYtOGY4OC0zNDM2M2JjN2M0YzAiOnsiY3JlYXRlIjoxMjAwMDAwMDAwMDAwLCJkZWxldGUiOjEyMDAwMDAwMDAwMDAsInVwZGF0ZSI6MTIwMDAwMDAwMDAwMH19",
          "dependencies": [
            "module.v6e-8.google_compute_disk.large_disk"
          ]
        },
        {
          "index_key": 19,
          "schema_version": 0,
          "attributes": {
            "accelerator_config": [
              {
                "topology": "2x4",
                "type": "V6E"
              }
            ],
            "accelerator_type": "v6e-8",
            "api_version": "V2_ALPHA1",
            "cidr_block": "10.194.0.0/20",
            "data_disks": [
              {
                "mode": "READ_WRITE",
                "source_disk": "projects/cloud-tpu-inference-test/zones/southamerica-west1-a/disks/tpu-bm-disk-v6e-8-southamerica-west1-a-19"
              }
            ],
            "description": "",
            "effective_labels": {
              "goog-terraform-provisioned": "true"
            },
            "health": "HEALTHY",
            "health_description": "",
            "id": "projects/cloud-tpu-inference-test/locations/southamerica-west1-a/nodes/vllm-tpu-v6e-8-bm-19",
            "labels": null,
            "metadata": {
              "startup-script": "#!/bin/bash     \n\n# Set env vars system-wide\ngrep -q \"^GCP_PROJECT_ID=\" /etc/environment || echo \"GCP_PROJECT_ID=cloud-tpu-inference-test\" | sudo tee -a /etc/environment\ngrep -q \"^GCP_INSTANCE_ID=\" /etc/environment || echo \"GCP_INSTANCE_ID=vllm-bm-inst\" | sudo tee -a /etc/environment\ngrep -q \"^GCP_DATABASE_ID=\" /etc/environment || echo \"GCP_DATABASE_ID=vllm-bm-runs\" | sudo tee -a /etc/environment\ngrep -q \"^GCP_REGION=\" /etc/environment || echo \"GCP_REGION=southamerica-west1\" | sudo tee -a /etc/environment\ngrep -q \"^GCP_INSTANCE_NAME=\" /etc/environment || echo \"GCP_INSTANCE_NAME=vllm-tpu-v6e-8-bm-19\" | sudo tee -a /etc/environment\ngrep -q \"^GCS_BUCKET=\" /etc/environment || echo \"GCS_BUCKET=vllm-cb-storage2\" | sudo tee -a /etc/environment\ngrep -q \"^GCP_QUEUE=\" /etc/environment || echo \"GCP_QUEUE=vllm-bm-queue-v6e-8\" | sudo tee -a /etc/environment\nif ! grep -q \"^HF_TOKEN=\" /etc/environment; then\n  gcloud secrets versions access latest --secret=bm-agent-hf-token --quiet | \\\n  sudo tee -a /etc/environment \u003e /dev/null \u003c\u003c\u003c \"HF_TOKEN=$(cat)\"\nfi\n\napt-get update\napt-get install -y curl build-essential jq\n\ncurl -o- https://get.docker.com/ | bash -\n\ncurl --proto '=https' --tlsv1.2 -sSf https://sh.rustup.rs | sh -s -- -y\n/root/.cargo/bin/cargo install minijinja-cli\ncp /root/.cargo/bin/minijinja-cli /usr/bin/minijinja-cli\nchmod 777 /usr/bin/minijinja-cli\n\n# Mount persistent disk\n\nsudo mkdir -p /mnt/disks/persist\n\n# Format if not already formatted\nif ! blkid /dev/nvme0n2; then\n  echo \"Formatting /dev/nvme0n2 as ext4...\"\n  sudo mkfs.ext4 -m 0 -E lazy_itable_init=0,lazy_journal_init=0,discard /dev/nvme0n2\nfi\n\n# Add to /etc/fstab using UUID\ndisk_uuid=$(blkid -s UUID -o value /dev/nvme0n2)\nif ! grep -q \"/mnt/disks/persist\" /etc/fstab; then\n  echo \"UUID=$disk_uuid /mnt/disks/persist ext4 defaults,discard 0 2\" | sudo tee -a /etc/fstab\nfi\n\n# Only mount if not already mounted (first boot or recovery)\nif ! mountpoint -q /mnt/disks/persist; then\n  sudo mount /mnt/disks/persist  \nfi\n\njq \". + {\\\"data-root\\\": \\\"/mnt/disks/persist\\\"}\" /etc/docker/daemon.json \u003e /tmp/daemon.json.tmp \u0026\u0026 mv /tmp/daemon.json.tmp /etc/docker/daemon.json\nsystemctl stop docker\nsystemctl daemon-reload\nsystemctl start docker\n\nuseradd -m -s /bin/bash bm-agent\nsudo usermod -aG docker bm-agent\n\n# Run the commands below as bm-agent user:\nsudo -u bm-agent -i bash \u003c\u003c EOBM\ngcloud auth configure-docker southamerica-west1-docker.pkg.dev --quiet\nrm -rf bm-infra\ngit clone https://github.com/QiliangCui/bm-infra.git\npushd bm-infra\ngit pull\ngit reset --hard cb092f5880ea09f10d5be24ef6d0a4054c833ead\npopd\nEOBM\ncp /home/bm-agent/bm-infra/service/bm-agent/bm-agent.service /etc/systemd/system/bm-agent.service\nsystemctl stop bm-agent.service\nsystemctl daemon-reload\nsystemctl enable bm-agent.service\nsystemctl start bm-agent.service\n"
            },
            "multislice_node": false,
            "name": "vllm-tpu-v6e-8-bm-19",
            "network_config": [
              {
                "can_ip_forward": false,
                "enable_external_ips": true,
                "network": "projects/cloud-tpu-inference-test/global/networks/default",
                "queue_count": 0,
                "subnetwork": "projects/cloud-tpu-inference-test/regions/southamerica-west1/subnetworks/default"
              }
            ],
            "network_configs": [],
            "network_endpoints": [
              {
                "access_config": [
                  {
                    "external_ip": "34.176.248.114"
                  }
                ],
                "ip_address": "10.194.0.159",
                "port": 8470
              }
            ],
            "project": "cloud-tpu-inference-test",
            "queued_resource": "",
            "runtime_version": "v2-alpha-tpuv6e",
            "scheduling_config": [],
            "service_account": [
              {
                "email": "32478767326-compute@developer.gserviceaccount.com",
                "scope": [
                  "https://www.googleapis.com/auth/devstorage.read_write",
                  "https://www.googleapis.com/auth/logging.write",
                  "https://www.googleapis.com/auth/service.management",
                  "https://www.googleapis.com/auth/servicecontrol",
                  "https://www.googleapis.com/auth/cloud-platform",
                  "https://www.googleapis.com/auth/pubsub"
                ]
              }
            ],
            "shielded_instance_config": [],
            "state": "READY",
            "symptoms": [],
            "tags": null,
            "terraform_labels": {
              "goog-terraform-provisioned": "true"
            },
            "timeouts": null,
            "zone": "southamerica-west1-a"
          },
          "sensitive_attributes": [],
          "identity_schema_version": 0,
          "private": "eyJlMmJmYjczMC1lY2FhLTExZTYtOGY4OC0zNDM2M2JjN2M0YzAiOnsiY3JlYXRlIjoxMjAwMDAwMDAwMDAwLCJkZWxldGUiOjEyMDAwMDAwMDAwMDAsInVwZGF0ZSI6MTIwMDAwMDAwMDAwMH19",
          "dependencies": [
            "module.v6e-8.google_compute_disk.large_disk"
          ]
        },
        {
          "index_key": 20,
          "schema_version": 0,
          "attributes": {
            "accelerator_config": [
              {
                "topology": "2x4",
                "type": "V6E"
              }
            ],
            "accelerator_type": "v6e-8",
            "api_version": "V2_ALPHA1",
            "cidr_block": "10.194.0.0/20",
            "data_disks": [
              {
                "mode": "READ_WRITE",
                "source_disk": "projects/cloud-tpu-inference-test/zones/southamerica-west1-a/disks/tpu-bm-disk-v6e-8-southamerica-west1-a-20"
              }
            ],
            "description": "",
            "effective_labels": {
              "goog-terraform-provisioned": "true"
            },
            "health": "",
            "health_description": "",
            "id": "projects/cloud-tpu-inference-test/locations/southamerica-west1-a/nodes/vllm-tpu-v6e-8-bm-20",
            "labels": null,
            "metadata": {
              "startup-script": "#!/bin/bash     \n\n# Set env vars system-wide\ngrep -q \"^GCP_PROJECT_ID=\" /etc/environment || echo \"GCP_PROJECT_ID=cloud-tpu-inference-test\" | sudo tee -a /etc/environment\ngrep -q \"^GCP_INSTANCE_ID=\" /etc/environment || echo \"GCP_INSTANCE_ID=vllm-bm-inst\" | sudo tee -a /etc/environment\ngrep -q \"^GCP_DATABASE_ID=\" /etc/environment || echo \"GCP_DATABASE_ID=vllm-bm-runs\" | sudo tee -a /etc/environment\ngrep -q \"^GCP_REGION=\" /etc/environment || echo \"GCP_REGION=southamerica-west1\" | sudo tee -a /etc/environment\ngrep -q \"^GCP_INSTANCE_NAME=\" /etc/environment || echo \"GCP_INSTANCE_NAME=vllm-tpu-v6e-8-bm-20\" | sudo tee -a /etc/environment\ngrep -q \"^GCS_BUCKET=\" /etc/environment || echo \"GCS_BUCKET=vllm-cb-storage2\" | sudo tee -a /etc/environment\ngrep -q \"^GCP_QUEUE=\" /etc/environment || echo \"GCP_QUEUE=vllm-bm-queue-v6e-8\" | sudo tee -a /etc/environment\nif ! grep -q \"^HF_TOKEN=\" /etc/environment; then\n  gcloud secrets versions access latest --secret=bm-agent-hf-token --quiet | \\\n  sudo tee -a /etc/environment \u003e /dev/null \u003c\u003c\u003c \"HF_TOKEN=$(cat)\"\nfi\n\napt-get update\napt-get install -y curl build-essential jq\n\ncurl -o- https://get.docker.com/ | bash -\n\ncurl --proto '=https' --tlsv1.2 -sSf https://sh.rustup.rs | sh -s -- -y\n/root/.cargo/bin/cargo install minijinja-cli\ncp /root/.cargo/bin/minijinja-cli /usr/bin/minijinja-cli\nchmod 777 /usr/bin/minijinja-cli\n\n# Mount persistent disk\n\nsudo mkdir -p /mnt/disks/persist\n\n# Format if not already formatted\nif ! blkid /dev/nvme0n2; then\n  echo \"Formatting /dev/nvme0n2 as ext4...\"\n  sudo mkfs.ext4 -m 0 -E lazy_itable_init=0,lazy_journal_init=0,discard /dev/nvme0n2\nfi\n\n# Add to /etc/fstab using UUID\ndisk_uuid=$(blkid -s UUID -o value /dev/nvme0n2)\nif ! grep -q \"/mnt/disks/persist\" /etc/fstab; then\n  echo \"UUID=$disk_uuid /mnt/disks/persist ext4 defaults,discard 0 2\" | sudo tee -a /etc/fstab\nfi\n\n# Only mount if not already mounted (first boot or recovery)\nif ! mountpoint -q /mnt/disks/persist; then\n  sudo mount /mnt/disks/persist  \nfi\n\njq \". + {\\\"data-root\\\": \\\"/mnt/disks/persist\\\"}\" /etc/docker/daemon.json \u003e /tmp/daemon.json.tmp \u0026\u0026 mv /tmp/daemon.json.tmp /etc/docker/daemon.json\nsystemctl stop docker\nsystemctl daemon-reload\nsystemctl start docker\n\nuseradd -m -s /bin/bash bm-agent\nsudo usermod -aG docker bm-agent\n\n# Run the commands below as bm-agent user:\nsudo -u bm-agent -i bash \u003c\u003c EOBM\ngcloud auth configure-docker southamerica-west1-docker.pkg.dev --quiet\nrm -rf bm-infra\ngit clone https://github.com/QiliangCui/bm-infra.git\npushd bm-infra\ngit pull\ngit reset --hard cb092f5880ea09f10d5be24ef6d0a4054c833ead\npopd\nEOBM\ncp /home/bm-agent/bm-infra/service/bm-agent/bm-agent.service /etc/systemd/system/bm-agent.service\nsystemctl stop bm-agent.service\nsystemctl daemon-reload\nsystemctl enable bm-agent.service\nsystemctl start bm-agent.service\n"
            },
            "multislice_node": false,
            "name": "vllm-tpu-v6e-8-bm-20",
            "network_config": [
              {
                "can_ip_forward": false,
                "enable_external_ips": true,
                "network": "projects/cloud-tpu-inference-test/global/networks/default",
                "queue_count": 0,
                "subnetwork": "projects/cloud-tpu-inference-test/regions/southamerica-west1/subnetworks/default"
              }
            ],
            "network_configs": [],
            "network_endpoints": [
              {
                "access_config": [
                  {
                    "external_ip": "34.176.200.135"
                  }
                ],
                "ip_address": "10.194.0.154",
                "port": 8470
              }
            ],
            "project": "cloud-tpu-inference-test",
            "queued_resource": "",
            "runtime_version": "v2-alpha-tpuv6e",
            "scheduling_config": [],
            "service_account": [
              {
                "email": "32478767326-compute@developer.gserviceaccount.com",
                "scope": [
                  "https://www.googleapis.com/auth/devstorage.read_write",
                  "https://www.googleapis.com/auth/logging.write",
                  "https://www.googleapis.com/auth/service.management",
                  "https://www.googleapis.com/auth/servicecontrol",
                  "https://www.googleapis.com/auth/cloud-platform",
                  "https://www.googleapis.com/auth/pubsub"
                ]
              }
            ],
            "shielded_instance_config": [],
            "state": "READY",
            "symptoms": [],
            "tags": null,
            "terraform_labels": {
              "goog-terraform-provisioned": "true"
            },
            "timeouts": null,
            "zone": "southamerica-west1-a"
          },
          "sensitive_attributes": [],
          "identity_schema_version": 0,
          "private": "eyJlMmJmYjczMC1lY2FhLTExZTYtOGY4OC0zNDM2M2JjN2M0YzAiOnsiY3JlYXRlIjoxMjAwMDAwMDAwMDAwLCJkZWxldGUiOjEyMDAwMDAwMDAwMDAsInVwZGF0ZSI6MTIwMDAwMDAwMDAwMH19",
          "dependencies": [
            "module.v6e-8.google_compute_disk.large_disk"
          ]
        },
        {
          "index_key": 21,
          "schema_version": 0,
          "attributes": {
            "accelerator_config": [
              {
                "topology": "2x4",
                "type": "V6E"
              }
            ],
            "accelerator_type": "v6e-8",
            "api_version": "V2_ALPHA1",
            "cidr_block": "10.194.0.0/20",
            "data_disks": [
              {
                "mode": "READ_WRITE",
                "source_disk": "projects/cloud-tpu-inference-test/zones/southamerica-west1-a/disks/tpu-bm-disk-v6e-8-southamerica-west1-a-21"
              }
            ],
            "description": "",
            "effective_labels": {
              "goog-terraform-provisioned": "true"
            },
            "health": "TIMEOUT",
            "health_description": "",
            "id": "projects/cloud-tpu-inference-test/locations/southamerica-west1-a/nodes/vllm-tpu-v6e-8-bm-21",
            "labels": null,
            "metadata": {
              "startup-script": "#!/bin/bash     \n\n# Set env vars system-wide\ngrep -q \"^GCP_PROJECT_ID=\" /etc/environment || echo \"GCP_PROJECT_ID=cloud-tpu-inference-test\" | sudo tee -a /etc/environment\ngrep -q \"^GCP_INSTANCE_ID=\" /etc/environment || echo \"GCP_INSTANCE_ID=vllm-bm-inst\" | sudo tee -a /etc/environment\ngrep -q \"^GCP_DATABASE_ID=\" /etc/environment || echo \"GCP_DATABASE_ID=vllm-bm-runs\" | sudo tee -a /etc/environment\ngrep -q \"^GCP_REGION=\" /etc/environment || echo \"GCP_REGION=southamerica-west1\" | sudo tee -a /etc/environment\ngrep -q \"^GCP_INSTANCE_NAME=\" /etc/environment || echo \"GCP_INSTANCE_NAME=vllm-tpu-v6e-8-bm-21\" | sudo tee -a /etc/environment\ngrep -q \"^GCS_BUCKET=\" /etc/environment || echo \"GCS_BUCKET=vllm-cb-storage2\" | sudo tee -a /etc/environment\ngrep -q \"^GCP_QUEUE=\" /etc/environment || echo \"GCP_QUEUE=vllm-bm-queue-v6e-8\" | sudo tee -a /etc/environment\nif ! grep -q \"^HF_TOKEN=\" /etc/environment; then\n  gcloud secrets versions access latest --secret=bm-agent-hf-token --quiet | \\\n  sudo tee -a /etc/environment \u003e /dev/null \u003c\u003c\u003c \"HF_TOKEN=$(cat)\"\nfi\n\napt-get update\napt-get install -y curl build-essential jq\n\ncurl -o- https://get.docker.com/ | bash -\n\ncurl --proto '=https' --tlsv1.2 -sSf https://sh.rustup.rs | sh -s -- -y\n/root/.cargo/bin/cargo install minijinja-cli\ncp /root/.cargo/bin/minijinja-cli /usr/bin/minijinja-cli\nchmod 777 /usr/bin/minijinja-cli\n\n# Mount persistent disk\n\nsudo mkdir -p /mnt/disks/persist\n\n# Format if not already formatted\nif ! blkid /dev/nvme0n2; then\n  echo \"Formatting /dev/nvme0n2 as ext4...\"\n  sudo mkfs.ext4 -m 0 -E lazy_itable_init=0,lazy_journal_init=0,discard /dev/nvme0n2\nfi\n\n# Add to /etc/fstab using UUID\ndisk_uuid=$(blkid -s UUID -o value /dev/nvme0n2)\nif ! grep -q \"/mnt/disks/persist\" /etc/fstab; then\n  echo \"UUID=$disk_uuid /mnt/disks/persist ext4 defaults,discard 0 2\" | sudo tee -a /etc/fstab\nfi\n\n# Only mount if not already mounted (first boot or recovery)\nif ! mountpoint -q /mnt/disks/persist; then\n  sudo mount /mnt/disks/persist  \nfi\n\njq \". + {\\\"data-root\\\": \\\"/mnt/disks/persist\\\"}\" /etc/docker/daemon.json \u003e /tmp/daemon.json.tmp \u0026\u0026 mv /tmp/daemon.json.tmp /etc/docker/daemon.json\nsystemctl stop docker\nsystemctl daemon-reload\nsystemctl start docker\n\nuseradd -m -s /bin/bash bm-agent\nsudo usermod -aG docker bm-agent\n\n# Run the commands below as bm-agent user:\nsudo -u bm-agent -i bash \u003c\u003c EOBM\ngcloud auth configure-docker southamerica-west1-docker.pkg.dev --quiet\nrm -rf bm-infra\ngit clone https://github.com/QiliangCui/bm-infra.git\npushd bm-infra\ngit pull\ngit reset --hard cb092f5880ea09f10d5be24ef6d0a4054c833ead\npopd\nEOBM\ncp /home/bm-agent/bm-infra/service/bm-agent/bm-agent.service /etc/systemd/system/bm-agent.service\nsystemctl stop bm-agent.service\nsystemctl daemon-reload\nsystemctl enable bm-agent.service\nsystemctl start bm-agent.service\n"
            },
            "multislice_node": false,
            "name": "vllm-tpu-v6e-8-bm-21",
            "network_config": [
              {
                "can_ip_forward": false,
                "enable_external_ips": true,
                "network": "projects/cloud-tpu-inference-test/global/networks/default",
                "queue_count": 0,
                "subnetwork": "projects/cloud-tpu-inference-test/regions/southamerica-west1/subnetworks/default"
              }
            ],
            "network_configs": [],
            "network_endpoints": [
              {
                "access_config": [
                  {
                    "external_ip": "34.176.212.69"
                  }
                ],
                "ip_address": "10.194.0.158",
                "port": 8470
              }
            ],
            "project": "cloud-tpu-inference-test",
            "queued_resource": "",
            "runtime_version": "v2-alpha-tpuv6e",
            "scheduling_config": [],
            "service_account": [
              {
                "email": "32478767326-compute@developer.gserviceaccount.com",
                "scope": [
                  "https://www.googleapis.com/auth/devstorage.read_write",
                  "https://www.googleapis.com/auth/logging.write",
                  "https://www.googleapis.com/auth/service.management",
                  "https://www.googleapis.com/auth/servicecontrol",
                  "https://www.googleapis.com/auth/cloud-platform",
                  "https://www.googleapis.com/auth/pubsub"
                ]
              }
            ],
            "shielded_instance_config": [],
            "state": "READY",
            "symptoms": [],
            "tags": null,
            "terraform_labels": {
              "goog-terraform-provisioned": "true"
            },
            "timeouts": null,
            "zone": "southamerica-west1-a"
          },
          "sensitive_attributes": [],
          "identity_schema_version": 0,
          "private": "eyJlMmJmYjczMC1lY2FhLTExZTYtOGY4OC0zNDM2M2JjN2M0YzAiOnsiY3JlYXRlIjoxMjAwMDAwMDAwMDAwLCJkZWxldGUiOjEyMDAwMDAwMDAwMDAsInVwZGF0ZSI6MTIwMDAwMDAwMDAwMH19",
          "dependencies": [
            "module.v6e-8.google_compute_disk.large_disk"
          ]
        },
        {
          "index_key": 22,
          "schema_version": 0,
          "attributes": {
            "accelerator_config": [
              {
                "topology": "2x4",
                "type": "V6E"
              }
            ],
            "accelerator_type": "v6e-8",
            "api_version": "V2_ALPHA1",
            "cidr_block": "10.194.0.0/20",
            "data_disks": [
              {
                "mode": "READ_WRITE",
                "source_disk": "projects/cloud-tpu-inference-test/zones/southamerica-west1-a/disks/tpu-bm-disk-v6e-8-southamerica-west1-a-22"
              }
            ],
            "description": "",
            "effective_labels": {
              "goog-terraform-provisioned": "true"
            },
            "health": "",
            "health_description": "",
            "id": "projects/cloud-tpu-inference-test/locations/southamerica-west1-a/nodes/vllm-tpu-v6e-8-bm-22",
            "labels": null,
            "metadata": {
              "startup-script": "#!/bin/bash     \n\n# Set env vars system-wide\ngrep -q \"^GCP_PROJECT_ID=\" /etc/environment || echo \"GCP_PROJECT_ID=cloud-tpu-inference-test\" | sudo tee -a /etc/environment\ngrep -q \"^GCP_INSTANCE_ID=\" /etc/environment || echo \"GCP_INSTANCE_ID=vllm-bm-inst\" | sudo tee -a /etc/environment\ngrep -q \"^GCP_DATABASE_ID=\" /etc/environment || echo \"GCP_DATABASE_ID=vllm-bm-runs\" | sudo tee -a /etc/environment\ngrep -q \"^GCP_REGION=\" /etc/environment || echo \"GCP_REGION=southamerica-west1\" | sudo tee -a /etc/environment\ngrep -q \"^GCP_INSTANCE_NAME=\" /etc/environment || echo \"GCP_INSTANCE_NAME=vllm-tpu-v6e-8-bm-22\" | sudo tee -a /etc/environment\ngrep -q \"^GCS_BUCKET=\" /etc/environment || echo \"GCS_BUCKET=vllm-cb-storage2\" | sudo tee -a /etc/environment\ngrep -q \"^GCP_QUEUE=\" /etc/environment || echo \"GCP_QUEUE=vllm-bm-queue-v6e-8\" | sudo tee -a /etc/environment\nif ! grep -q \"^HF_TOKEN=\" /etc/environment; then\n  gcloud secrets versions access latest --secret=bm-agent-hf-token --quiet | \\\n  sudo tee -a /etc/environment \u003e /dev/null \u003c\u003c\u003c \"HF_TOKEN=$(cat)\"\nfi\n\napt-get update\napt-get install -y curl build-essential jq\n\ncurl -o- https://get.docker.com/ | bash -\n\ncurl --proto '=https' --tlsv1.2 -sSf https://sh.rustup.rs | sh -s -- -y\n/root/.cargo/bin/cargo install minijinja-cli\ncp /root/.cargo/bin/minijinja-cli /usr/bin/minijinja-cli\nchmod 777 /usr/bin/minijinja-cli\n\n# Mount persistent disk\n\nsudo mkdir -p /mnt/disks/persist\n\n# Format if not already formatted\nif ! blkid /dev/nvme0n2; then\n  echo \"Formatting /dev/nvme0n2 as ext4...\"\n  sudo mkfs.ext4 -m 0 -E lazy_itable_init=0,lazy_journal_init=0,discard /dev/nvme0n2\nfi\n\n# Add to /etc/fstab using UUID\ndisk_uuid=$(blkid -s UUID -o value /dev/nvme0n2)\nif ! grep -q \"/mnt/disks/persist\" /etc/fstab; then\n  echo \"UUID=$disk_uuid /mnt/disks/persist ext4 defaults,discard 0 2\" | sudo tee -a /etc/fstab\nfi\n\n# Only mount if not already mounted (first boot or recovery)\nif ! mountpoint -q /mnt/disks/persist; then\n  sudo mount /mnt/disks/persist  \nfi\n\njq \". + {\\\"data-root\\\": \\\"/mnt/disks/persist\\\"}\" /etc/docker/daemon.json \u003e /tmp/daemon.json.tmp \u0026\u0026 mv /tmp/daemon.json.tmp /etc/docker/daemon.json\nsystemctl stop docker\nsystemctl daemon-reload\nsystemctl start docker\n\nuseradd -m -s /bin/bash bm-agent\nsudo usermod -aG docker bm-agent\n\n# Run the commands below as bm-agent user:\nsudo -u bm-agent -i bash \u003c\u003c EOBM\ngcloud auth configure-docker southamerica-west1-docker.pkg.dev --quiet\nrm -rf bm-infra\ngit clone https://github.com/QiliangCui/bm-infra.git\npushd bm-infra\ngit pull\ngit reset --hard cb092f5880ea09f10d5be24ef6d0a4054c833ead\npopd\nEOBM\ncp /home/bm-agent/bm-infra/service/bm-agent/bm-agent.service /etc/systemd/system/bm-agent.service\nsystemctl stop bm-agent.service\nsystemctl daemon-reload\nsystemctl enable bm-agent.service\nsystemctl start bm-agent.service\n"
            },
            "multislice_node": false,
            "name": "vllm-tpu-v6e-8-bm-22",
            "network_config": [
              {
                "can_ip_forward": false,
                "enable_external_ips": true,
                "network": "projects/cloud-tpu-inference-test/global/networks/default",
                "queue_count": 0,
                "subnetwork": "projects/cloud-tpu-inference-test/regions/southamerica-west1/subnetworks/default"
              }
            ],
            "network_configs": [],
            "network_endpoints": [
              {
                "access_config": [
                  {
                    "external_ip": "34.176.12.239"
                  }
                ],
                "ip_address": "10.194.0.153",
                "port": 8470
              }
            ],
            "project": "cloud-tpu-inference-test",
            "queued_resource": "",
            "runtime_version": "v2-alpha-tpuv6e",
            "scheduling_config": [],
            "service_account": [
              {
                "email": "32478767326-compute@developer.gserviceaccount.com",
                "scope": [
                  "https://www.googleapis.com/auth/devstorage.read_write",
                  "https://www.googleapis.com/auth/logging.write",
                  "https://www.googleapis.com/auth/service.management",
                  "https://www.googleapis.com/auth/servicecontrol",
                  "https://www.googleapis.com/auth/cloud-platform",
                  "https://www.googleapis.com/auth/pubsub"
                ]
              }
            ],
            "shielded_instance_config": [],
            "state": "READY",
            "symptoms": [],
            "tags": null,
            "terraform_labels": {
              "goog-terraform-provisioned": "true"
            },
            "timeouts": null,
            "zone": "southamerica-west1-a"
          },
          "sensitive_attributes": [],
          "identity_schema_version": 0,
          "private": "eyJlMmJmYjczMC1lY2FhLTExZTYtOGY4OC0zNDM2M2JjN2M0YzAiOnsiY3JlYXRlIjoxMjAwMDAwMDAwMDAwLCJkZWxldGUiOjEyMDAwMDAwMDAwMDAsInVwZGF0ZSI6MTIwMDAwMDAwMDAwMH19",
          "dependencies": [
            "module.v6e-8.google_compute_disk.large_disk"
          ]
        },
        {
          "index_key": 23,
          "schema_version": 0,
          "attributes": {
            "accelerator_config": [
              {
                "topology": "2x4",
                "type": "V6E"
              }
            ],
            "accelerator_type": "v6e-8",
            "api_version": "V2_ALPHA1",
            "cidr_block": "10.194.0.0/20",
            "data_disks": [
              {
                "mode": "READ_WRITE",
                "source_disk": "projects/cloud-tpu-inference-test/zones/southamerica-west1-a/disks/tpu-bm-disk-v6e-8-southamerica-west1-a-23"
              }
            ],
            "description": "",
            "effective_labels": {
              "goog-terraform-provisioned": "true"
            },
            "health": "",
            "health_description": "",
            "id": "projects/cloud-tpu-inference-test/locations/southamerica-west1-a/nodes/vllm-tpu-v6e-8-bm-23",
            "labels": null,
            "metadata": {
              "startup-script": "#!/bin/bash     \n\n# Set env vars system-wide\ngrep -q \"^GCP_PROJECT_ID=\" /etc/environment || echo \"GCP_PROJECT_ID=cloud-tpu-inference-test\" | sudo tee -a /etc/environment\ngrep -q \"^GCP_INSTANCE_ID=\" /etc/environment || echo \"GCP_INSTANCE_ID=vllm-bm-inst\" | sudo tee -a /etc/environment\ngrep -q \"^GCP_DATABASE_ID=\" /etc/environment || echo \"GCP_DATABASE_ID=vllm-bm-runs\" | sudo tee -a /etc/environment\ngrep -q \"^GCP_REGION=\" /etc/environment || echo \"GCP_REGION=southamerica-west1\" | sudo tee -a /etc/environment\ngrep -q \"^GCP_INSTANCE_NAME=\" /etc/environment || echo \"GCP_INSTANCE_NAME=vllm-tpu-v6e-8-bm-23\" | sudo tee -a /etc/environment\ngrep -q \"^GCS_BUCKET=\" /etc/environment || echo \"GCS_BUCKET=vllm-cb-storage2\" | sudo tee -a /etc/environment\ngrep -q \"^GCP_QUEUE=\" /etc/environment || echo \"GCP_QUEUE=vllm-bm-queue-v6e-8\" | sudo tee -a /etc/environment\nif ! grep -q \"^HF_TOKEN=\" /etc/environment; then\n  gcloud secrets versions access latest --secret=bm-agent-hf-token --quiet | \\\n  sudo tee -a /etc/environment \u003e /dev/null \u003c\u003c\u003c \"HF_TOKEN=$(cat)\"\nfi\n\napt-get update\napt-get install -y curl build-essential jq\n\ncurl -o- https://get.docker.com/ | bash -\n\ncurl --proto '=https' --tlsv1.2 -sSf https://sh.rustup.rs | sh -s -- -y\n/root/.cargo/bin/cargo install minijinja-cli\ncp /root/.cargo/bin/minijinja-cli /usr/bin/minijinja-cli\nchmod 777 /usr/bin/minijinja-cli\n\n# Mount persistent disk\n\nsudo mkdir -p /mnt/disks/persist\n\n# Format if not already formatted\nif ! blkid /dev/nvme0n2; then\n  echo \"Formatting /dev/nvme0n2 as ext4...\"\n  sudo mkfs.ext4 -m 0 -E lazy_itable_init=0,lazy_journal_init=0,discard /dev/nvme0n2\nfi\n\n# Add to /etc/fstab using UUID\ndisk_uuid=$(blkid -s UUID -o value /dev/nvme0n2)\nif ! grep -q \"/mnt/disks/persist\" /etc/fstab; then\n  echo \"UUID=$disk_uuid /mnt/disks/persist ext4 defaults,discard 0 2\" | sudo tee -a /etc/fstab\nfi\n\n# Only mount if not already mounted (first boot or recovery)\nif ! mountpoint -q /mnt/disks/persist; then\n  sudo mount /mnt/disks/persist  \nfi\n\njq \". + {\\\"data-root\\\": \\\"/mnt/disks/persist\\\"}\" /etc/docker/daemon.json \u003e /tmp/daemon.json.tmp \u0026\u0026 mv /tmp/daemon.json.tmp /etc/docker/daemon.json\nsystemctl stop docker\nsystemctl daemon-reload\nsystemctl start docker\n\nuseradd -m -s /bin/bash bm-agent\nsudo usermod -aG docker bm-agent\n\n# Run the commands below as bm-agent user:\nsudo -u bm-agent -i bash \u003c\u003c EOBM\ngcloud auth configure-docker southamerica-west1-docker.pkg.dev --quiet\nrm -rf bm-infra\ngit clone https://github.com/QiliangCui/bm-infra.git\npushd bm-infra\ngit pull\ngit reset --hard cb092f5880ea09f10d5be24ef6d0a4054c833ead\npopd\nEOBM\ncp /home/bm-agent/bm-infra/service/bm-agent/bm-agent.service /etc/systemd/system/bm-agent.service\nsystemctl stop bm-agent.service\nsystemctl daemon-reload\nsystemctl enable bm-agent.service\nsystemctl start bm-agent.service\n"
            },
            "multislice_node": false,
            "name": "vllm-tpu-v6e-8-bm-23",
            "network_config": [
              {
                "can_ip_forward": false,
                "enable_external_ips": true,
                "network": "projects/cloud-tpu-inference-test/global/networks/default",
                "queue_count": 0,
                "subnetwork": "projects/cloud-tpu-inference-test/regions/southamerica-west1/subnetworks/default"
              }
            ],
            "network_configs": [],
            "network_endpoints": [
              {
                "access_config": [
                  {
                    "external_ip": "34.176.106.237"
                  }
                ],
                "ip_address": "10.194.0.156",
                "port": 8470
              }
            ],
            "project": "cloud-tpu-inference-test",
            "queued_resource": "",
            "runtime_version": "v2-alpha-tpuv6e",
            "scheduling_config": [],
            "service_account": [
              {
                "email": "32478767326-compute@developer.gserviceaccount.com",
                "scope": [
                  "https://www.googleapis.com/auth/devstorage.read_write",
                  "https://www.googleapis.com/auth/logging.write",
                  "https://www.googleapis.com/auth/service.management",
                  "https://www.googleapis.com/auth/servicecontrol",
                  "https://www.googleapis.com/auth/cloud-platform",
                  "https://www.googleapis.com/auth/pubsub"
                ]
              }
            ],
            "shielded_instance_config": [],
            "state": "READY",
            "symptoms": [],
            "tags": null,
            "terraform_labels": {
              "goog-terraform-provisioned": "true"
            },
            "timeouts": null,
            "zone": "southamerica-west1-a"
          },
          "sensitive_attributes": [],
          "identity_schema_version": 0,
          "private": "eyJlMmJmYjczMC1lY2FhLTExZTYtOGY4OC0zNDM2M2JjN2M0YzAiOnsiY3JlYXRlIjoxMjAwMDAwMDAwMDAwLCJkZWxldGUiOjEyMDAwMDAwMDAwMDAsInVwZGF0ZSI6MTIwMDAwMDAwMDAwMH19",
          "dependencies": [
            "module.v6e-8.google_compute_disk.large_disk"
          ]
        }
      ]
    },
    {
      "module": "module.v6e-8-queue",
      "mode": "managed",
      "type": "google_pubsub_subscription",
      "name": "agent_subscription",
      "provider": "provider[\"registry.terraform.io/hashicorp/google\"]",
      "instances": [
        {
          "schema_version": 0,
          "attributes": {
            "ack_deadline_seconds": 600,
            "bigquery_config": [],
            "cloud_storage_config": [],
            "dead_letter_policy": [],
            "effective_labels": {
              "goog-terraform-provisioned": "true"
            },
            "enable_exactly_once_delivery": false,
            "enable_message_ordering": false,
            "expiration_policy": [
              {
                "ttl": "2678400s"
              }
            ],
            "filter": "",
            "id": "projects/cloud-tpu-inference-test/subscriptions/vllm-bm-queue-v6e-8-agent",
            "labels": {},
            "message_retention_duration": "604800s",
            "message_transforms": [],
            "name": "vllm-bm-queue-v6e-8-agent",
            "project": "cloud-tpu-inference-test",
            "push_config": [],
            "retain_acked_messages": false,
            "retry_policy": [],
            "terraform_labels": {
              "goog-terraform-provisioned": "true"
            },
            "timeouts": null,
            "topic": "projects/cloud-tpu-inference-test/topics/vllm-bm-queue-v6e-8"
          },
          "sensitive_attributes": [],
          "identity_schema_version": 0,
          "private": "eyJlMmJmYjczMC1lY2FhLTExZTYtOGY4OC0zNDM2M2JjN2M0YzAiOnsiY3JlYXRlIjoxMjAwMDAwMDAwMDAwLCJkZWxldGUiOjEyMDAwMDAwMDAwMDAsInVwZGF0ZSI6MTIwMDAwMDAwMDAwMH19",
          "dependencies": [
            "module.v6e-8-queue.google_pubsub_topic.queue"
          ]
        }
      ]
    },
    {
      "module": "module.v6e-8-queue",
      "mode": "managed",
      "type": "google_pubsub_topic",
      "name": "queue",
      "provider": "provider[\"registry.terraform.io/hashicorp/google\"]",
      "instances": [
        {
          "schema_version": 0,
          "attributes": {
            "effective_labels": {
              "goog-terraform-provisioned": "true"
            },
            "id": "projects/cloud-tpu-inference-test/topics/vllm-bm-queue-v6e-8",
            "ingestion_data_source_settings": [],
            "kms_key_name": "",
            "labels": {},
            "message_retention_duration": "",
            "message_storage_policy": [
              {
                "allowed_persistence_regions": [
                  "asia-east1",
                  "asia-northeast1",
                  "asia-southeast1",
                  "australia-southeast1",
                  "europe-north1",
                  "europe-north2",
                  "europe-west1",
                  "europe-west2",
                  "europe-west3",
                  "europe-west4",
                  "southamerica-west1",
                  "us-central1",
                  "us-central2",
                  "us-east1",
                  "us-east4",
                  "us-east5",
                  "us-east7",
                  "us-south1",
                  "us-west1",
                  "us-west2",
                  "us-west3",
                  "us-west4",
                  "us-west8"
                ],
                "enforce_in_transit": false
              }
            ],
            "message_transforms": [],
            "name": "vllm-bm-queue-v6e-8",
            "project": "cloud-tpu-inference-test",
            "schema_settings": [],
            "terraform_labels": {
              "goog-terraform-provisioned": "true"
            },
            "timeouts": null
          },
          "sensitive_attributes": [],
          "identity_schema_version": 0,
          "private": "eyJlMmJmYjczMC1lY2FhLTExZTYtOGY4OC0zNDM2M2JjN2M0YzAiOnsiY3JlYXRlIjoxMjAwMDAwMDAwMDAwLCJkZWxldGUiOjEyMDAwMDAwMDAwMDAsInVwZGF0ZSI6MTIwMDAwMDAwMDAwMH19"
        }
      ]
    }
  ],
  "check_results": null
}
